
Microsoft Visual Studio Solution File, Format Version 12.00
# Visual Studio 2013
VisualStudioVersion = 12.0.40629.0
MinimumVisualStudioVersion = 10.0.40219.1
Project("{8BC9CEB8-8B4A-11D0-8D11-00A0C91BC942}") = "RLSimion-Lib", "RLSimion-Lib\RL-Lib.vcxproj", "{A97CFEAC-DBE2-433C-9454-6D1D2749C591}"
	ProjectSection(ProjectDependencies) = postProject
		{E19A21A4-12E4-4BE4-9DAB-B56B609E5BC4} = {E19A21A4-12E4-4BE4-9DAB-B56B609E5BC4}
		{D1C528B6-AA02-4D29-9D61-DC08E317A70D} = {D1C528B6-AA02-4D29-9D61-DC08E317A70D}
	EndProjectSection
EndProject
Project("{FAE04EC0-301F-11D3-BF4B-00C04F79EFBC}") = "AppXML", "AppXML\AppXML.csproj", "{575C1FF1-8401-4EC8-8E58-4A09D2659DED}"
EndProject
Project("{2150E333-8FDC-42A3-9474-1A3956D46DE8}") = "tools", "tools", "{78D64C99-9407-468F-9581-D5C97CBDF7C7}"
EndProject
Project("{2150E333-8FDC-42A3-9474-1A3956D46DE8}") = "apps", "apps", "{CB0ECC70-93E7-4CF4-9036-A7280F5FDD84}"
EndProject
Project("{2150E333-8FDC-42A3-9474-1A3956D46DE8}") = "3rd-party", "3rd-party", "{099CD7F1-5991-4071-BE1E-9CA7EA840AA1}"
EndProject
Project("{8BC9CEB8-8B4A-11D0-8D11-00A0C91BC942}") = "tinyxml2", "tinyxml2\tinyxml2\tinyxml2.vcxproj", "{D1C528B6-AA02-4D29-9D61-DC08E317A70D}"
EndProject
Project("{8BC9CEB8-8B4A-11D0-8D11-00A0C91BC942}") = "CompareControllerAndActor", "CompareControllerAndActor\CompareControllerAndActor.vcxproj", "{DBBAF6F2-F646-46E0-8976-32B10728A2B6}"
EndProject
Project("{8BC9CEB8-8B4A-11D0-8D11-00A0C91BC942}") = "ControllerToVFAPolicy", "ControllerToAC\ControllerToAC.vcxproj", "{C02FD0DA-4C15-4C93-833A-A4A107EAA37E}"
EndProject
Project("{8BC9CEB8-8B4A-11D0-8D11-00A0C91BC942}") = "RLSimion", "RLSimion\RLSimion-Lib.vcxproj", "{55258748-663F-49F6-A6B8-125D6D80A444}"
	ProjectSection(ProjectDependencies) = postProject
		{A97CFEAC-DBE2-433C-9454-6D1D2749C591} = {A97CFEAC-DBE2-433C-9454-6D1D2749C591}
		{D1C528B6-AA02-4D29-9D61-DC08E317A70D} = {D1C528B6-AA02-4D29-9D61-DC08E317A70D}
	EndProjectSection
EndProject
Project("{FAE04EC0-301F-11D3-BF4B-00C04F79EFBC}") = "CustomXMLBuilder", "CustomXMLBuilder\CustomXMLBuilder.csproj", "{E19A21A4-12E4-4BE4-9DAB-B56B609E5BC4}"
EndProject
Global
	GlobalSection(SolutionConfigurationPlatforms) = preSolution
		Debug|Any CPU = Debug|Any CPU
		Debug|Mixed Platforms = Debug|Mixed Platforms
		Debug|Win32 = Debug|Win32
		Debug|x64 = Debug|x64
		Debug|x86 = Debug|x86
		Debug-Dll|Any CPU = Debug-Dll|Any CPU
		Debug-Dll|Mixed Platforms = Debug-Dll|Mixed Platforms
		Debug-Dll|Win32 = Debug-Dll|Win32
		Debug-Dll|x64 = Debug-Dll|x64
		Debug-Dll|x86 = Debug-Dll|x86
		Debug-Lib|Any CPU = Debug-Lib|Any CPU
		Debug-Lib|Mixed Platforms = Debug-Lib|Mixed Platforms
		Debug-Lib|Win32 = Debug-Lib|Win32
		Debug-Lib|x64 = Debug-Lib|x64
		Debug-Lib|x86 = Debug-Lib|x86
		Release|Any CPU = Release|Any CPU
		Release|Mixed Platforms = Release|Mixed Platforms
		Release|Win32 = Release|Win32
		Release|x64 = Release|x64
		Release|x86 = Release|x86
		Release-Dll|Any CPU = Release-Dll|Any CPU
		Release-Dll|Mixed Platforms = Release-Dll|Mixed Platforms
		Release-Dll|Win32 = Release-Dll|Win32
		Release-Dll|x64 = Release-Dll|x64
		Release-Dll|x86 = Release-Dll|x86
		Release-Lib|Any CPU = Release-Lib|Any CPU
		Release-Lib|Mixed Platforms = Release-Lib|Mixed Platforms
		Release-Lib|Win32 = Release-Lib|Win32
		Release-Lib|x64 = Release-Lib|x64
		Release-Lib|x86 = Release-Lib|x86
	EndGlobalSection
	GlobalSection(ProjectConfigurationPlatforms) = postSolution
		{A97CFEAC-DBE2-433C-9454-6D1D2749C591}.Debug|Any CPU.ActiveCfg = Debug|Win32
		{A97CFEAC-DBE2-433C-9454-6D1D2749C591}.Debug|Mixed Platforms.ActiveCfg = Debug|Win32
		{A97CFEAC-DBE2-433C-9454-6D1D2749C591}.Debug|Mixed Platforms.Build.0 = Debug|Win32
		{A97CFEAC-DBE2-433C-9454-6D1D2749C591}.Debug|Win32.ActiveCfg = Debug|Win32
		{A97CFEAC-DBE2-433C-9454-6D1D2749C591}.Debug|Win32.Build.0 = Debug|Win32
		{A97CFEAC-DBE2-433C-9454-6D1D2749C591}.Debug|x64.ActiveCfg = Debug|Win32
		{A97CFEAC-DBE2-433C-9454-6D1D2749C591}.Debug|x86.ActiveCfg = Debug|Win32
		{A97CFEAC-DBE2-433C-9454-6D1D2749C591}.Debug|x86.Build.0 = Debug|Win32
		{A97CFEAC-DBE2-433C-9454-6D1D2749C591}.Debug-Dll|Any CPU.ActiveCfg = Debug|Win32
		{A97CFEAC-DBE2-433C-9454-6D1D2749C591}.Debug-Dll|Mixed Platforms.ActiveCfg = Debug|Win32
		{A97CFEAC-DBE2-433C-9454-6D1D2749C591}.Debug-Dll|Mixed Platforms.Build.0 = Debug|Win32
		{A97CFEAC-DBE2-433C-9454-6D1D2749C591}.Debug-Dll|Win32.ActiveCfg = Debug|Win32
		{A97CFEAC-DBE2-433C-9454-6D1D2749C591}.Debug-Dll|Win32.Build.0 = Debug|Win32
		{A97CFEAC-DBE2-433C-9454-6D1D2749C591}.Debug-Dll|x64.ActiveCfg = Debug|Win32
		{A97CFEAC-DBE2-433C-9454-6D1D2749C591}.Debug-Dll|x86.ActiveCfg = Debug|Win32
		{A97CFEAC-DBE2-433C-9454-6D1D2749C591}.Debug-Dll|x86.Build.0 = Debug|Win32
		{A97CFEAC-DBE2-433C-9454-6D1D2749C591}.Debug-Lib|Any CPU.ActiveCfg = Debug|Win32
		{A97CFEAC-DBE2-433C-9454-6D1D2749C591}.Debug-Lib|Mixed Platforms.ActiveCfg = Debug|Win32
		{A97CFEAC-DBE2-433C-9454-6D1D2749C591}.Debug-Lib|Mixed Platforms.Build.0 = Debug|Win32
		{A97CFEAC-DBE2-433C-9454-6D1D2749C591}.Debug-Lib|Win32.ActiveCfg = Debug|Win32
		{A97CFEAC-DBE2-433C-9454-6D1D2749C591}.Debug-Lib|Win32.Build.0 = Debug|Win32
		{A97CFEAC-DBE2-433C-9454-6D1D2749C591}.Debug-Lib|x64.ActiveCfg = Debug|Win32
		{A97CFEAC-DBE2-433C-9454-6D1D2749C591}.Debug-Lib|x86.ActiveCfg = Debug|Win32
		{A97CFEAC-DBE2-433C-9454-6D1D2749C591}.Debug-Lib|x86.Build.0 = Debug|Win32
		{A97CFEAC-DBE2-433C-9454-6D1D2749C591}.Release|Any CPU.ActiveCfg = Release|Win32
		{A97CFEAC-DBE2-433C-9454-6D1D2749C591}.Release|Mixed Platforms.ActiveCfg = Release|Win32
		{A97CFEAC-DBE2-433C-9454-6D1D2749C591}.Release|Mixed Platforms.Build.0 = Release|Win32
		{A97CFEAC-DBE2-433C-9454-6D1D2749C591}.Release|Win32.ActiveCfg = Release|Win32
		{A97CFEAC-DBE2-433C-9454-6D1D2749C591}.Release|Win32.Build.0 = Release|Win32
		{A97CFEAC-DBE2-433C-9454-6D1D2749C591}.Release|x64.ActiveCfg = Release|Win32
		{A97CFEAC-DBE2-433C-9454-6D1D2749C591}.Release|x86.ActiveCfg = Release|Win32
		{A97CFEAC-DBE2-433C-9454-6D1D2749C591}.Release|x86.Build.0 = Release|Win32
		{A97CFEAC-DBE2-433C-9454-6D1D2749C591}.Release-Dll|Any CPU.ActiveCfg = Release|Win32
		{A97CFEAC-DBE2-433C-9454-6D1D2749C591}.Release-Dll|Mixed Platforms.ActiveCfg = Release|Win32
		{A97CFEAC-DBE2-433C-9454-6D1D2749C591}.Release-Dll|Mixed Platforms.Build.0 = Release|Win32
		{A97CFEAC-DBE2-433C-9454-6D1D2749C591}.Release-Dll|Win32.ActiveCfg = Release|Win32
		{A97CFEAC-DBE2-433C-9454-6D1D2749C591}.Release-Dll|Win32.Build.0 = Release|Win32
		{A97CFEAC-DBE2-433C-9454-6D1D2749C591}.Release-Dll|x64.ActiveCfg = Release|Win32
		{A97CFEAC-DBE2-433C-9454-6D1D2749C591}.Release-Dll|x86.ActiveCfg = Release|Win32
		{A97CFEAC-DBE2-433C-9454-6D1D2749C591}.Release-Dll|x86.Build.0 = Release|Win32
		{A97CFEAC-DBE2-433C-9454-6D1D2749C591}.Release-Lib|Any CPU.ActiveCfg = Release|Win32
		{A97CFEAC-DBE2-433C-9454-6D1D2749C591}.Release-Lib|Mixed Platforms.ActiveCfg = Release|Win32
		{A97CFEAC-DBE2-433C-9454-6D1D2749C591}.Release-Lib|Mixed Platforms.Build.0 = Release|Win32
		{A97CFEAC-DBE2-433C-9454-6D1D2749C591}.Release-Lib|Win32.ActiveCfg = Release|Win32
		{A97CFEAC-DBE2-433C-9454-6D1D2749C591}.Release-Lib|Win32.Build.0 = Release|Win32
		{A97CFEAC-DBE2-433C-9454-6D1D2749C591}.Release-Lib|x64.ActiveCfg = Release|Win32
		{A97CFEAC-DBE2-433C-9454-6D1D2749C591}.Release-Lib|x86.ActiveCfg = Release|Win32
		{A97CFEAC-DBE2-433C-9454-6D1D2749C591}.Release-Lib|x86.Build.0 = Release|Win32
		{575C1FF1-8401-4EC8-8E58-4A09D2659DED}.Debug|Any CPU.ActiveCfg = Debug|Any CPU
		{575C1FF1-8401-4EC8-8E58-4A09D2659DED}.Debug|Any CPU.Build.0 = Debug|Any CPU
		{575C1FF1-8401-4EC8-8E58-4A09D2659DED}.Debug|Mixed Platforms.ActiveCfg = Debug|Any CPU
		{575C1FF1-8401-4EC8-8E58-4A09D2659DED}.Debug|Mixed Platforms.Build.0 = Debug|Any CPU
		{575C1FF1-8401-4EC8-8E58-4A09D2659DED}.Debug|Win32.ActiveCfg = Debug|Any CPU
		{575C1FF1-8401-4EC8-8E58-4A09D2659DED}.Debug|Win32.Build.0 = Debug|Any CPU
		{575C1FF1-8401-4EC8-8E58-4A09D2659DED}.Debug|x64.ActiveCfg = Debug|Any CPU
		{575C1FF1-8401-4EC8-8E58-4A09D2659DED}.Debug|x86.ActiveCfg = Debug|Any CPU
		{575C1FF1-8401-4EC8-8E58-4A09D2659DED}.Debug-Dll|Any CPU.ActiveCfg = Debug|Any CPU
		{575C1FF1-8401-4EC8-8E58-4A09D2659DED}.Debug-Dll|Any CPU.Build.0 = Debug|Any CPU
		{575C1FF1-8401-4EC8-8E58-4A09D2659DED}.Debug-Dll|Mixed Platforms.ActiveCfg = Debug|Any CPU
		{575C1FF1-8401-4EC8-8E58-4A09D2659DED}.Debug-Dll|Mixed Platforms.Build.0 = Debug|Any CPU
		{575C1FF1-8401-4EC8-8E58-4A09D2659DED}.Debug-Dll|Win32.ActiveCfg = Debug|Any CPU
		{575C1FF1-8401-4EC8-8E58-4A09D2659DED}.Debug-Dll|x64.ActiveCfg = Debug|Any CPU
		{575C1FF1-8401-4EC8-8E58-4A09D2659DED}.Debug-Dll|x86.ActiveCfg = Debug|Any CPU
		{575C1FF1-8401-4EC8-8E58-4A09D2659DED}.Debug-Lib|Any CPU.ActiveCfg = Debug|Any CPU
		{575C1FF1-8401-4EC8-8E58-4A09D2659DED}.Debug-Lib|Any CPU.Build.0 = Debug|Any CPU
		{575C1FF1-8401-4EC8-8E58-4A09D2659DED}.Debug-Lib|Mixed Platforms.ActiveCfg = Debug|Any CPU
		{575C1FF1-8401-4EC8-8E58-4A09D2659DED}.Debug-Lib|Mixed Platforms.Build.0 = Debug|Any CPU
		{575C1FF1-8401-4EC8-8E58-4A09D2659DED}.Debug-Lib|Win32.ActiveCfg = Debug|Any CPU
		{575C1FF1-8401-4EC8-8E58-4A09D2659DED}.Debug-Lib|x64.ActiveCfg = Debug|Any CPU
		{575C1FF1-8401-4EC8-8E58-4A09D2659DED}.Debug-Lib|x86.ActiveCfg = Debug|Any CPU
		{575C1FF1-8401-4EC8-8E58-4A09D2659DED}.Release|Any CPU.ActiveCfg = Release|Any CPU
		{575C1FF1-8401-4EC8-8E58-4A09D2659DED}.Release|Any CPU.Build.0 = Release|Any CPU
		{575C1FF1-8401-4EC8-8E58-4A09D2659DED}.Release|Mixed Platforms.ActiveCfg = Release|Any CPU
		{575C1FF1-8401-4EC8-8E58-4A09D2659DED}.Release|Mixed Platforms.Build.0 = Release|Any CPU
		{575C1FF1-8401-4EC8-8E58-4A09D2659DED}.Release|Win32.ActiveCfg = Release|Any CPU
		{575C1FF1-8401-4EC8-8E58-4A09D2659DED}.Release|x64.ActiveCfg = Release|Any CPU
		{575C1FF1-8401-4EC8-8E58-4A09D2659DED}.Release|x86.ActiveCfg = Release|Any CPU
		{575C1FF1-8401-4EC8-8E58-4A09D2659DED}.Release-Dll|Any CPU.ActiveCfg = Release|Any CPU
		{575C1FF1-8401-4EC8-8E58-4A09D2659DED}.Release-Dll|Any CPU.Build.0 = Release|Any CPU
		{575C1FF1-8401-4EC8-8E58-4A09D2659DED}.Release-Dll|Mixed Platforms.ActiveCfg = Release|Any CPU
		{575C1FF1-8401-4EC8-8E58-4A09D2659DED}.Release-Dll|Mixed Platforms.Build.0 = Release|Any CPU
		{575C1FF1-8401-4EC8-8E58-4A09D2659DED}.Release-Dll|Win32.ActiveCfg = Release|Any CPU
		{575C1FF1-8401-4EC8-8E58-4A09D2659DED}.Release-Dll|x64.ActiveCfg = Release|Any CPU
		{575C1FF1-8401-4EC8-8E58-4A09D2659DED}.Release-Dll|x86.ActiveCfg = Release|Any CPU
		{575C1FF1-8401-4EC8-8E58-4A09D2659DED}.Release-Lib|Any CPU.ActiveCfg = Release|Any CPU
		{575C1FF1-8401-4EC8-8E58-4A09D2659DED}.Release-Lib|Any CPU.Build.0 = Release|Any CPU
		{575C1FF1-8401-4EC8-8E58-4A09D2659DED}.Release-Lib|Mixed Platforms.ActiveCfg = Release|Any CPU
		{575C1FF1-8401-4EC8-8E58-4A09D2659DED}.Release-Lib|Mixed Platforms.Build.0 = Release|Any CPU
		{575C1FF1-8401-4EC8-8E58-4A09D2659DED}.Release-Lib|Win32.ActiveCfg = Release|Any CPU
		{575C1FF1-8401-4EC8-8E58-4A09D2659DED}.Release-Lib|x64.ActiveCfg = Release|Any CPU
		{575C1FF1-8401-4EC8-8E58-4A09D2659DED}.Release-Lib|x86.ActiveCfg = Release|Any CPU
		{D1C528B6-AA02-4D29-9D61-DC08E317A70D}.Debug|Any CPU.ActiveCfg = Debug|Win32
		{D1C528B6-AA02-4D29-9D61-DC08E317A70D}.Debug|Mixed Platforms.ActiveCfg = Debug|Win32
		{D1C528B6-AA02-4D29-9D61-DC08E317A70D}.Debug|Mixed Platforms.Build.0 = Debug|Win32
		{D1C528B6-AA02-4D29-9D61-DC08E317A70D}.Debug|Win32.ActiveCfg = Debug|Win32
		{D1C528B6-AA02-4D29-9D61-DC08E317A70D}.Debug|Win32.Build.0 = Debug|Win32
		{D1C528B6-AA02-4D29-9D61-DC08E317A70D}.Debug|x64.ActiveCfg = Debug|x64
		{D1C528B6-AA02-4D29-9D61-DC08E317A70D}.Debug|x64.Build.0 = Debug|x64
		{D1C528B6-AA02-4D29-9D61-DC08E317A70D}.Debug|x86.ActiveCfg = Debug|Win32
		{D1C528B6-AA02-4D29-9D61-DC08E317A70D}.Debug|x86.Build.0 = Debug|Win32
		{D1C528B6-AA02-4D29-9D61-DC08E317A70D}.Debug-Dll|Any CPU.ActiveCfg = Debug|Win32
		{D1C528B6-AA02-4D29-9D61-DC08E317A70D}.Debug-Dll|Mixed Platforms.ActiveCfg = Debug|Win32
		{D1C528B6-AA02-4D29-9D61-DC08E317A70D}.Debug-Dll|Mixed Platforms.Build.0 = Debug|Win32
		{D1C528B6-AA02-4D29-9D61-DC08E317A70D}.Debug-Dll|Win32.ActiveCfg = Debug|Win32
		{D1C528B6-AA02-4D29-9D61-DC08E317A70D}.Debug-Dll|Win32.Build.0 = Debug|Win32
		{D1C528B6-AA02-4D29-9D61-DC08E317A70D}.Debug-Dll|x64.ActiveCfg = Debug|x64
		{D1C528B6-AA02-4D29-9D61-DC08E317A70D}.Debug-Dll|x64.Build.0 = Debug|x64
		{D1C528B6-AA02-4D29-9D61-DC08E317A70D}.Debug-Dll|x86.ActiveCfg = Debug|Win32
		{D1C528B6-AA02-4D29-9D61-DC08E317A70D}.Debug-Dll|x86.Build.0 = Debug|Win32
		{D1C528B6-AA02-4D29-9D61-DC08E317A70D}.Debug-Lib|Any CPU.ActiveCfg = Debug|Win32
		{D1C528B6-AA02-4D29-9D61-DC08E317A70D}.Debug-Lib|Mixed Platforms.ActiveCfg = Debug|Win32
		{D1C528B6-AA02-4D29-9D61-DC08E317A70D}.Debug-Lib|Mixed Platforms.Build.0 = Debug|Win32
		{D1C528B6-AA02-4D29-9D61-DC08E317A70D}.Debug-Lib|Win32.ActiveCfg = Debug|Win32
		{D1C528B6-AA02-4D29-9D61-DC08E317A70D}.Debug-Lib|Win32.Build.0 = Debug|Win32
		{D1C528B6-AA02-4D29-9D61-DC08E317A70D}.Debug-Lib|x64.ActiveCfg = Debug|x64
		{D1C528B6-AA02-4D29-9D61-DC08E317A70D}.Debug-Lib|x64.Build.0 = Debug|x64
		{D1C528B6-AA02-4D29-9D61-DC08E317A70D}.Debug-Lib|x86.ActiveCfg = Debug|Win32
		{D1C528B6-AA02-4D29-9D61-DC08E317A70D}.Debug-Lib|x86.Build.0 = Debug|Win32
		{D1C528B6-AA02-4D29-9D61-DC08E317A70D}.Release|Any CPU.ActiveCfg = Release|Win32
		{D1C528B6-AA02-4D29-9D61-DC08E317A70D}.Release|Mixed Platforms.ActiveCfg = Release|Win32
		{D1C528B6-AA02-4D29-9D61-DC08E317A70D}.Release|Mixed Platforms.Build.0 = Release|Win32
		{D1C528B6-AA02-4D29-9D61-DC08E317A70D}.Release|Win32.ActiveCfg = Release|Win32
		{D1C528B6-AA02-4D29-9D61-DC08E317A70D}.Release|Win32.Build.0 = Release|Win32
		{D1C528B6-AA02-4D29-9D61-DC08E317A70D}.Release|x64.ActiveCfg = Release|x64
		{D1C528B6-AA02-4D29-9D61-DC08E317A70D}.Release|x64.Build.0 = Release|x64
		{D1C528B6-AA02-4D29-9D61-DC08E317A70D}.Release|x86.ActiveCfg = Release|Win32
		{D1C528B6-AA02-4D29-9D61-DC08E317A70D}.Release|x86.Build.0 = Release|Win32
		{D1C528B6-AA02-4D29-9D61-DC08E317A70D}.Release-Dll|Any CPU.ActiveCfg = Release|Win32
		{D1C528B6-AA02-4D29-9D61-DC08E317A70D}.Release-Dll|Mixed Platforms.ActiveCfg = Release|Win32
		{D1C528B6-AA02-4D29-9D61-DC08E317A70D}.Release-Dll|Mixed Platforms.Build.0 = Release|Win32
		{D1C528B6-AA02-4D29-9D61-DC08E317A70D}.Release-Dll|Win32.ActiveCfg = Release|Win32
		{D1C528B6-AA02-4D29-9D61-DC08E317A70D}.Release-Dll|Win32.Build.0 = Release|Win32
		{D1C528B6-AA02-4D29-9D61-DC08E317A70D}.Release-Dll|x64.ActiveCfg = Release|x64
		{D1C528B6-AA02-4D29-9D61-DC08E317A70D}.Release-Dll|x64.Build.0 = Release|x64
		{D1C528B6-AA02-4D29-9D61-DC08E317A70D}.Release-Dll|x86.ActiveCfg = Release|Win32
		{D1C528B6-AA02-4D29-9D61-DC08E317A70D}.Release-Dll|x86.Build.0 = Release|Win32
		{D1C528B6-AA02-4D29-9D61-DC08E317A70D}.Release-Lib|Any CPU.ActiveCfg = Release|Win32
		{D1C528B6-AA02-4D29-9D61-DC08E317A70D}.Release-Lib|Mixed Platforms.ActiveCfg = Release|Win32
		{D1C528B6-AA02-4D29-9D61-DC08E317A70D}.Release-Lib|Mixed Platforms.Build.0 = Release|Win32
		{D1C528B6-AA02-4D29-9D61-DC08E317A70D}.Release-Lib|Win32.ActiveCfg = Release|Win32
		{D1C528B6-AA02-4D29-9D61-DC08E317A70D}.Release-Lib|Win32.Build.0 = Release|Win32
		{D1C528B6-AA02-4D29-9D61-DC08E317A70D}.Release-Lib|x64.ActiveCfg = Release|x64
		{D1C528B6-AA02-4D29-9D61-DC08E317A70D}.Release-Lib|x64.Build.0 = Release|x64
		{D1C528B6-AA02-4D29-9D61-DC08E317A70D}.Release-Lib|x86.ActiveCfg = Release|Win32
		{D1C528B6-AA02-4D29-9D61-DC08E317A70D}.Release-Lib|x86.Build.0 = Release|Win32
		{DBBAF6F2-F646-46E0-8976-32B10728A2B6}.Debug|Any CPU.ActiveCfg = Debug|Win32
		{DBBAF6F2-F646-46E0-8976-32B10728A2B6}.Debug|Mixed Platforms.ActiveCfg = Debug|Win32
		{DBBAF6F2-F646-46E0-8976-32B10728A2B6}.Debug|Mixed Platforms.Build.0 = Debug|Win32
		{DBBAF6F2-F646-46E0-8976-32B10728A2B6}.Debug|Win32.ActiveCfg = Debug|Win32
		{DBBAF6F2-F646-46E0-8976-32B10728A2B6}.Debug|Win32.Build.0 = Debug|Win32
		{DBBAF6F2-F646-46E0-8976-32B10728A2B6}.Debug|x64.ActiveCfg = Debug|Win32
		{DBBAF6F2-F646-46E0-8976-32B10728A2B6}.Debug|x86.ActiveCfg = Debug|Win32
		{DBBAF6F2-F646-46E0-8976-32B10728A2B6}.Debug|x86.Build.0 = Debug|Win32
		{DBBAF6F2-F646-46E0-8976-32B10728A2B6}.Debug-Dll|Any CPU.ActiveCfg = Debug|Win32
		{DBBAF6F2-F646-46E0-8976-32B10728A2B6}.Debug-Dll|Mixed Platforms.ActiveCfg = Debug|Win32
		{DBBAF6F2-F646-46E0-8976-32B10728A2B6}.Debug-Dll|Mixed Platforms.Build.0 = Debug|Win32
		{DBBAF6F2-F646-46E0-8976-32B10728A2B6}.Debug-Dll|Win32.ActiveCfg = Debug|Win32
		{DBBAF6F2-F646-46E0-8976-32B10728A2B6}.Debug-Dll|Win32.Build.0 = Debug|Win32
		{DBBAF6F2-F646-46E0-8976-32B10728A2B6}.Debug-Dll|x64.ActiveCfg = Debug|Win32
		{DBBAF6F2-F646-46E0-8976-32B10728A2B6}.Debug-Dll|x86.ActiveCfg = Debug|Win32
		{DBBAF6F2-F646-46E0-8976-32B10728A2B6}.Debug-Dll|x86.Build.0 = Debug|Win32
		{DBBAF6F2-F646-46E0-8976-32B10728A2B6}.Debug-Lib|Any CPU.ActiveCfg = Debug|Win32
		{DBBAF6F2-F646-46E0-8976-32B10728A2B6}.Debug-Lib|Mixed Platforms.ActiveCfg = Debug|Win32
		{DBBAF6F2-F646-46E0-8976-32B10728A2B6}.Debug-Lib|Mixed Platforms.Build.0 = Debug|Win32
		{DBBAF6F2-F646-46E0-8976-32B10728A2B6}.Debug-Lib|Win32.ActiveCfg = Debug|Win32
		{DBBAF6F2-F646-46E0-8976-32B10728A2B6}.Debug-Lib|Win32.Build.0 = Debug|Win32
		{DBBAF6F2-F646-46E0-8976-32B10728A2B6}.Debug-Lib|x64.ActiveCfg = Debug|Win32
		{DBBAF6F2-F646-46E0-8976-32B10728A2B6}.Debug-Lib|x86.ActiveCfg = Debug|Win32
		{DBBAF6F2-F646-46E0-8976-32B10728A2B6}.Debug-Lib|x86.Build.0 = Debug|Win32
		{DBBAF6F2-F646-46E0-8976-32B10728A2B6}.Release|Any CPU.ActiveCfg = Release|Win32
		{DBBAF6F2-F646-46E0-8976-32B10728A2B6}.Release|Mixed Platforms.ActiveCfg = Release|Win32
		{DBBAF6F2-F646-46E0-8976-32B10728A2B6}.Release|Mixed Platforms.Build.0 = Release|Win32
		{DBBAF6F2-F646-46E0-8976-32B10728A2B6}.Release|Win32.ActiveCfg = Release|Win32
		{DBBAF6F2-F646-46E0-8976-32B10728A2B6}.Release|Win32.Build.0 = Release|Win32
		{DBBAF6F2-F646-46E0-8976-32B10728A2B6}.Release|x64.ActiveCfg = Release|Win32
		{DBBAF6F2-F646-46E0-8976-32B10728A2B6}.Release|x86.ActiveCfg = Release|Win32
		{DBBAF6F2-F646-46E0-8976-32B10728A2B6}.Release|x86.Build.0 = Release|Win32
		{DBBAF6F2-F646-46E0-8976-32B10728A2B6}.Release-Dll|Any CPU.ActiveCfg = Release|Win32
		{DBBAF6F2-F646-46E0-8976-32B10728A2B6}.Release-Dll|Mixed Platforms.ActiveCfg = Release|Win32
		{DBBAF6F2-F646-46E0-8976-32B10728A2B6}.Release-Dll|Mixed Platforms.Build.0 = Release|Win32
		{DBBAF6F2-F646-46E0-8976-32B10728A2B6}.Release-Dll|Win32.ActiveCfg = Release|Win32
		{DBBAF6F2-F646-46E0-8976-32B10728A2B6}.Release-Dll|Win32.Build.0 = Release|Win32
		{DBBAF6F2-F646-46E0-8976-32B10728A2B6}.Release-Dll|x64.ActiveCfg = Release|Win32
		{DBBAF6F2-F646-46E0-8976-32B10728A2B6}.Release-Dll|x86.ActiveCfg = Release|Win32
		{DBBAF6F2-F646-46E0-8976-32B10728A2B6}.Release-Dll|x86.Build.0 = Release|Win32
		{DBBAF6F2-F646-46E0-8976-32B10728A2B6}.Release-Lib|Any CPU.ActiveCfg = Release|Win32
		{DBBAF6F2-F646-46E0-8976-32B10728A2B6}.Release-Lib|Mixed Platforms.ActiveCfg = Release|Win32
		{DBBAF6F2-F646-46E0-8976-32B10728A2B6}.Release-Lib|Mixed Platforms.Build.0 = Release|Win32
		{DBBAF6F2-F646-46E0-8976-32B10728A2B6}.Release-Lib|Win32.ActiveCfg = Release|Win32
		{DBBAF6F2-F646-46E0-8976-32B10728A2B6}.Release-Lib|Win32.Build.0 = Release|Win32
		{DBBAF6F2-F646-46E0-8976-32B10728A2B6}.Release-Lib|x64.ActiveCfg = Release|Win32
		{DBBAF6F2-F646-46E0-8976-32B10728A2B6}.Release-Lib|x86.ActiveCfg = Release|Win32
		{DBBAF6F2-F646-46E0-8976-32B10728A2B6}.Release-Lib|x86.Build.0 = Release|Win32
		{C02FD0DA-4C15-4C93-833A-A4A107EAA37E}.Debug|Any CPU.ActiveCfg = Debug|Win32
		{C02FD0DA-4C15-4C93-833A-A4A107EAA37E}.Debug|Mixed Platforms.ActiveCfg = Debug|Win32
		{C02FD0DA-4C15-4C93-833A-A4A107EAA37E}.Debug|Mixed Platforms.Build.0 = Debug|Win32
		{C02FD0DA-4C15-4C93-833A-A4A107EAA37E}.Debug|Win32.ActiveCfg = Debug|Win32
		{C02FD0DA-4C15-4C93-833A-A4A107EAA37E}.Debug|Win32.Build.0 = Debug|Win32
		{C02FD0DA-4C15-4C93-833A-A4A107EAA37E}.Debug|x64.ActiveCfg = Debug|Win32
		{C02FD0DA-4C15-4C93-833A-A4A107EAA37E}.Debug|x86.ActiveCfg = Debug|Win32
		{C02FD0DA-4C15-4C93-833A-A4A107EAA37E}.Debug|x86.Build.0 = Debug|Win32
		{C02FD0DA-4C15-4C93-833A-A4A107EAA37E}.Debug-Dll|Any CPU.ActiveCfg = Debug|Win32
		{C02FD0DA-4C15-4C93-833A-A4A107EAA37E}.Debug-Dll|Mixed Platforms.ActiveCfg = Debug|Win32
		{C02FD0DA-4C15-4C93-833A-A4A107EAA37E}.Debug-Dll|Mixed Platforms.Build.0 = Debug|Win32
		{C02FD0DA-4C15-4C93-833A-A4A107EAA37E}.Debug-Dll|Win32.ActiveCfg = Debug|Win32
		{C02FD0DA-4C15-4C93-833A-A4A107EAA37E}.Debug-Dll|Win32.Build.0 = Debug|Win32
		{C02FD0DA-4C15-4C93-833A-A4A107EAA37E}.Debug-Dll|x64.ActiveCfg = Debug|Win32
		{C02FD0DA-4C15-4C93-833A-A4A107EAA37E}.Debug-Dll|x86.ActiveCfg = Debug|Win32
		{C02FD0DA-4C15-4C93-833A-A4A107EAA37E}.Debug-Dll|x86.Build.0 = Debug|Win32
		{C02FD0DA-4C15-4C93-833A-A4A107EAA37E}.Debug-Lib|Any CPU.ActiveCfg = Debug|Win32
		{C02FD0DA-4C15-4C93-833A-A4A107EAA37E}.Debug-Lib|Mixed Platforms.ActiveCfg = Debug|Win32
		{C02FD0DA-4C15-4C93-833A-A4A107EAA37E}.Debug-Lib|Mixed Platforms.Build.0 = Debug|Win32
		{C02FD0DA-4C15-4C93-833A-A4A107EAA37E}.Debug-Lib|Win32.ActiveCfg = Debug|Win32
		{C02FD0DA-4C15-4C93-833A-A4A107EAA37E}.Debug-Lib|Win32.Build.0 = Debug|Win32
		{C02FD0DA-4C15-4C93-833A-A4A107EAA37E}.Debug-Lib|x64.ActiveCfg = Debug|Win32
		{C02FD0DA-4C15-4C93-833A-A4A107EAA37E}.Debug-Lib|x86.ActiveCfg = Debug|Win32
		{C02FD0DA-4C15-4C93-833A-A4A107EAA37E}.Debug-Lib|x86.Build.0 = Debug|Win32
		{C02FD0DA-4C15-4C93-833A-A4A107EAA37E}.Release|Any CPU.ActiveCfg = Release|Win32
		{C02FD0DA-4C15-4C93-833A-A4A107EAA37E}.Release|Mixed Platforms.ActiveCfg = Release|Win32
		{C02FD0DA-4C15-4C93-833A-A4A107EAA37E}.Release|Mixed Platforms.Build.0 = Release|Win32
		{C02FD0DA-4C15-4C93-833A-A4A107EAA37E}.Release|Win32.ActiveCfg = Release|Win32
		{C02FD0DA-4C15-4C93-833A-A4A107EAA37E}.Release|Win32.Build.0 = Release|Win32
		{C02FD0DA-4C15-4C93-833A-A4A107EAA37E}.Release|x64.ActiveCfg = Release|Win32
		{C02FD0DA-4C15-4C93-833A-A4A107EAA37E}.Release|x86.ActiveCfg = Release|Win32
		{C02FD0DA-4C15-4C93-833A-A4A107EAA37E}.Release|x86.Build.0 = Release|Win32
		{C02FD0DA-4C15-4C93-833A-A4A107EAA37E}.Release-Dll|Any CPU.ActiveCfg = Release|Win32
		{C02FD0DA-4C15-4C93-833A-A4A107EAA37E}.Release-Dll|Mixed Platforms.ActiveCfg = Release|Win32
		{C02FD0DA-4C15-4C93-833A-A4A107EAA37E}.Release-Dll|Mixed Platforms.Build.0 = Release|Win32
		{C02FD0DA-4C15-4C93-833A-A4A107EAA37E}.Release-Dll|Win32.ActiveCfg = Release|Win32
		{C02FD0DA-4C15-4C93-833A-A4A107EAA37E}.Release-Dll|Win32.Build.0 = Release|Win32
		{C02FD0DA-4C15-4C93-833A-A4A107EAA37E}.Release-Dll|x64.ActiveCfg = Release|Win32
		{C02FD0DA-4C15-4C93-833A-A4A107EAA37E}.Release-Dll|x86.ActiveCfg = Release|Win32
		{C02FD0DA-4C15-4C93-833A-A4A107EAA37E}.Release-Dll|x86.Build.0 = Release|Win32
		{C02FD0DA-4C15-4C93-833A-A4A107EAA37E}.Release-Lib|Any CPU.ActiveCfg = Release|Win32
		{C02FD0DA-4C15-4C93-833A-A4A107EAA37E}.Release-Lib|Mixed Platforms.ActiveCfg = Release|Win32
		{C02FD0DA-4C15-4C93-833A-A4A107EAA37E}.Release-Lib|Mixed Platforms.Build.0 = Release|Win32
		{C02FD0DA-4C15-4C93-833A-A4A107EAA37E}.Release-Lib|Win32.ActiveCfg = Release|Win32
		{C02FD0DA-4C15-4C93-833A-A4A107EAA37E}.Release-Lib|Win32.Build.0 = Release|Win32
		{C02FD0DA-4C15-4C93-833A-A4A107EAA37E}.Release-Lib|x64.ActiveCfg = Release|Win32
		{C02FD0DA-4C15-4C93-833A-A4A107EAA37E}.Release-Lib|x86.ActiveCfg = Release|Win32
		{C02FD0DA-4C15-4C93-833A-A4A107EAA37E}.Release-Lib|x86.Build.0 = Release|Win32
		{55258748-663F-49F6-A6B8-125D6D80A444}.Debug|Any CPU.ActiveCfg = Debug|Win32
		{55258748-663F-49F6-A6B8-125D6D80A444}.Debug|Mixed Platforms.ActiveCfg = Debug|Win32
		{55258748-663F-49F6-A6B8-125D6D80A444}.Debug|Mixed Platforms.Build.0 = Debug|Win32
		{55258748-663F-49F6-A6B8-125D6D80A444}.Debug|Win32.ActiveCfg = Debug|Win32
		{55258748-663F-49F6-A6B8-125D6D80A444}.Debug|Win32.Build.0 = Debug|Win32
		{55258748-663F-49F6-A6B8-125D6D80A444}.Debug|x64.ActiveCfg = Debug|Win32
		{55258748-663F-49F6-A6B8-125D6D80A444}.Debug|x86.ActiveCfg = Debug|Win32
		{55258748-663F-49F6-A6B8-125D6D80A444}.Debug|x86.Build.0 = Debug|Win32
		{55258748-663F-49F6-A6B8-125D6D80A444}.Debug-Dll|Any CPU.ActiveCfg = Debug|Win32
		{55258748-663F-49F6-A6B8-125D6D80A444}.Debug-Dll|Mixed Platforms.ActiveCfg = Debug|Win32
		{55258748-663F-49F6-A6B8-125D6D80A444}.Debug-Dll|Mixed Platforms.Build.0 = Debug|Win32
		{55258748-663F-49F6-A6B8-125D6D80A444}.Debug-Dll|Win32.ActiveCfg = Debug|Win32
		{55258748-663F-49F6-A6B8-125D6D80A444}.Debug-Dll|Win32.Build.0 = Debug|Win32
		{55258748-663F-49F6-A6B8-125D6D80A444}.Debug-Dll|x64.ActiveCfg = Debug|Win32
		{55258748-663F-49F6-A6B8-125D6D80A444}.Debug-Dll|x86.ActiveCfg = Debug|Win32
		{55258748-663F-49F6-A6B8-125D6D80A444}.Debug-Dll|x86.Build.0 = Debug|Win32
		{55258748-663F-49F6-A6B8-125D6D80A444}.Debug-Lib|Any CPU.ActiveCfg = Debug|Win32
		{55258748-663F-49F6-A6B8-125D6D80A444}.Debug-Lib|Mixed Platforms.ActiveCfg = Debug|Win32
		{55258748-663F-49F6-A6B8-125D6D80A444}.Debug-Lib|Mixed Platforms.Build.0 = Debug|Win32
		{55258748-663F-49F6-A6B8-125D6D80A444}.Debug-Lib|Win32.ActiveCfg = Debug|Win32
		{55258748-663F-49F6-A6B8-125D6D80A444}.Debug-Lib|Win32.Build.0 = Debug|Win32
		{55258748-663F-49F6-A6B8-125D6D80A444}.Debug-Lib|x64.ActiveCfg = Debug|Win32
		{55258748-663F-49F6-A6B8-125D6D80A444}.Debug-Lib|x86.ActiveCfg = Debug|Win32
		{55258748-663F-49F6-A6B8-125D6D80A444}.Debug-Lib|x86.Build.0 = Debug|Win32
		{55258748-663F-49F6-A6B8-125D6D80A444}.Release|Any CPU.ActiveCfg = Release|Win32
		{55258748-663F-49F6-A6B8-125D6D80A444}.Release|Mixed Platforms.ActiveCfg = Release|Win32
		{55258748-663F-49F6-A6B8-125D6D80A444}.Release|Mixed Platforms.Build.0 = Release|Win32
		{55258748-663F-49F6-A6B8-125D6D80A444}.Release|Win32.ActiveCfg = Release|Win32
		{55258748-663F-49F6-A6B8-125D6D80A444}.Release|Win32.Build.0 = Release|Win32
		{55258748-663F-49F6-A6B8-125D6D80A444}.Release|x64.ActiveCfg = Release|Win32
		{55258748-663F-49F6-A6B8-125D6D80A444}.Release|x86.ActiveCfg = Release|Win32
		{55258748-663F-49F6-A6B8-125D6D80A444}.Release|x86.Build.0 = Release|Win32
		{55258748-663F-49F6-A6B8-125D6D80A444}.Release-Dll|Any CPU.ActiveCfg = Release|Win32
		{55258748-663F-49F6-A6B8-125D6D80A444}.Release-Dll|Mixed Platforms.ActiveCfg = Release|Win32
		{55258748-663F-49F6-A6B8-125D6D80A444}.Release-Dll|Mixed Platforms.Build.0 = Release|Win32
		{55258748-663F-49F6-A6B8-125D6D80A444}.Release-Dll|Win32.ActiveCfg = Release|Win32
		{55258748-663F-49F6-A6B8-125D6D80A444}.Release-Dll|Win32.Build.0 = Release|Win32
		{55258748-663F-49F6-A6B8-125D6D80A444}.Release-Dll|x64.ActiveCfg = Release|Win32
		{55258748-663F-49F6-A6B8-125D6D80A444}.Release-Dll|x86.ActiveCfg = Release|Win32
		{55258748-663F-49F6-A6B8-125D6D80A444}.Release-Dll|x86.Build.0 = Release|Win32
		{55258748-663F-49F6-A6B8-125D6D80A444}.Release-Lib|Any CPU.ActiveCfg = Release|Win32
		{55258748-663F-49F6-A6B8-125D6D80A444}.Release-Lib|Mixed Platforms.ActiveCfg = Release|Win32
		{55258748-663F-49F6-A6B8-125D6D80A444}.Release-Lib|Mixed Platforms.Build.0 = Release|Win32
		{55258748-663F-49F6-A6B8-125D6D80A444}.Release-Lib|Win32.ActiveCfg = Release|Win32
		{55258748-663F-49F6-A6B8-125D6D80A444}.Release-Lib|Win32.Build.0 = Release|Win32
		{55258748-663F-49F6-A6B8-125D6D80A444}.Release-Lib|x64.ActiveCfg = Release|Win32
		{55258748-663F-49F6-A6B8-125D6D80A444}.Release-Lib|x86.ActiveCfg = Release|Win32
		{55258748-663F-49F6-A6B8-125D6D80A444}.Release-Lib|x86.Build.0 = Release|Win32
		{E19A21A4-12E4-4BE4-9DAB-B56B609E5BC4}.Debug|Any CPU.ActiveCfg = Debug|Any CPU
		{E19A21A4-12E4-4BE4-9DAB-B56B609E5BC4}.Debug|Any CPU.Build.0 = Debug|Any CPU
		{E19A21A4-12E4-4BE4-9DAB-B56B609E5BC4}.Debug|Mixed Platforms.ActiveCfg = Debug|Any CPU
		{E19A21A4-12E4-4BE4-9DAB-B56B609E5BC4}.Debug|Mixed Platforms.Build.0 = Debug|Any CPU
		{E19A21A4-12E4-4BE4-9DAB-B56B609E5BC4}.Debug|Win32.ActiveCfg = Debug|Any CPU
		{E19A21A4-12E4-4BE4-9DAB-B56B609E5BC4}.Debug|x64.ActiveCfg = Debug|Any CPU
		{E19A21A4-12E4-4BE4-9DAB-B56B609E5BC4}.Debug|x86.ActiveCfg = Debug|Any CPU
		{E19A21A4-12E4-4BE4-9DAB-B56B609E5BC4}.Debug-Dll|Any CPU.ActiveCfg = Debug|Any CPU
		{E19A21A4-12E4-4BE4-9DAB-B56B609E5BC4}.Debug-Dll|Any CPU.Build.0 = Debug|Any CPU
		{E19A21A4-12E4-4BE4-9DAB-B56B609E5BC4}.Debug-Dll|Mixed Platforms.ActiveCfg = Debug|Any CPU
		{E19A21A4-12E4-4BE4-9DAB-B56B609E5BC4}.Debug-Dll|Mixed Platforms.Build.0 = Debug|Any CPU
		{E19A21A4-12E4-4BE4-9DAB-B56B609E5BC4}.Debug-Dll|Win32.ActiveCfg = Debug|Any CPU
		{E19A21A4-12E4-4BE4-9DAB-B56B609E5BC4}.Debug-Dll|x64.ActiveCfg = Debug|Any CPU
		{E19A21A4-12E4-4BE4-9DAB-B56B609E5BC4}.Debug-Dll|x86.ActiveCfg = Debug|Any CPU
		{E19A21A4-12E4-4BE4-9DAB-B56B609E5BC4}.Debug-Lib|Any CPU.ActiveCfg = Debug|Any CPU
		{E19A21A4-12E4-4BE4-9DAB-B56B609E5BC4}.Debug-Lib|Any CPU.Build.0 = Debug|Any CPU
		{E19A21A4-12E4-4BE4-9DAB-B56B609E5BC4}.Debug-Lib|Mixed Platforms.ActiveCfg = Debug|Any CPU
		{E19A21A4-12E4-4BE4-9DAB-B56B609E5BC4}.Debug-Lib|Mixed Platforms.Build.0 = Debug|Any CPU
		{E19A21A4-12E4-4BE4-9DAB-B56B609E5BC4}.Debug-Lib|Win32.ActiveCfg = Debug|Any CPU
		{E19A21A4-12E4-4BE4-9DAB-B56B609E5BC4}.Debug-Lib|x64.ActiveCfg = Debug|Any CPU
		{E19A21A4-12E4-4BE4-9DAB-B56B609E5BC4}.Debug-Lib|x86.ActiveCfg = Debug|Any CPU
		{E19A21A4-12E4-4BE4-9DAB-B56B609E5BC4}.Release|Any CPU.ActiveCfg = Release|Any CPU
		{E19A21A4-12E4-4BE4-9DAB-B56B609E5BC4}.Release|Any CPU.Build.0 = Release|Any CPU
		{E19A21A4-12E4-4BE4-9DAB-B56B609E5BC4}.Release|Mixed Platforms.ActiveCfg = Release|Any CPU
		{E19A21A4-12E4-4BE4-9DAB-B56B609E5BC4}.Release|Mixed Platforms.Build.0 = Release|Any CPU
		{E19A21A4-12E4-4BE4-9DAB-B56B609E5BC4}.Release|Win32.ActiveCfg = Release|Any CPU
		{E19A21A4-12E4-4BE4-9DAB-B56B609E5BC4}.Release|x64.ActiveCfg = Release|Any CPU
		{E19A21A4-12E4-4BE4-9DAB-B56B609E5BC4}.Release|x86.ActiveCfg = Release|Any CPU
		{E19A21A4-12E4-4BE4-9DAB-B56B609E5BC4}.Release-Dll|Any CPU.ActiveCfg = Release|Any CPU
		{E19A21A4-12E4-4BE4-9DAB-B56B609E5BC4}.Release-Dll|Any CPU.Build.0 = Release|Any CPU
		{E19A21A4-12E4-4BE4-9DAB-B56B609E5BC4}.Release-Dll|Mixed Platforms.ActiveCfg = Release|Any CPU
		{E19A21A4-12E4-4BE4-9DAB-B56B609E5BC4}.Release-Dll|Mixed Platforms.Build.0 = Release|Any CPU
		{E19A21A4-12E4-4BE4-9DAB-B56B609E5BC4}.Release-Dll|Win32.ActiveCfg = Release|Any CPU
		{E19A21A4-12E4-4BE4-9DAB-B56B609E5BC4}.Release-Dll|x64.ActiveCfg = Release|Any CPU
		{E19A21A4-12E4-4BE4-9DAB-B56B609E5BC4}.Release-Dll|x86.ActiveCfg = Release|Any CPU
		{E19A21A4-12E4-4BE4-9DAB-B56B609E5BC4}.Release-Lib|Any CPU.ActiveCfg = Release|Any CPU
		{E19A21A4-12E4-4BE4-9DAB-B56B609E5BC4}.Release-Lib|Any CPU.Build.0 = Release|Any CPU
		{E19A21A4-12E4-4BE4-9DAB-B56B609E5BC4}.Release-Lib|Mixed Platforms.ActiveCfg = Release|Any CPU
		{E19A21A4-12E4-4BE4-9DAB-B56B609E5BC4}.Release-Lib|Mixed Platforms.Build.0 = Release|Any CPU
		{E19A21A4-12E4-4BE4-9DAB-B56B609E5BC4}.Release-Lib|Win32.ActiveCfg = Release|Any CPU
		{E19A21A4-12E4-4BE4-9DAB-B56B609E5BC4}.Release-Lib|x64.ActiveCfg = Release|Any CPU
		{E19A21A4-12E4-4BE4-9DAB-B56B609E5BC4}.Release-Lib|x86.ActiveCfg = Release|Any CPU
	EndGlobalSection
	GlobalSection(SolutionProperties) = preSolution
		HideSolutionNode = FALSE
	EndGlobalSection
	GlobalSection(NestedProjects) = preSolution
		{D1C528B6-AA02-4D29-9D61-DC08E317A70D} = {099CD7F1-5991-4071-BE1E-9CA7EA840AA1}
		{DBBAF6F2-F646-46E0-8976-32B10728A2B6} = {CB0ECC70-93E7-4CF4-9036-A7280F5FDD84}
		{C02FD0DA-4C15-4C93-833A-A4A107EAA37E} = {CB0ECC70-93E7-4CF4-9036-A7280F5FDD84}
		{55258748-663F-49F6-A6B8-125D6D80A444} = {CB0ECC70-93E7-4CF4-9036-A7280F5FDD84}
		{E19A21A4-12E4-4BE4-9DAB-B56B609E5BC4} = {78D64C99-9407-468F-9581-D5C97CBDF7C7}
	EndGlobalSection
EndGlobal
