
Microsoft Visual Studio Solution File, Format Version 12.00
# Visual Studio 2013
VisualStudioVersion = 12.0.21005.1
MinimumVisualStudioVersion = 10.0.40219.1
Project("{8BC9CEB8-8B4A-11D0-8D11-00A0C91BC942}") = "CompareControllerAndActor", "CompareControllerAndActor\CompareControllerAndActor.vcxproj", "{DBBAF6F2-F646-46E0-8976-32B10728A2B6}"
	ProjectSection(ProjectDependencies) = postProject
		{A97CFEAC-DBE2-433C-9454-6D1D2749C591} = {A97CFEAC-DBE2-433C-9454-6D1D2749C591}
	EndProjectSection
EndProject
Project("{8BC9CEB8-8B4A-11D0-8D11-00A0C91BC942}") = "RLSimion-Lib", "RLSimion-Lib\RL-Lib.vcxproj", "{A97CFEAC-DBE2-433C-9454-6D1D2749C591}"
EndProject
Project("{8BC9CEB8-8B4A-11D0-8D11-00A0C91BC942}") = "RLSimion", "RLSimion\RLSimion-Lib.vcxproj", "{55258748-663F-49F6-A6B8-125D6D80A444}"
	ProjectSection(ProjectDependencies) = postProject
		{A97CFEAC-DBE2-433C-9454-6D1D2749C591} = {A97CFEAC-DBE2-433C-9454-6D1D2749C591}
	EndProjectSection
EndProject
Project("{8BC9CEB8-8B4A-11D0-8D11-00A0C91BC942}") = "ControllerToAC", "ControllerToAC\ControllerToAC.vcxproj", "{C02FD0DA-4C15-4C93-833A-A4A107EAA37E}"
	ProjectSection(ProjectDependencies) = postProject
		{A97CFEAC-DBE2-433C-9454-6D1D2749C591} = {A97CFEAC-DBE2-433C-9454-6D1D2749C591}
	EndProjectSection
EndProject
Project("{8BC9CEB8-8B4A-11D0-8D11-00A0C91BC942}") = "Badger", "Badger\Badger.vcxproj", "{05B6C66D-D1FA-415F-B9AF-8FBA8116B92C}"
	ProjectSection(ProjectDependencies) = postProject
		{55258748-663F-49F6-A6B8-125D6D80A444} = {55258748-663F-49F6-A6B8-125D6D80A444}
		{A97CFEAC-DBE2-433C-9454-6D1D2749C591} = {A97CFEAC-DBE2-433C-9454-6D1D2749C591}
		{C02FD0DA-4C15-4C93-833A-A4A107EAA37E} = {C02FD0DA-4C15-4C93-833A-A4A107EAA37E}
	EndProjectSection
EndProject
Project("{FAE04EC0-301F-11D3-BF4B-00C04F79EFBC}") = "FormularioXML", "FormularioXML\FormularioXML.csproj", "{C4F06700-9E22-4B8A-B12D-F0DEA47655CE}"
EndProject
Project("{8BC9CEB8-8B4A-11D0-8D11-00A0C91BC942}") = "tinyxml2", "tinyxml2\tinyxml2\tinyxml2.vcxproj", "{D1C528B6-AA02-4D29-9D61-DC08E317A70D}"
EndProject
Project("{FAE04EC0-301F-11D3-BF4B-00C04F79EFBC}") = "NewForm", "NewForm\NewForm.csproj", "{9AE1DB15-7CBE-4256-AC23-B1508647F962}"
EndProject
Global
	GlobalSection(SolutionConfigurationPlatforms) = preSolution
		Debug|Any CPU = Debug|Any CPU
		Debug|Mixed Platforms = Debug|Mixed Platforms
		Debug|Win32 = Debug|Win32
		Debug|x64 = Debug|x64
		Debug-Dll|Any CPU = Debug-Dll|Any CPU
		Debug-Dll|Mixed Platforms = Debug-Dll|Mixed Platforms
		Debug-Dll|Win32 = Debug-Dll|Win32
		Debug-Dll|x64 = Debug-Dll|x64
		Debug-Lib|Any CPU = Debug-Lib|Any CPU
		Debug-Lib|Mixed Platforms = Debug-Lib|Mixed Platforms
		Debug-Lib|Win32 = Debug-Lib|Win32
		Debug-Lib|x64 = Debug-Lib|x64
		Release|Any CPU = Release|Any CPU
		Release|Mixed Platforms = Release|Mixed Platforms
		Release|Win32 = Release|Win32
		Release|x64 = Release|x64
		Release-Dll|Any CPU = Release-Dll|Any CPU
		Release-Dll|Mixed Platforms = Release-Dll|Mixed Platforms
		Release-Dll|Win32 = Release-Dll|Win32
		Release-Dll|x64 = Release-Dll|x64
		Release-Lib|Any CPU = Release-Lib|Any CPU
		Release-Lib|Mixed Platforms = Release-Lib|Mixed Platforms
		Release-Lib|Win32 = Release-Lib|Win32
		Release-Lib|x64 = Release-Lib|x64
	EndGlobalSection
	GlobalSection(ProjectConfigurationPlatforms) = postSolution
		{DBBAF6F2-F646-46E0-8976-32B10728A2B6}.Debug|Any CPU.ActiveCfg = Debug|Win32
		{DBBAF6F2-F646-46E0-8976-32B10728A2B6}.Debug|Mixed Platforms.ActiveCfg = Debug|Win32
		{DBBAF6F2-F646-46E0-8976-32B10728A2B6}.Debug|Mixed Platforms.Build.0 = Debug|Win32
		{DBBAF6F2-F646-46E0-8976-32B10728A2B6}.Debug|Win32.ActiveCfg = Debug|Win32
		{DBBAF6F2-F646-46E0-8976-32B10728A2B6}.Debug|Win32.Build.0 = Debug|Win32
		{DBBAF6F2-F646-46E0-8976-32B10728A2B6}.Debug|x64.ActiveCfg = Debug|Win32
		{DBBAF6F2-F646-46E0-8976-32B10728A2B6}.Debug-Dll|Any CPU.ActiveCfg = Debug|Win32
		{DBBAF6F2-F646-46E0-8976-32B10728A2B6}.Debug-Dll|Mixed Platforms.ActiveCfg = Debug|Win32
		{DBBAF6F2-F646-46E0-8976-32B10728A2B6}.Debug-Dll|Mixed Platforms.Build.0 = Debug|Win32
		{DBBAF6F2-F646-46E0-8976-32B10728A2B6}.Debug-Dll|Win32.ActiveCfg = Debug|Win32
		{DBBAF6F2-F646-46E0-8976-32B10728A2B6}.Debug-Dll|Win32.Build.0 = Debug|Win32
		{DBBAF6F2-F646-46E0-8976-32B10728A2B6}.Debug-Dll|x64.ActiveCfg = Debug|Win32
		{DBBAF6F2-F646-46E0-8976-32B10728A2B6}.Debug-Lib|Any CPU.ActiveCfg = Debug|Win32
		{DBBAF6F2-F646-46E0-8976-32B10728A2B6}.Debug-Lib|Mixed Platforms.ActiveCfg = Debug|Win32
		{DBBAF6F2-F646-46E0-8976-32B10728A2B6}.Debug-Lib|Mixed Platforms.Build.0 = Debug|Win32
		{DBBAF6F2-F646-46E0-8976-32B10728A2B6}.Debug-Lib|Win32.ActiveCfg = Debug|Win32
		{DBBAF6F2-F646-46E0-8976-32B10728A2B6}.Debug-Lib|Win32.Build.0 = Debug|Win32
		{DBBAF6F2-F646-46E0-8976-32B10728A2B6}.Debug-Lib|x64.ActiveCfg = Debug|Win32
		{DBBAF6F2-F646-46E0-8976-32B10728A2B6}.Release|Any CPU.ActiveCfg = Release|Win32
		{DBBAF6F2-F646-46E0-8976-32B10728A2B6}.Release|Mixed Platforms.ActiveCfg = Release|Win32
		{DBBAF6F2-F646-46E0-8976-32B10728A2B6}.Release|Mixed Platforms.Build.0 = Release|Win32
		{DBBAF6F2-F646-46E0-8976-32B10728A2B6}.Release|Win32.ActiveCfg = Release|Win32
		{DBBAF6F2-F646-46E0-8976-32B10728A2B6}.Release|Win32.Build.0 = Release|Win32
		{DBBAF6F2-F646-46E0-8976-32B10728A2B6}.Release|x64.ActiveCfg = Release|Win32
		{DBBAF6F2-F646-46E0-8976-32B10728A2B6}.Release-Dll|Any CPU.ActiveCfg = Release|Win32
		{DBBAF6F2-F646-46E0-8976-32B10728A2B6}.Release-Dll|Mixed Platforms.ActiveCfg = Release|Win32
		{DBBAF6F2-F646-46E0-8976-32B10728A2B6}.Release-Dll|Mixed Platforms.Build.0 = Release|Win32
		{DBBAF6F2-F646-46E0-8976-32B10728A2B6}.Release-Dll|Win32.ActiveCfg = Release|Win32
		{DBBAF6F2-F646-46E0-8976-32B10728A2B6}.Release-Dll|Win32.Build.0 = Release|Win32
		{DBBAF6F2-F646-46E0-8976-32B10728A2B6}.Release-Dll|x64.ActiveCfg = Release|Win32
		{DBBAF6F2-F646-46E0-8976-32B10728A2B6}.Release-Lib|Any CPU.ActiveCfg = Release|Win32
		{DBBAF6F2-F646-46E0-8976-32B10728A2B6}.Release-Lib|Mixed Platforms.ActiveCfg = Release|Win32
		{DBBAF6F2-F646-46E0-8976-32B10728A2B6}.Release-Lib|Mixed Platforms.Build.0 = Release|Win32
		{DBBAF6F2-F646-46E0-8976-32B10728A2B6}.Release-Lib|Win32.ActiveCfg = Release|Win32
		{DBBAF6F2-F646-46E0-8976-32B10728A2B6}.Release-Lib|Win32.Build.0 = Release|Win32
		{DBBAF6F2-F646-46E0-8976-32B10728A2B6}.Release-Lib|x64.ActiveCfg = Release|Win32
		{A97CFEAC-DBE2-433C-9454-6D1D2749C591}.Debug|Any CPU.ActiveCfg = Debug|Win32
		{A97CFEAC-DBE2-433C-9454-6D1D2749C591}.Debug|Mixed Platforms.ActiveCfg = Debug|Win32
		{A97CFEAC-DBE2-433C-9454-6D1D2749C591}.Debug|Mixed Platforms.Build.0 = Debug|Win32
		{A97CFEAC-DBE2-433C-9454-6D1D2749C591}.Debug|Win32.ActiveCfg = Debug|Win32
		{A97CFEAC-DBE2-433C-9454-6D1D2749C591}.Debug|Win32.Build.0 = Debug|Win32
		{A97CFEAC-DBE2-433C-9454-6D1D2749C591}.Debug|x64.ActiveCfg = Debug|Win32
		{A97CFEAC-DBE2-433C-9454-6D1D2749C591}.Debug-Dll|Any CPU.ActiveCfg = Debug|Win32
		{A97CFEAC-DBE2-433C-9454-6D1D2749C591}.Debug-Dll|Mixed Platforms.ActiveCfg = Debug|Win32
		{A97CFEAC-DBE2-433C-9454-6D1D2749C591}.Debug-Dll|Mixed Platforms.Build.0 = Debug|Win32
		{A97CFEAC-DBE2-433C-9454-6D1D2749C591}.Debug-Dll|Win32.ActiveCfg = Debug|Win32
		{A97CFEAC-DBE2-433C-9454-6D1D2749C591}.Debug-Dll|Win32.Build.0 = Debug|Win32
		{A97CFEAC-DBE2-433C-9454-6D1D2749C591}.Debug-Dll|x64.ActiveCfg = Debug|Win32
		{A97CFEAC-DBE2-433C-9454-6D1D2749C591}.Debug-Lib|Any CPU.ActiveCfg = Debug|Win32
		{A97CFEAC-DBE2-433C-9454-6D1D2749C591}.Debug-Lib|Mixed Platforms.ActiveCfg = Debug|Win32
		{A97CFEAC-DBE2-433C-9454-6D1D2749C591}.Debug-Lib|Mixed Platforms.Build.0 = Debug|Win32
		{A97CFEAC-DBE2-433C-9454-6D1D2749C591}.Debug-Lib|Win32.ActiveCfg = Debug|Win32
		{A97CFEAC-DBE2-433C-9454-6D1D2749C591}.Debug-Lib|Win32.Build.0 = Debug|Win32
		{A97CFEAC-DBE2-433C-9454-6D1D2749C591}.Debug-Lib|x64.ActiveCfg = Debug|Win32
		{A97CFEAC-DBE2-433C-9454-6D1D2749C591}.Release|Any CPU.ActiveCfg = Release|Win32
		{A97CFEAC-DBE2-433C-9454-6D1D2749C591}.Release|Mixed Platforms.ActiveCfg = Release|Win32
		{A97CFEAC-DBE2-433C-9454-6D1D2749C591}.Release|Mixed Platforms.Build.0 = Release|Win32
		{A97CFEAC-DBE2-433C-9454-6D1D2749C591}.Release|Win32.ActiveCfg = Release|Win32
		{A97CFEAC-DBE2-433C-9454-6D1D2749C591}.Release|Win32.Build.0 = Release|Win32
		{A97CFEAC-DBE2-433C-9454-6D1D2749C591}.Release|x64.ActiveCfg = Release|Win32
		{A97CFEAC-DBE2-433C-9454-6D1D2749C591}.Release-Dll|Any CPU.ActiveCfg = Release|Win32
		{A97CFEAC-DBE2-433C-9454-6D1D2749C591}.Release-Dll|Mixed Platforms.ActiveCfg = Release|Win32
		{A97CFEAC-DBE2-433C-9454-6D1D2749C591}.Release-Dll|Mixed Platforms.Build.0 = Release|Win32
		{A97CFEAC-DBE2-433C-9454-6D1D2749C591}.Release-Dll|Win32.ActiveCfg = Release|Win32
		{A97CFEAC-DBE2-433C-9454-6D1D2749C591}.Release-Dll|Win32.Build.0 = Release|Win32
		{A97CFEAC-DBE2-433C-9454-6D1D2749C591}.Release-Dll|x64.ActiveCfg = Release|Win32
		{A97CFEAC-DBE2-433C-9454-6D1D2749C591}.Release-Lib|Any CPU.ActiveCfg = Release|Win32
		{A97CFEAC-DBE2-433C-9454-6D1D2749C591}.Release-Lib|Mixed Platforms.ActiveCfg = Release|Win32
		{A97CFEAC-DBE2-433C-9454-6D1D2749C591}.Release-Lib|Mixed Platforms.Build.0 = Release|Win32
		{A97CFEAC-DBE2-433C-9454-6D1D2749C591}.Release-Lib|Win32.ActiveCfg = Release|Win32
		{A97CFEAC-DBE2-433C-9454-6D1D2749C591}.Release-Lib|Win32.Build.0 = Release|Win32
		{A97CFEAC-DBE2-433C-9454-6D1D2749C591}.Release-Lib|x64.ActiveCfg = Release|Win32
		{55258748-663F-49F6-A6B8-125D6D80A444}.Debug|Any CPU.ActiveCfg = Debug|Win32
		{55258748-663F-49F6-A6B8-125D6D80A444}.Debug|Mixed Platforms.ActiveCfg = Debug|Win32
		{55258748-663F-49F6-A6B8-125D6D80A444}.Debug|Mixed Platforms.Build.0 = Debug|Win32
		{55258748-663F-49F6-A6B8-125D6D80A444}.Debug|Win32.ActiveCfg = Debug|Win32
		{55258748-663F-49F6-A6B8-125D6D80A444}.Debug|Win32.Build.0 = Debug|Win32
		{55258748-663F-49F6-A6B8-125D6D80A444}.Debug|x64.ActiveCfg = Debug|Win32
		{55258748-663F-49F6-A6B8-125D6D80A444}.Debug-Dll|Any CPU.ActiveCfg = Debug|Win32
		{55258748-663F-49F6-A6B8-125D6D80A444}.Debug-Dll|Mixed Platforms.ActiveCfg = Debug|Win32
		{55258748-663F-49F6-A6B8-125D6D80A444}.Debug-Dll|Mixed Platforms.Build.0 = Debug|Win32
		{55258748-663F-49F6-A6B8-125D6D80A444}.Debug-Dll|Win32.ActiveCfg = Debug|Win32
		{55258748-663F-49F6-A6B8-125D6D80A444}.Debug-Dll|Win32.Build.0 = Debug|Win32
		{55258748-663F-49F6-A6B8-125D6D80A444}.Debug-Dll|x64.ActiveCfg = Debug|Win32
		{55258748-663F-49F6-A6B8-125D6D80A444}.Debug-Lib|Any CPU.ActiveCfg = Debug|Win32
		{55258748-663F-49F6-A6B8-125D6D80A444}.Debug-Lib|Mixed Platforms.ActiveCfg = Debug|Win32
		{55258748-663F-49F6-A6B8-125D6D80A444}.Debug-Lib|Mixed Platforms.Build.0 = Debug|Win32
		{55258748-663F-49F6-A6B8-125D6D80A444}.Debug-Lib|Win32.ActiveCfg = Debug|Win32
		{55258748-663F-49F6-A6B8-125D6D80A444}.Debug-Lib|Win32.Build.0 = Debug|Win32
		{55258748-663F-49F6-A6B8-125D6D80A444}.Debug-Lib|x64.ActiveCfg = Debug|Win32
		{55258748-663F-49F6-A6B8-125D6D80A444}.Release|Any CPU.ActiveCfg = Release|Win32
		{55258748-663F-49F6-A6B8-125D6D80A444}.Release|Mixed Platforms.ActiveCfg = Release|Win32
		{55258748-663F-49F6-A6B8-125D6D80A444}.Release|Mixed Platforms.Build.0 = Release|Win32
		{55258748-663F-49F6-A6B8-125D6D80A444}.Release|Win32.ActiveCfg = Release|Win32
		{55258748-663F-49F6-A6B8-125D6D80A444}.Release|Win32.Build.0 = Release|Win32
		{55258748-663F-49F6-A6B8-125D6D80A444}.Release|x64.ActiveCfg = Release|Win32
		{55258748-663F-49F6-A6B8-125D6D80A444}.Release-Dll|Any CPU.ActiveCfg = Release|Win32
		{55258748-663F-49F6-A6B8-125D6D80A444}.Release-Dll|Mixed Platforms.ActiveCfg = Release|Win32
		{55258748-663F-49F6-A6B8-125D6D80A444}.Release-Dll|Mixed Platforms.Build.0 = Release|Win32
		{55258748-663F-49F6-A6B8-125D6D80A444}.Release-Dll|Win32.ActiveCfg = Release|Win32
		{55258748-663F-49F6-A6B8-125D6D80A444}.Release-Dll|Win32.Build.0 = Release|Win32
		{55258748-663F-49F6-A6B8-125D6D80A444}.Release-Dll|x64.ActiveCfg = Release|Win32
		{55258748-663F-49F6-A6B8-125D6D80A444}.Release-Lib|Any CPU.ActiveCfg = Release|Win32
		{55258748-663F-49F6-A6B8-125D6D80A444}.Release-Lib|Mixed Platforms.ActiveCfg = Release|Win32
		{55258748-663F-49F6-A6B8-125D6D80A444}.Release-Lib|Mixed Platforms.Build.0 = Release|Win32
		{55258748-663F-49F6-A6B8-125D6D80A444}.Release-Lib|Win32.ActiveCfg = Release|Win32
		{55258748-663F-49F6-A6B8-125D6D80A444}.Release-Lib|Win32.Build.0 = Release|Win32
		{55258748-663F-49F6-A6B8-125D6D80A444}.Release-Lib|x64.ActiveCfg = Release|Win32
		{C02FD0DA-4C15-4C93-833A-A4A107EAA37E}.Debug|Any CPU.ActiveCfg = Debug|Win32
		{C02FD0DA-4C15-4C93-833A-A4A107EAA37E}.Debug|Mixed Platforms.ActiveCfg = Debug|Win32
		{C02FD0DA-4C15-4C93-833A-A4A107EAA37E}.Debug|Mixed Platforms.Build.0 = Debug|Win32
		{C02FD0DA-4C15-4C93-833A-A4A107EAA37E}.Debug|Win32.ActiveCfg = Debug|Win32
		{C02FD0DA-4C15-4C93-833A-A4A107EAA37E}.Debug|Win32.Build.0 = Debug|Win32
		{C02FD0DA-4C15-4C93-833A-A4A107EAA37E}.Debug|x64.ActiveCfg = Debug|Win32
		{C02FD0DA-4C15-4C93-833A-A4A107EAA37E}.Debug-Dll|Any CPU.ActiveCfg = Debug|Win32
		{C02FD0DA-4C15-4C93-833A-A4A107EAA37E}.Debug-Dll|Mixed Platforms.ActiveCfg = Debug|Win32
		{C02FD0DA-4C15-4C93-833A-A4A107EAA37E}.Debug-Dll|Mixed Platforms.Build.0 = Debug|Win32
		{C02FD0DA-4C15-4C93-833A-A4A107EAA37E}.Debug-Dll|Win32.ActiveCfg = Debug|Win32
		{C02FD0DA-4C15-4C93-833A-A4A107EAA37E}.Debug-Dll|Win32.Build.0 = Debug|Win32
		{C02FD0DA-4C15-4C93-833A-A4A107EAA37E}.Debug-Dll|x64.ActiveCfg = Debug|Win32
		{C02FD0DA-4C15-4C93-833A-A4A107EAA37E}.Debug-Lib|Any CPU.ActiveCfg = Debug|Win32
		{C02FD0DA-4C15-4C93-833A-A4A107EAA37E}.Debug-Lib|Mixed Platforms.ActiveCfg = Debug|Win32
		{C02FD0DA-4C15-4C93-833A-A4A107EAA37E}.Debug-Lib|Mixed Platforms.Build.0 = Debug|Win32
		{C02FD0DA-4C15-4C93-833A-A4A107EAA37E}.Debug-Lib|Win32.ActiveCfg = Debug|Win32
		{C02FD0DA-4C15-4C93-833A-A4A107EAA37E}.Debug-Lib|Win32.Build.0 = Debug|Win32
		{C02FD0DA-4C15-4C93-833A-A4A107EAA37E}.Debug-Lib|x64.ActiveCfg = Debug|Win32
		{C02FD0DA-4C15-4C93-833A-A4A107EAA37E}.Release|Any CPU.ActiveCfg = Release|Win32
		{C02FD0DA-4C15-4C93-833A-A4A107EAA37E}.Release|Mixed Platforms.ActiveCfg = Release|Win32
		{C02FD0DA-4C15-4C93-833A-A4A107EAA37E}.Release|Mixed Platforms.Build.0 = Release|Win32
		{C02FD0DA-4C15-4C93-833A-A4A107EAA37E}.Release|Win32.ActiveCfg = Release|Win32
		{C02FD0DA-4C15-4C93-833A-A4A107EAA37E}.Release|Win32.Build.0 = Release|Win32
		{C02FD0DA-4C15-4C93-833A-A4A107EAA37E}.Release|x64.ActiveCfg = Release|Win32
		{C02FD0DA-4C15-4C93-833A-A4A107EAA37E}.Release-Dll|Any CPU.ActiveCfg = Release|Win32
		{C02FD0DA-4C15-4C93-833A-A4A107EAA37E}.Release-Dll|Mixed Platforms.ActiveCfg = Release|Win32
		{C02FD0DA-4C15-4C93-833A-A4A107EAA37E}.Release-Dll|Mixed Platforms.Build.0 = Release|Win32
		{C02FD0DA-4C15-4C93-833A-A4A107EAA37E}.Release-Dll|Win32.ActiveCfg = Release|Win32
		{C02FD0DA-4C15-4C93-833A-A4A107EAA37E}.Release-Dll|Win32.Build.0 = Release|Win32
		{C02FD0DA-4C15-4C93-833A-A4A107EAA37E}.Release-Dll|x64.ActiveCfg = Release|Win32
		{C02FD0DA-4C15-4C93-833A-A4A107EAA37E}.Release-Lib|Any CPU.ActiveCfg = Release|Win32
		{C02FD0DA-4C15-4C93-833A-A4A107EAA37E}.Release-Lib|Mixed Platforms.ActiveCfg = Release|Win32
		{C02FD0DA-4C15-4C93-833A-A4A107EAA37E}.Release-Lib|Mixed Platforms.Build.0 = Release|Win32
		{C02FD0DA-4C15-4C93-833A-A4A107EAA37E}.Release-Lib|Win32.ActiveCfg = Release|Win32
		{C02FD0DA-4C15-4C93-833A-A4A107EAA37E}.Release-Lib|Win32.Build.0 = Release|Win32
		{C02FD0DA-4C15-4C93-833A-A4A107EAA37E}.Release-Lib|x64.ActiveCfg = Release|Win32
		{05B6C66D-D1FA-415F-B9AF-8FBA8116B92C}.Debug|Any CPU.ActiveCfg = Debug|Win32
		{05B6C66D-D1FA-415F-B9AF-8FBA8116B92C}.Debug|Mixed Platforms.ActiveCfg = Debug|Win32
		{05B6C66D-D1FA-415F-B9AF-8FBA8116B92C}.Debug|Mixed Platforms.Build.0 = Debug|Win32
		{05B6C66D-D1FA-415F-B9AF-8FBA8116B92C}.Debug|Win32.ActiveCfg = Debug|Win32
		{05B6C66D-D1FA-415F-B9AF-8FBA8116B92C}.Debug|Win32.Build.0 = Debug|Win32
		{05B6C66D-D1FA-415F-B9AF-8FBA8116B92C}.Debug|x64.ActiveCfg = Debug|Win32
		{05B6C66D-D1FA-415F-B9AF-8FBA8116B92C}.Debug-Dll|Any CPU.ActiveCfg = Debug|Win32
		{05B6C66D-D1FA-415F-B9AF-8FBA8116B92C}.Debug-Dll|Mixed Platforms.ActiveCfg = Debug|Win32
		{05B6C66D-D1FA-415F-B9AF-8FBA8116B92C}.Debug-Dll|Mixed Platforms.Build.0 = Debug|Win32
		{05B6C66D-D1FA-415F-B9AF-8FBA8116B92C}.Debug-Dll|Win32.ActiveCfg = Debug|Win32
		{05B6C66D-D1FA-415F-B9AF-8FBA8116B92C}.Debug-Dll|Win32.Build.0 = Debug|Win32
		{05B6C66D-D1FA-415F-B9AF-8FBA8116B92C}.Debug-Dll|x64.ActiveCfg = Debug|Win32
		{05B6C66D-D1FA-415F-B9AF-8FBA8116B92C}.Debug-Lib|Any CPU.ActiveCfg = Debug|Win32
		{05B6C66D-D1FA-415F-B9AF-8FBA8116B92C}.Debug-Lib|Mixed Platforms.ActiveCfg = Debug|Win32
		{05B6C66D-D1FA-415F-B9AF-8FBA8116B92C}.Debug-Lib|Mixed Platforms.Build.0 = Debug|Win32
		{05B6C66D-D1FA-415F-B9AF-8FBA8116B92C}.Debug-Lib|Win32.ActiveCfg = Debug|Win32
		{05B6C66D-D1FA-415F-B9AF-8FBA8116B92C}.Debug-Lib|Win32.Build.0 = Debug|Win32
		{05B6C66D-D1FA-415F-B9AF-8FBA8116B92C}.Debug-Lib|x64.ActiveCfg = Debug|Win32
		{05B6C66D-D1FA-415F-B9AF-8FBA8116B92C}.Release|Any CPU.ActiveCfg = Release|Win32
		{05B6C66D-D1FA-415F-B9AF-8FBA8116B92C}.Release|Mixed Platforms.ActiveCfg = Release|Win32
		{05B6C66D-D1FA-415F-B9AF-8FBA8116B92C}.Release|Mixed Platforms.Build.0 = Release|Win32
		{05B6C66D-D1FA-415F-B9AF-8FBA8116B92C}.Release|Win32.ActiveCfg = Release|Win32
		{05B6C66D-D1FA-415F-B9AF-8FBA8116B92C}.Release|Win32.Build.0 = Release|Win32
		{05B6C66D-D1FA-415F-B9AF-8FBA8116B92C}.Release|x64.ActiveCfg = Release|Win32
		{05B6C66D-D1FA-415F-B9AF-8FBA8116B92C}.Release-Dll|Any CPU.ActiveCfg = Release|Win32
		{05B6C66D-D1FA-415F-B9AF-8FBA8116B92C}.Release-Dll|Mixed Platforms.ActiveCfg = Release|Win32
		{05B6C66D-D1FA-415F-B9AF-8FBA8116B92C}.Release-Dll|Mixed Platforms.Build.0 = Release|Win32
		{05B6C66D-D1FA-415F-B9AF-8FBA8116B92C}.Release-Dll|Win32.ActiveCfg = Release|Win32
		{05B6C66D-D1FA-415F-B9AF-8FBA8116B92C}.Release-Dll|Win32.Build.0 = Release|Win32
		{05B6C66D-D1FA-415F-B9AF-8FBA8116B92C}.Release-Dll|x64.ActiveCfg = Release|Win32
		{05B6C66D-D1FA-415F-B9AF-8FBA8116B92C}.Release-Lib|Any CPU.ActiveCfg = Release|Win32
		{05B6C66D-D1FA-415F-B9AF-8FBA8116B92C}.Release-Lib|Mixed Platforms.ActiveCfg = Release|Win32
		{05B6C66D-D1FA-415F-B9AF-8FBA8116B92C}.Release-Lib|Mixed Platforms.Build.0 = Release|Win32
		{05B6C66D-D1FA-415F-B9AF-8FBA8116B92C}.Release-Lib|Win32.ActiveCfg = Release|Win32
		{05B6C66D-D1FA-415F-B9AF-8FBA8116B92C}.Release-Lib|Win32.Build.0 = Release|Win32
		{05B6C66D-D1FA-415F-B9AF-8FBA8116B92C}.Release-Lib|x64.ActiveCfg = Release|Win32
		{C4F06700-9E22-4B8A-B12D-F0DEA47655CE}.Debug|Any CPU.ActiveCfg = Debug|Any CPU
		{C4F06700-9E22-4B8A-B12D-F0DEA47655CE}.Debug|Any CPU.Build.0 = Debug|Any CPU
		{C4F06700-9E22-4B8A-B12D-F0DEA47655CE}.Debug|Mixed Platforms.ActiveCfg = Debug|Any CPU
		{C4F06700-9E22-4B8A-B12D-F0DEA47655CE}.Debug|Mixed Platforms.Build.0 = Debug|Any CPU
		{C4F06700-9E22-4B8A-B12D-F0DEA47655CE}.Debug|Win32.ActiveCfg = Debug|Any CPU
		{C4F06700-9E22-4B8A-B12D-F0DEA47655CE}.Debug|x64.ActiveCfg = Debug|Any CPU
		{C4F06700-9E22-4B8A-B12D-F0DEA47655CE}.Debug-Dll|Any CPU.ActiveCfg = Debug|Any CPU
		{C4F06700-9E22-4B8A-B12D-F0DEA47655CE}.Debug-Dll|Any CPU.Build.0 = Debug|Any CPU
		{C4F06700-9E22-4B8A-B12D-F0DEA47655CE}.Debug-Dll|Mixed Platforms.ActiveCfg = Debug|Any CPU
		{C4F06700-9E22-4B8A-B12D-F0DEA47655CE}.Debug-Dll|Mixed Platforms.Build.0 = Debug|Any CPU
		{C4F06700-9E22-4B8A-B12D-F0DEA47655CE}.Debug-Dll|Win32.ActiveCfg = Debug|Any CPU
		{C4F06700-9E22-4B8A-B12D-F0DEA47655CE}.Debug-Dll|x64.ActiveCfg = Debug|Any CPU
		{C4F06700-9E22-4B8A-B12D-F0DEA47655CE}.Debug-Lib|Any CPU.ActiveCfg = Debug|Any CPU
		{C4F06700-9E22-4B8A-B12D-F0DEA47655CE}.Debug-Lib|Any CPU.Build.0 = Debug|Any CPU
		{C4F06700-9E22-4B8A-B12D-F0DEA47655CE}.Debug-Lib|Mixed Platforms.ActiveCfg = Debug|Any CPU
		{C4F06700-9E22-4B8A-B12D-F0DEA47655CE}.Debug-Lib|Mixed Platforms.Build.0 = Debug|Any CPU
		{C4F06700-9E22-4B8A-B12D-F0DEA47655CE}.Debug-Lib|Win32.ActiveCfg = Debug|Any CPU
		{C4F06700-9E22-4B8A-B12D-F0DEA47655CE}.Debug-Lib|x64.ActiveCfg = Debug|Any CPU
		{C4F06700-9E22-4B8A-B12D-F0DEA47655CE}.Release|Any CPU.ActiveCfg = Release|Any CPU
		{C4F06700-9E22-4B8A-B12D-F0DEA47655CE}.Release|Any CPU.Build.0 = Release|Any CPU
		{C4F06700-9E22-4B8A-B12D-F0DEA47655CE}.Release|Mixed Platforms.ActiveCfg = Release|Any CPU
		{C4F06700-9E22-4B8A-B12D-F0DEA47655CE}.Release|Mixed Platforms.Build.0 = Release|Any CPU
		{C4F06700-9E22-4B8A-B12D-F0DEA47655CE}.Release|Win32.ActiveCfg = Release|Any CPU
		{C4F06700-9E22-4B8A-B12D-F0DEA47655CE}.Release|x64.ActiveCfg = Release|Any CPU
		{C4F06700-9E22-4B8A-B12D-F0DEA47655CE}.Release-Dll|Any CPU.ActiveCfg = Release|Any CPU
		{C4F06700-9E22-4B8A-B12D-F0DEA47655CE}.Release-Dll|Any CPU.Build.0 = Release|Any CPU
		{C4F06700-9E22-4B8A-B12D-F0DEA47655CE}.Release-Dll|Mixed Platforms.ActiveCfg = Release|Any CPU
		{C4F06700-9E22-4B8A-B12D-F0DEA47655CE}.Release-Dll|Mixed Platforms.Build.0 = Release|Any CPU
		{C4F06700-9E22-4B8A-B12D-F0DEA47655CE}.Release-Dll|Win32.ActiveCfg = Release|Any CPU
		{C4F06700-9E22-4B8A-B12D-F0DEA47655CE}.Release-Dll|x64.ActiveCfg = Release|Any CPU
		{C4F06700-9E22-4B8A-B12D-F0DEA47655CE}.Release-Lib|Any CPU.ActiveCfg = Release|Any CPU
		{C4F06700-9E22-4B8A-B12D-F0DEA47655CE}.Release-Lib|Any CPU.Build.0 = Release|Any CPU
		{C4F06700-9E22-4B8A-B12D-F0DEA47655CE}.Release-Lib|Mixed Platforms.ActiveCfg = Release|Any CPU
		{C4F06700-9E22-4B8A-B12D-F0DEA47655CE}.Release-Lib|Mixed Platforms.Build.0 = Release|Any CPU
		{C4F06700-9E22-4B8A-B12D-F0DEA47655CE}.Release-Lib|Win32.ActiveCfg = Release|Any CPU
		{C4F06700-9E22-4B8A-B12D-F0DEA47655CE}.Release-Lib|x64.ActiveCfg = Release|Any CPU
		{D1C528B6-AA02-4D29-9D61-DC08E317A70D}.Debug|Any CPU.ActiveCfg = Debug-Dll|Win32
		{D1C528B6-AA02-4D29-9D61-DC08E317A70D}.Debug|Mixed Platforms.ActiveCfg = Debug-Dll|Win32
		{D1C528B6-AA02-4D29-9D61-DC08E317A70D}.Debug|Mixed Platforms.Build.0 = Debug-Dll|Win32
		{D1C528B6-AA02-4D29-9D61-DC08E317A70D}.Debug|Win32.ActiveCfg = Debug-Dll|Win32
		{D1C528B6-AA02-4D29-9D61-DC08E317A70D}.Debug|Win32.Build.0 = Debug-Dll|Win32
		{D1C528B6-AA02-4D29-9D61-DC08E317A70D}.Debug|x64.ActiveCfg = Debug-Dll|x64
		{D1C528B6-AA02-4D29-9D61-DC08E317A70D}.Debug|x64.Build.0 = Debug-Dll|x64
		{D1C528B6-AA02-4D29-9D61-DC08E317A70D}.Debug-Dll|Any CPU.ActiveCfg = Debug-Dll|Win32
		{D1C528B6-AA02-4D29-9D61-DC08E317A70D}.Debug-Dll|Mixed Platforms.ActiveCfg = Debug-Dll|Win32
		{D1C528B6-AA02-4D29-9D61-DC08E317A70D}.Debug-Dll|Mixed Platforms.Build.0 = Debug-Dll|Win32
		{D1C528B6-AA02-4D29-9D61-DC08E317A70D}.Debug-Dll|Win32.ActiveCfg = Debug-Dll|Win32
		{D1C528B6-AA02-4D29-9D61-DC08E317A70D}.Debug-Dll|Win32.Build.0 = Debug-Dll|Win32
		{D1C528B6-AA02-4D29-9D61-DC08E317A70D}.Debug-Dll|x64.ActiveCfg = Debug-Dll|x64
		{D1C528B6-AA02-4D29-9D61-DC08E317A70D}.Debug-Dll|x64.Build.0 = Debug-Dll|x64
		{D1C528B6-AA02-4D29-9D61-DC08E317A70D}.Debug-Lib|Any CPU.ActiveCfg = Debug-Lib|Win32
		{D1C528B6-AA02-4D29-9D61-DC08E317A70D}.Debug-Lib|Mixed Platforms.ActiveCfg = Debug-Lib|Win32
		{D1C528B6-AA02-4D29-9D61-DC08E317A70D}.Debug-Lib|Mixed Platforms.Build.0 = Debug-Lib|Win32
		{D1C528B6-AA02-4D29-9D61-DC08E317A70D}.Debug-Lib|Win32.ActiveCfg = Debug-Lib|Win32
		{D1C528B6-AA02-4D29-9D61-DC08E317A70D}.Debug-Lib|Win32.Build.0 = Debug-Lib|Win32
		{D1C528B6-AA02-4D29-9D61-DC08E317A70D}.Debug-Lib|x64.ActiveCfg = Debug-Lib|x64
		{D1C528B6-AA02-4D29-9D61-DC08E317A70D}.Debug-Lib|x64.Build.0 = Debug-Lib|x64
		{D1C528B6-AA02-4D29-9D61-DC08E317A70D}.Release|Any CPU.ActiveCfg = Release-Lib|Win32
		{D1C528B6-AA02-4D29-9D61-DC08E317A70D}.Release|Mixed Platforms.ActiveCfg = Release-Lib|Win32
		{D1C528B6-AA02-4D29-9D61-DC08E317A70D}.Release|Mixed Platforms.Build.0 = Release-Lib|Win32
		{D1C528B6-AA02-4D29-9D61-DC08E317A70D}.Release|Win32.ActiveCfg = Release-Lib|Win32
		{D1C528B6-AA02-4D29-9D61-DC08E317A70D}.Release|Win32.Build.0 = Release-Lib|Win32
		{D1C528B6-AA02-4D29-9D61-DC08E317A70D}.Release|x64.ActiveCfg = Release-Lib|x64
		{D1C528B6-AA02-4D29-9D61-DC08E317A70D}.Release|x64.Build.0 = Release-Lib|x64
		{D1C528B6-AA02-4D29-9D61-DC08E317A70D}.Release-Dll|Any CPU.ActiveCfg = Release-Dll|Win32
		{D1C528B6-AA02-4D29-9D61-DC08E317A70D}.Release-Dll|Mixed Platforms.ActiveCfg = Release-Dll|Win32
		{D1C528B6-AA02-4D29-9D61-DC08E317A70D}.Release-Dll|Mixed Platforms.Build.0 = Release-Dll|Win32
		{D1C528B6-AA02-4D29-9D61-DC08E317A70D}.Release-Dll|Win32.ActiveCfg = Release-Dll|Win32
		{D1C528B6-AA02-4D29-9D61-DC08E317A70D}.Release-Dll|Win32.Build.0 = Release-Dll|Win32
		{D1C528B6-AA02-4D29-9D61-DC08E317A70D}.Release-Dll|x64.ActiveCfg = Release-Dll|x64
		{D1C528B6-AA02-4D29-9D61-DC08E317A70D}.Release-Dll|x64.Build.0 = Release-Dll|x64
		{D1C528B6-AA02-4D29-9D61-DC08E317A70D}.Release-Lib|Any CPU.ActiveCfg = Release-Lib|Win32
		{D1C528B6-AA02-4D29-9D61-DC08E317A70D}.Release-Lib|Mixed Platforms.ActiveCfg = Release-Lib|Win32
		{D1C528B6-AA02-4D29-9D61-DC08E317A70D}.Release-Lib|Mixed Platforms.Build.0 = Release-Lib|Win32
		{D1C528B6-AA02-4D29-9D61-DC08E317A70D}.Release-Lib|Win32.ActiveCfg = Release-Lib|Win32
		{D1C528B6-AA02-4D29-9D61-DC08E317A70D}.Release-Lib|Win32.Build.0 = Release-Lib|Win32
		{D1C528B6-AA02-4D29-9D61-DC08E317A70D}.Release-Lib|x64.ActiveCfg = Release-Lib|x64
		{D1C528B6-AA02-4D29-9D61-DC08E317A70D}.Release-Lib|x64.Build.0 = Release-Lib|x64
		{9AE1DB15-7CBE-4256-AC23-B1508647F962}.Debug|Any CPU.ActiveCfg = Debug|Any CPU
		{9AE1DB15-7CBE-4256-AC23-B1508647F962}.Debug|Any CPU.Build.0 = Debug|Any CPU
		{9AE1DB15-7CBE-4256-AC23-B1508647F962}.Debug|Mixed Platforms.ActiveCfg = Debug|Any CPU
		{9AE1DB15-7CBE-4256-AC23-B1508647F962}.Debug|Mixed Platforms.Build.0 = Debug|Any CPU
		{9AE1DB15-7CBE-4256-AC23-B1508647F962}.Debug|Win32.ActiveCfg = Debug|Any CPU
		{9AE1DB15-7CBE-4256-AC23-B1508647F962}.Debug|x64.ActiveCfg = Debug|Any CPU
		{9AE1DB15-7CBE-4256-AC23-B1508647F962}.Debug-Dll|Any CPU.ActiveCfg = Debug|Any CPU
		{9AE1DB15-7CBE-4256-AC23-B1508647F962}.Debug-Dll|Any CPU.Build.0 = Debug|Any CPU
		{9AE1DB15-7CBE-4256-AC23-B1508647F962}.Debug-Dll|Mixed Platforms.ActiveCfg = Debug|Any CPU
		{9AE1DB15-7CBE-4256-AC23-B1508647F962}.Debug-Dll|Mixed Platforms.Build.0 = Debug|Any CPU
		{9AE1DB15-7CBE-4256-AC23-B1508647F962}.Debug-Dll|Win32.ActiveCfg = Debug|Any CPU
		{9AE1DB15-7CBE-4256-AC23-B1508647F962}.Debug-Dll|x64.ActiveCfg = Debug|Any CPU
		{9AE1DB15-7CBE-4256-AC23-B1508647F962}.Debug-Lib|Any CPU.ActiveCfg = Debug|Any CPU
		{9AE1DB15-7CBE-4256-AC23-B1508647F962}.Debug-Lib|Any CPU.Build.0 = Debug|Any CPU
		{9AE1DB15-7CBE-4256-AC23-B1508647F962}.Debug-Lib|Mixed Platforms.ActiveCfg = Debug|Any CPU
		{9AE1DB15-7CBE-4256-AC23-B1508647F962}.Debug-Lib|Mixed Platforms.Build.0 = Debug|Any CPU
		{9AE1DB15-7CBE-4256-AC23-B1508647F962}.Debug-Lib|Win32.ActiveCfg = Debug|Any CPU
		{9AE1DB15-7CBE-4256-AC23-B1508647F962}.Debug-Lib|x64.ActiveCfg = Debug|Any CPU
		{9AE1DB15-7CBE-4256-AC23-B1508647F962}.Release|Any CPU.ActiveCfg = Release|Any CPU
		{9AE1DB15-7CBE-4256-AC23-B1508647F962}.Release|Any CPU.Build.0 = Release|Any CPU
		{9AE1DB15-7CBE-4256-AC23-B1508647F962}.Release|Mixed Platforms.ActiveCfg = Release|Any CPU
		{9AE1DB15-7CBE-4256-AC23-B1508647F962}.Release|Mixed Platforms.Build.0 = Release|Any CPU
		{9AE1DB15-7CBE-4256-AC23-B1508647F962}.Release|Win32.ActiveCfg = Release|Any CPU
		{9AE1DB15-7CBE-4256-AC23-B1508647F962}.Release|x64.ActiveCfg = Release|Any CPU
		{9AE1DB15-7CBE-4256-AC23-B1508647F962}.Release-Dll|Any CPU.ActiveCfg = Release|Any CPU
		{9AE1DB15-7CBE-4256-AC23-B1508647F962}.Release-Dll|Any CPU.Build.0 = Release|Any CPU
		{9AE1DB15-7CBE-4256-AC23-B1508647F962}.Release-Dll|Mixed Platforms.ActiveCfg = Release|Any CPU
		{9AE1DB15-7CBE-4256-AC23-B1508647F962}.Release-Dll|Mixed Platforms.Build.0 = Release|Any CPU
		{9AE1DB15-7CBE-4256-AC23-B1508647F962}.Release-Dll|Win32.ActiveCfg = Release|Any CPU
		{9AE1DB15-7CBE-4256-AC23-B1508647F962}.Release-Dll|x64.ActiveCfg = Release|Any CPU
		{9AE1DB15-7CBE-4256-AC23-B1508647F962}.Release-Lib|Any CPU.ActiveCfg = Release|Any CPU
		{9AE1DB15-7CBE-4256-AC23-B1508647F962}.Release-Lib|Any CPU.Build.0 = Release|Any CPU
		{9AE1DB15-7CBE-4256-AC23-B1508647F962}.Release-Lib|Mixed Platforms.ActiveCfg = Release|Any CPU
		{9AE1DB15-7CBE-4256-AC23-B1508647F962}.Release-Lib|Mixed Platforms.Build.0 = Release|Any CPU
		{9AE1DB15-7CBE-4256-AC23-B1508647F962}.Release-Lib|Win32.ActiveCfg = Release|Any CPU
		{9AE1DB15-7CBE-4256-AC23-B1508647F962}.Release-Lib|x64.ActiveCfg = Release|Any CPU
	EndGlobalSection
	GlobalSection(SolutionProperties) = preSolution
		HideSolutionNode = FALSE
	EndGlobalSection
EndGlobal
