
Microsoft Visual Studio Solution File, Format Version 12.00
# Visual Studio 14
VisualStudioVersion = 14.0.25420.1
MinimumVisualStudioVersion = 10.0.40219.1
Project("{8BC9CEB8-8B4A-11D0-8D11-00A0C91BC942}") = "RLSimion-Lib", "RLSimion-Lib\RL-Lib.vcxproj", "{A97CFEAC-DBE2-433C-9454-6D1D2749C591}"
	ProjectSection(ProjectDependencies) = postProject
		{E19A21A4-12E4-4BE4-9DAB-B56B609E5BC4} = {E19A21A4-12E4-4BE4-9DAB-B56B609E5BC4}
		{D1C528B6-AA02-4D29-9D61-DC08E317A70D} = {D1C528B6-AA02-4D29-9D61-DC08E317A70D}
	EndProjectSection
EndProject
Project("{2150E333-8FDC-42A3-9474-1A3956D46DE8}") = "tools", "tools", "{78D64C99-9407-468F-9581-D5C97CBDF7C7}"
EndProject
Project("{2150E333-8FDC-42A3-9474-1A3956D46DE8}") = "3rd-party", "3rd-party", "{099CD7F1-5991-4071-BE1E-9CA7EA840AA1}"
EndProject
Project("{8BC9CEB8-8B4A-11D0-8D11-00A0C91BC942}") = "tinyxml2", "tinyxml2\tinyxml2\tinyxml2.vcxproj", "{D1C528B6-AA02-4D29-9D61-DC08E317A70D}"
EndProject
Project("{8BC9CEB8-8B4A-11D0-8D11-00A0C91BC942}") = "RLSimion", "RLSimion\RLSimion-Lib.vcxproj", "{55258748-663F-49F6-A6B8-125D6D80A444}"
	ProjectSection(ProjectDependencies) = postProject
		{E19A21A4-12E4-4BE4-9DAB-B56B609E5BC4} = {E19A21A4-12E4-4BE4-9DAB-B56B609E5BC4}
		{A97CFEAC-DBE2-433C-9454-6D1D2749C591} = {A97CFEAC-DBE2-433C-9454-6D1D2749C591}
		{D1C528B6-AA02-4D29-9D61-DC08E317A70D} = {D1C528B6-AA02-4D29-9D61-DC08E317A70D}
	EndProjectSection
EndProject
Project("{8BC9CEB8-8B4A-11D0-8D11-00A0C91BC942}") = "TESTInputOutputFile", "tools\TESTInputOutputFile\TESTInputOutputFile.vcxproj", "{16DD90A9-0519-4AEC-9F57-B13C9DFD46FB}"
	ProjectSection(ProjectDependencies) = postProject
		{FD9AE56D-DF2C-4B8E-B0FE-4787DEA87BC8} = {FD9AE56D-DF2C-4B8E-B0FE-4787DEA87BC8}
		{E19A21A4-12E4-4BE4-9DAB-B56B609E5BC4} = {E19A21A4-12E4-4BE4-9DAB-B56B609E5BC4}
		{A97CFEAC-DBE2-433C-9454-6D1D2749C591} = {A97CFEAC-DBE2-433C-9454-6D1D2749C591}
		{D1C528B6-AA02-4D29-9D61-DC08E317A70D} = {D1C528B6-AA02-4D29-9D61-DC08E317A70D}
	EndProjectSection
EndProject
Project("{8BC9CEB8-8B4A-11D0-8D11-00A0C91BC942}") = "RLSimionInterfaceDLL", "tools\RLSimionInterfaceDLL\RLSimionInterfaceDLL.vcxproj", "{FD9AE56D-DF2C-4B8E-B0FE-4787DEA87BC8}"
	ProjectSection(ProjectDependencies) = postProject
		{55258748-663F-49F6-A6B8-125D6D80A444} = {55258748-663F-49F6-A6B8-125D6D80A444}
		{D1C528B6-AA02-4D29-9D61-DC08E317A70D} = {D1C528B6-AA02-4D29-9D61-DC08E317A70D}
	EndProjectSection
EndProject
Project("{FAE04EC0-301F-11D3-BF4B-00C04F79EFBC}") = "HerdAgentService", "tools\HerdAgent\HerdAgentService.csproj", "{3917EF51-812D-40C0-A742-DB73CAFC0918}"
EndProject
Project("{FAE04EC0-301F-11D3-BF4B-00C04F79EFBC}") = "CustomXMLBuilder", "tools\CustomXMLBuilder\CustomXMLBuilder.csproj", "{E19A21A4-12E4-4BE4-9DAB-B56B609E5BC4}"
EndProject
Project("{FAE04EC0-301F-11D3-BF4B-00C04F79EFBC}") = "TESTHerdAgent", "tools\TESTHerdAgent\TESTHerdAgent.csproj", "{1ADDBF7A-4064-42FB-846F-7D22E8BB9B5B}"
EndProject
Project("{8BC9CEB8-8B4A-11D0-8D11-00A0C91BC942}") = "binLogFileReadTest", "tools\binLogFileReadTest\binLogFileReadTest.vcxproj", "{052D07D1-0F65-484A-AA8E-E4F9F627C631}"
EndProject
Project("{FAE04EC0-301F-11D3-BF4B-00C04F79EFBC}") = "binLogFileReadTestCSharp", "tools\binLogFileReadTestCSharp\binLogFileReadTestCSharp.csproj", "{999476DA-4E8A-407C-98DF-419994F7330D}"
EndProject
Project("{FAE04EC0-301F-11D3-BF4B-00C04F79EFBC}") = "examplesBatchUpdater", "tools\examplesBatchUpdater\examplesBatchUpdater.csproj", "{BE337CEC-19C8-4D23-8F41-F8E3355A4A28}"
EndProject
Project("{FAE04EC0-301F-11D3-BF4B-00C04F79EFBC}") = "Badger", "Badger\Badger.csproj", "{575C1FF1-8401-4EC8-8E58-4A09D2659DED}"
	ProjectSection(ProjectDependencies) = postProject
		{55258748-663F-49F6-A6B8-125D6D80A444} = {55258748-663F-49F6-A6B8-125D6D80A444}
		{FD9AE56D-DF2C-4B8E-B0FE-4787DEA87BC8} = {FD9AE56D-DF2C-4B8E-B0FE-4787DEA87BC8}
		{A97CFEAC-DBE2-433C-9454-6D1D2749C591} = {A97CFEAC-DBE2-433C-9454-6D1D2749C591}
	EndProjectSection
EndProject
Project("{8BC9CEB8-8B4A-11D0-8D11-00A0C91BC942}") = "sutton-mountaincar-sarsa", "tools\sutton-mountaincar-sarsa\sutton-mountaincar-sarsa.vcxproj", "{764CDB80-F8B0-47EF-8733-022DD51BE931}"
EndProject
Project("{FAE04EC0-301F-11D3-BF4B-00C04F79EFBC}") = "Herd", "tools\Herd\Herd.csproj", "{75640896-F22E-4295-BB90-560CB48BB2B2}"
EndProject
Project("{2150E333-8FDC-42A3-9474-1A3956D46DE8}") = "installers", "installers", "{66BE88CA-FAA4-469D-B16D-3FA641E7FB73}"
EndProject
Project("{54435603-DBB4-11D2-8724-00A0C9A8B90C}") = "HerdAgent Installer Project", "installers\HerdAgent\HerdAgent Installer Project.vdproj", "{BA24F453-E770-410D-B644-1BE1A12CD3CF}"
EndProject
Project("{54435603-DBB4-11D2-8724-00A0C9A8B90C}") = "Badger Installer Project", "installers\Badger Installer Project\Badger Installer Project.vdproj", "{0EF01CE6-5F4F-493A-AC77-0CA8526F1764}"
EndProject
Global
	GlobalSection(SolutionConfigurationPlatforms) = preSolution
		Debug|Any CPU = Debug|Any CPU
		Debug|Mixed Platforms = Debug|Mixed Platforms
		Debug|Win32 = Debug|Win32
		Debug|x64 = Debug|x64
		Debug|x86 = Debug|x86
		Release|Any CPU = Release|Any CPU
		Release|Mixed Platforms = Release|Mixed Platforms
		Release|Win32 = Release|Win32
		Release|x64 = Release|x64
		Release|x86 = Release|x86
	EndGlobalSection
	GlobalSection(ProjectConfigurationPlatforms) = postSolution
		{A97CFEAC-DBE2-433C-9454-6D1D2749C591}.Debug|Any CPU.ActiveCfg = Debug|Win32
		{A97CFEAC-DBE2-433C-9454-6D1D2749C591}.Debug|Any CPU.Build.0 = Debug|Win32
		{A97CFEAC-DBE2-433C-9454-6D1D2749C591}.Debug|Mixed Platforms.ActiveCfg = Debug|Win32
		{A97CFEAC-DBE2-433C-9454-6D1D2749C591}.Debug|Mixed Platforms.Build.0 = Debug|Win32
		{A97CFEAC-DBE2-433C-9454-6D1D2749C591}.Debug|Win32.ActiveCfg = Debug|Win32
		{A97CFEAC-DBE2-433C-9454-6D1D2749C591}.Debug|Win32.Build.0 = Debug|Win32
		{A97CFEAC-DBE2-433C-9454-6D1D2749C591}.Debug|x64.ActiveCfg = Debug|Win32
		{A97CFEAC-DBE2-433C-9454-6D1D2749C591}.Debug|x86.ActiveCfg = Debug|Win32
		{A97CFEAC-DBE2-433C-9454-6D1D2749C591}.Debug|x86.Build.0 = Debug|Win32
		{A97CFEAC-DBE2-433C-9454-6D1D2749C591}.Release|Any CPU.ActiveCfg = Release|Win32
		{A97CFEAC-DBE2-433C-9454-6D1D2749C591}.Release|Mixed Platforms.ActiveCfg = Release|Win32
		{A97CFEAC-DBE2-433C-9454-6D1D2749C591}.Release|Mixed Platforms.Build.0 = Release|Win32
		{A97CFEAC-DBE2-433C-9454-6D1D2749C591}.Release|Win32.ActiveCfg = Release|Win32
		{A97CFEAC-DBE2-433C-9454-6D1D2749C591}.Release|Win32.Build.0 = Release|Win32
		{A97CFEAC-DBE2-433C-9454-6D1D2749C591}.Release|x64.ActiveCfg = Release|Win32
		{A97CFEAC-DBE2-433C-9454-6D1D2749C591}.Release|x86.ActiveCfg = Release|Win32
		{A97CFEAC-DBE2-433C-9454-6D1D2749C591}.Release|x86.Build.0 = Release|Win32
		{D1C528B6-AA02-4D29-9D61-DC08E317A70D}.Debug|Any CPU.ActiveCfg = Debug|Win32
		{D1C528B6-AA02-4D29-9D61-DC08E317A70D}.Debug|Any CPU.Build.0 = Debug|Win32
		{D1C528B6-AA02-4D29-9D61-DC08E317A70D}.Debug|Mixed Platforms.ActiveCfg = Debug|Win32
		{D1C528B6-AA02-4D29-9D61-DC08E317A70D}.Debug|Mixed Platforms.Build.0 = Debug|Win32
		{D1C528B6-AA02-4D29-9D61-DC08E317A70D}.Debug|Win32.ActiveCfg = Debug|Win32
		{D1C528B6-AA02-4D29-9D61-DC08E317A70D}.Debug|Win32.Build.0 = Debug|Win32
		{D1C528B6-AA02-4D29-9D61-DC08E317A70D}.Debug|x64.ActiveCfg = Debug|x64
		{D1C528B6-AA02-4D29-9D61-DC08E317A70D}.Debug|x64.Build.0 = Debug|x64
		{D1C528B6-AA02-4D29-9D61-DC08E317A70D}.Debug|x86.ActiveCfg = Debug|Win32
		{D1C528B6-AA02-4D29-9D61-DC08E317A70D}.Debug|x86.Build.0 = Debug|Win32
		{D1C528B6-AA02-4D29-9D61-DC08E317A70D}.Release|Any CPU.ActiveCfg = Release|Win32
		{D1C528B6-AA02-4D29-9D61-DC08E317A70D}.Release|Mixed Platforms.ActiveCfg = Release|Win32
		{D1C528B6-AA02-4D29-9D61-DC08E317A70D}.Release|Mixed Platforms.Build.0 = Release|Win32
		{D1C528B6-AA02-4D29-9D61-DC08E317A70D}.Release|Win32.ActiveCfg = Release|Win32
		{D1C528B6-AA02-4D29-9D61-DC08E317A70D}.Release|Win32.Build.0 = Release|Win32
		{D1C528B6-AA02-4D29-9D61-DC08E317A70D}.Release|x64.ActiveCfg = Release|x64
		{D1C528B6-AA02-4D29-9D61-DC08E317A70D}.Release|x64.Build.0 = Release|x64
		{D1C528B6-AA02-4D29-9D61-DC08E317A70D}.Release|x86.ActiveCfg = Release|Win32
		{D1C528B6-AA02-4D29-9D61-DC08E317A70D}.Release|x86.Build.0 = Release|Win32
		{55258748-663F-49F6-A6B8-125D6D80A444}.Debug|Any CPU.ActiveCfg = Debug|Win32
		{55258748-663F-49F6-A6B8-125D6D80A444}.Debug|Any CPU.Build.0 = Debug|Win32
		{55258748-663F-49F6-A6B8-125D6D80A444}.Debug|Mixed Platforms.ActiveCfg = Debug|Win32
		{55258748-663F-49F6-A6B8-125D6D80A444}.Debug|Mixed Platforms.Build.0 = Debug|Win32
		{55258748-663F-49F6-A6B8-125D6D80A444}.Debug|Win32.ActiveCfg = Debug|Win32
		{55258748-663F-49F6-A6B8-125D6D80A444}.Debug|Win32.Build.0 = Debug|Win32
		{55258748-663F-49F6-A6B8-125D6D80A444}.Debug|x64.ActiveCfg = Debug|Win32
		{55258748-663F-49F6-A6B8-125D6D80A444}.Debug|x86.ActiveCfg = Debug|Win32
		{55258748-663F-49F6-A6B8-125D6D80A444}.Debug|x86.Build.0 = Debug|Win32
		{55258748-663F-49F6-A6B8-125D6D80A444}.Release|Any CPU.ActiveCfg = Release|Win32
		{55258748-663F-49F6-A6B8-125D6D80A444}.Release|Mixed Platforms.ActiveCfg = Release|Win32
		{55258748-663F-49F6-A6B8-125D6D80A444}.Release|Mixed Platforms.Build.0 = Release|Win32
		{55258748-663F-49F6-A6B8-125D6D80A444}.Release|Win32.ActiveCfg = Release|Win32
		{55258748-663F-49F6-A6B8-125D6D80A444}.Release|Win32.Build.0 = Release|Win32
		{55258748-663F-49F6-A6B8-125D6D80A444}.Release|x64.ActiveCfg = Release|Win32
		{55258748-663F-49F6-A6B8-125D6D80A444}.Release|x86.ActiveCfg = Release|Win32
		{55258748-663F-49F6-A6B8-125D6D80A444}.Release|x86.Build.0 = Release|Win32
		{16DD90A9-0519-4AEC-9F57-B13C9DFD46FB}.Debug|Any CPU.ActiveCfg = Debug|Win32
		{16DD90A9-0519-4AEC-9F57-B13C9DFD46FB}.Debug|Any CPU.Build.0 = Debug|Win32
		{16DD90A9-0519-4AEC-9F57-B13C9DFD46FB}.Debug|Mixed Platforms.ActiveCfg = Debug|Win32
		{16DD90A9-0519-4AEC-9F57-B13C9DFD46FB}.Debug|Mixed Platforms.Build.0 = Debug|Win32
		{16DD90A9-0519-4AEC-9F57-B13C9DFD46FB}.Debug|Win32.ActiveCfg = Debug|Win32
		{16DD90A9-0519-4AEC-9F57-B13C9DFD46FB}.Debug|x64.ActiveCfg = Debug|Win32
		{16DD90A9-0519-4AEC-9F57-B13C9DFD46FB}.Debug|x86.ActiveCfg = Debug|Win32
		{16DD90A9-0519-4AEC-9F57-B13C9DFD46FB}.Debug|x86.Build.0 = Debug|Win32
		{16DD90A9-0519-4AEC-9F57-B13C9DFD46FB}.Release|Any CPU.ActiveCfg = Release|Win32
		{16DD90A9-0519-4AEC-9F57-B13C9DFD46FB}.Release|Mixed Platforms.ActiveCfg = Release|Win32
		{16DD90A9-0519-4AEC-9F57-B13C9DFD46FB}.Release|Mixed Platforms.Build.0 = Release|Win32
		{16DD90A9-0519-4AEC-9F57-B13C9DFD46FB}.Release|Win32.ActiveCfg = Release|Win32
		{16DD90A9-0519-4AEC-9F57-B13C9DFD46FB}.Release|Win32.Build.0 = Release|Win32
		{16DD90A9-0519-4AEC-9F57-B13C9DFD46FB}.Release|x64.ActiveCfg = Release|Win32
		{16DD90A9-0519-4AEC-9F57-B13C9DFD46FB}.Release|x86.ActiveCfg = Release|Win32
		{16DD90A9-0519-4AEC-9F57-B13C9DFD46FB}.Release|x86.Build.0 = Release|Win32
		{FD9AE56D-DF2C-4B8E-B0FE-4787DEA87BC8}.Debug|Any CPU.ActiveCfg = Debug|Win32
		{FD9AE56D-DF2C-4B8E-B0FE-4787DEA87BC8}.Debug|Any CPU.Build.0 = Debug|Win32
		{FD9AE56D-DF2C-4B8E-B0FE-4787DEA87BC8}.Debug|Mixed Platforms.ActiveCfg = Debug|Win32
		{FD9AE56D-DF2C-4B8E-B0FE-4787DEA87BC8}.Debug|Mixed Platforms.Build.0 = Debug|Win32
		{FD9AE56D-DF2C-4B8E-B0FE-4787DEA87BC8}.Debug|Win32.ActiveCfg = Debug|Win32
		{FD9AE56D-DF2C-4B8E-B0FE-4787DEA87BC8}.Debug|Win32.Build.0 = Debug|Win32
		{FD9AE56D-DF2C-4B8E-B0FE-4787DEA87BC8}.Debug|x64.ActiveCfg = Debug|Win32
		{FD9AE56D-DF2C-4B8E-B0FE-4787DEA87BC8}.Debug|x86.ActiveCfg = Debug|Win32
		{FD9AE56D-DF2C-4B8E-B0FE-4787DEA87BC8}.Debug|x86.Build.0 = Debug|Win32
		{FD9AE56D-DF2C-4B8E-B0FE-4787DEA87BC8}.Release|Any CPU.ActiveCfg = Release|Win32
		{FD9AE56D-DF2C-4B8E-B0FE-4787DEA87BC8}.Release|Mixed Platforms.ActiveCfg = Release|Win32
		{FD9AE56D-DF2C-4B8E-B0FE-4787DEA87BC8}.Release|Mixed Platforms.Build.0 = Release|Win32
		{FD9AE56D-DF2C-4B8E-B0FE-4787DEA87BC8}.Release|Win32.ActiveCfg = Release|Win32
		{FD9AE56D-DF2C-4B8E-B0FE-4787DEA87BC8}.Release|Win32.Build.0 = Release|Win32
		{FD9AE56D-DF2C-4B8E-B0FE-4787DEA87BC8}.Release|x64.ActiveCfg = Release|Win32
		{FD9AE56D-DF2C-4B8E-B0FE-4787DEA87BC8}.Release|x86.ActiveCfg = Release|Win32
		{FD9AE56D-DF2C-4B8E-B0FE-4787DEA87BC8}.Release|x86.Build.0 = Release|Win32
		{3917EF51-812D-40C0-A742-DB73CAFC0918}.Debug|Any CPU.ActiveCfg = Debug|Any CPU
		{3917EF51-812D-40C0-A742-DB73CAFC0918}.Debug|Any CPU.Build.0 = Debug|Any CPU
		{3917EF51-812D-40C0-A742-DB73CAFC0918}.Debug|Mixed Platforms.ActiveCfg = Debug|Any CPU
		{3917EF51-812D-40C0-A742-DB73CAFC0918}.Debug|Mixed Platforms.Build.0 = Debug|Any CPU
		{3917EF51-812D-40C0-A742-DB73CAFC0918}.Debug|Win32.ActiveCfg = Debug|Any CPU
		{3917EF51-812D-40C0-A742-DB73CAFC0918}.Debug|Win32.Build.0 = Debug|Any CPU
		{3917EF51-812D-40C0-A742-DB73CAFC0918}.Debug|x64.ActiveCfg = Debug|Any CPU
		{3917EF51-812D-40C0-A742-DB73CAFC0918}.Debug|x86.ActiveCfg = Debug|Any CPU
		{3917EF51-812D-40C0-A742-DB73CAFC0918}.Release|Any CPU.ActiveCfg = Release|Any CPU
		{3917EF51-812D-40C0-A742-DB73CAFC0918}.Release|Any CPU.Build.0 = Release|Any CPU
		{3917EF51-812D-40C0-A742-DB73CAFC0918}.Release|Mixed Platforms.ActiveCfg = Release|Any CPU
		{3917EF51-812D-40C0-A742-DB73CAFC0918}.Release|Mixed Platforms.Build.0 = Release|Any CPU
		{3917EF51-812D-40C0-A742-DB73CAFC0918}.Release|Win32.ActiveCfg = Release|Any CPU
		{3917EF51-812D-40C0-A742-DB73CAFC0918}.Release|x64.ActiveCfg = Release|Any CPU
		{3917EF51-812D-40C0-A742-DB73CAFC0918}.Release|x86.ActiveCfg = Release|Any CPU
		{E19A21A4-12E4-4BE4-9DAB-B56B609E5BC4}.Debug|Any CPU.ActiveCfg = Debug|Any CPU
		{E19A21A4-12E4-4BE4-9DAB-B56B609E5BC4}.Debug|Any CPU.Build.0 = Debug|Any CPU
		{E19A21A4-12E4-4BE4-9DAB-B56B609E5BC4}.Debug|Mixed Platforms.ActiveCfg = Debug|Any CPU
		{E19A21A4-12E4-4BE4-9DAB-B56B609E5BC4}.Debug|Mixed Platforms.Build.0 = Debug|Any CPU
		{E19A21A4-12E4-4BE4-9DAB-B56B609E5BC4}.Debug|Win32.ActiveCfg = Debug|Any CPU
		{E19A21A4-12E4-4BE4-9DAB-B56B609E5BC4}.Debug|x64.ActiveCfg = Debug|Any CPU
		{E19A21A4-12E4-4BE4-9DAB-B56B609E5BC4}.Debug|x86.ActiveCfg = Debug|Any CPU
		{E19A21A4-12E4-4BE4-9DAB-B56B609E5BC4}.Release|Any CPU.ActiveCfg = Release|Any CPU
		{E19A21A4-12E4-4BE4-9DAB-B56B609E5BC4}.Release|Any CPU.Build.0 = Release|Any CPU
		{E19A21A4-12E4-4BE4-9DAB-B56B609E5BC4}.Release|Mixed Platforms.ActiveCfg = Release|Any CPU
		{E19A21A4-12E4-4BE4-9DAB-B56B609E5BC4}.Release|Mixed Platforms.Build.0 = Release|Any CPU
		{E19A21A4-12E4-4BE4-9DAB-B56B609E5BC4}.Release|Win32.ActiveCfg = Release|Any CPU
		{E19A21A4-12E4-4BE4-9DAB-B56B609E5BC4}.Release|x64.ActiveCfg = Release|Any CPU
		{E19A21A4-12E4-4BE4-9DAB-B56B609E5BC4}.Release|x86.ActiveCfg = Release|Any CPU
		{1ADDBF7A-4064-42FB-846F-7D22E8BB9B5B}.Debug|Any CPU.ActiveCfg = Debug|Any CPU
		{1ADDBF7A-4064-42FB-846F-7D22E8BB9B5B}.Debug|Any CPU.Build.0 = Debug|Any CPU
		{1ADDBF7A-4064-42FB-846F-7D22E8BB9B5B}.Debug|Mixed Platforms.ActiveCfg = Debug|Any CPU
		{1ADDBF7A-4064-42FB-846F-7D22E8BB9B5B}.Debug|Mixed Platforms.Build.0 = Debug|Any CPU
		{1ADDBF7A-4064-42FB-846F-7D22E8BB9B5B}.Debug|Win32.ActiveCfg = Debug|Any CPU
		{1ADDBF7A-4064-42FB-846F-7D22E8BB9B5B}.Debug|x64.ActiveCfg = Debug|Any CPU
		{1ADDBF7A-4064-42FB-846F-7D22E8BB9B5B}.Debug|x86.ActiveCfg = Debug|Any CPU
		{1ADDBF7A-4064-42FB-846F-7D22E8BB9B5B}.Release|Any CPU.ActiveCfg = Release|Any CPU
		{1ADDBF7A-4064-42FB-846F-7D22E8BB9B5B}.Release|Any CPU.Build.0 = Release|Any CPU
		{1ADDBF7A-4064-42FB-846F-7D22E8BB9B5B}.Release|Mixed Platforms.ActiveCfg = Release|Any CPU
		{1ADDBF7A-4064-42FB-846F-7D22E8BB9B5B}.Release|Mixed Platforms.Build.0 = Release|Any CPU
		{1ADDBF7A-4064-42FB-846F-7D22E8BB9B5B}.Release|Win32.ActiveCfg = Release|Any CPU
		{1ADDBF7A-4064-42FB-846F-7D22E8BB9B5B}.Release|x64.ActiveCfg = Release|Any CPU
		{1ADDBF7A-4064-42FB-846F-7D22E8BB9B5B}.Release|x86.ActiveCfg = Release|Any CPU
		{052D07D1-0F65-484A-AA8E-E4F9F627C631}.Debug|Any CPU.ActiveCfg = Debug|Win32
		{052D07D1-0F65-484A-AA8E-E4F9F627C631}.Debug|Mixed Platforms.ActiveCfg = Debug|Win32
		{052D07D1-0F65-484A-AA8E-E4F9F627C631}.Debug|Mixed Platforms.Build.0 = Debug|Win32
		{052D07D1-0F65-484A-AA8E-E4F9F627C631}.Debug|Win32.ActiveCfg = Debug|Win32
		{052D07D1-0F65-484A-AA8E-E4F9F627C631}.Debug|x64.ActiveCfg = Debug|Win32
		{052D07D1-0F65-484A-AA8E-E4F9F627C631}.Debug|x86.ActiveCfg = Debug|Win32
		{052D07D1-0F65-484A-AA8E-E4F9F627C631}.Debug|x86.Build.0 = Debug|Win32
		{052D07D1-0F65-484A-AA8E-E4F9F627C631}.Release|Any CPU.ActiveCfg = Release|Win32
		{052D07D1-0F65-484A-AA8E-E4F9F627C631}.Release|Mixed Platforms.ActiveCfg = Release|Win32
		{052D07D1-0F65-484A-AA8E-E4F9F627C631}.Release|Mixed Platforms.Build.0 = Release|Win32
		{052D07D1-0F65-484A-AA8E-E4F9F627C631}.Release|Win32.ActiveCfg = Release|Win32
		{052D07D1-0F65-484A-AA8E-E4F9F627C631}.Release|Win32.Build.0 = Release|Win32
		{052D07D1-0F65-484A-AA8E-E4F9F627C631}.Release|x64.ActiveCfg = Release|Win32
		{052D07D1-0F65-484A-AA8E-E4F9F627C631}.Release|x86.ActiveCfg = Release|Win32
		{052D07D1-0F65-484A-AA8E-E4F9F627C631}.Release|x86.Build.0 = Release|Win32
		{999476DA-4E8A-407C-98DF-419994F7330D}.Debug|Any CPU.ActiveCfg = Debug|Any CPU
		{999476DA-4E8A-407C-98DF-419994F7330D}.Debug|Any CPU.Build.0 = Debug|Any CPU
		{999476DA-4E8A-407C-98DF-419994F7330D}.Debug|Mixed Platforms.ActiveCfg = Debug|Any CPU
		{999476DA-4E8A-407C-98DF-419994F7330D}.Debug|Mixed Platforms.Build.0 = Debug|Any CPU
		{999476DA-4E8A-407C-98DF-419994F7330D}.Debug|Win32.ActiveCfg = Debug|Any CPU
		{999476DA-4E8A-407C-98DF-419994F7330D}.Debug|x64.ActiveCfg = Debug|Any CPU
		{999476DA-4E8A-407C-98DF-419994F7330D}.Debug|x86.ActiveCfg = Debug|Any CPU
		{999476DA-4E8A-407C-98DF-419994F7330D}.Release|Any CPU.ActiveCfg = Release|Any CPU
		{999476DA-4E8A-407C-98DF-419994F7330D}.Release|Any CPU.Build.0 = Release|Any CPU
		{999476DA-4E8A-407C-98DF-419994F7330D}.Release|Mixed Platforms.ActiveCfg = Release|Any CPU
		{999476DA-4E8A-407C-98DF-419994F7330D}.Release|Mixed Platforms.Build.0 = Release|Any CPU
		{999476DA-4E8A-407C-98DF-419994F7330D}.Release|Win32.ActiveCfg = Release|Any CPU
		{999476DA-4E8A-407C-98DF-419994F7330D}.Release|x64.ActiveCfg = Release|Any CPU
		{999476DA-4E8A-407C-98DF-419994F7330D}.Release|x86.ActiveCfg = Release|Any CPU
		{BE337CEC-19C8-4D23-8F41-F8E3355A4A28}.Debug|Any CPU.ActiveCfg = Debug|Any CPU
		{BE337CEC-19C8-4D23-8F41-F8E3355A4A28}.Debug|Any CPU.Build.0 = Debug|Any CPU
		{BE337CEC-19C8-4D23-8F41-F8E3355A4A28}.Debug|Mixed Platforms.ActiveCfg = Debug|Any CPU
		{BE337CEC-19C8-4D23-8F41-F8E3355A4A28}.Debug|Mixed Platforms.Build.0 = Debug|Any CPU
		{BE337CEC-19C8-4D23-8F41-F8E3355A4A28}.Debug|Win32.ActiveCfg = Debug|Any CPU
		{BE337CEC-19C8-4D23-8F41-F8E3355A4A28}.Debug|x64.ActiveCfg = Debug|Any CPU
		{BE337CEC-19C8-4D23-8F41-F8E3355A4A28}.Debug|x86.ActiveCfg = Debug|Any CPU
		{BE337CEC-19C8-4D23-8F41-F8E3355A4A28}.Release|Any CPU.ActiveCfg = Release|Any CPU
		{BE337CEC-19C8-4D23-8F41-F8E3355A4A28}.Release|Any CPU.Build.0 = Release|Any CPU
		{BE337CEC-19C8-4D23-8F41-F8E3355A4A28}.Release|Mixed Platforms.ActiveCfg = Release|Any CPU
		{BE337CEC-19C8-4D23-8F41-F8E3355A4A28}.Release|Mixed Platforms.Build.0 = Release|Any CPU
		{BE337CEC-19C8-4D23-8F41-F8E3355A4A28}.Release|Win32.ActiveCfg = Release|Any CPU
		{BE337CEC-19C8-4D23-8F41-F8E3355A4A28}.Release|x64.ActiveCfg = Release|Any CPU
		{BE337CEC-19C8-4D23-8F41-F8E3355A4A28}.Release|x86.ActiveCfg = Release|Any CPU
		{575C1FF1-8401-4EC8-8E58-4A09D2659DED}.Debug|Any CPU.ActiveCfg = Debug|Any CPU
		{575C1FF1-8401-4EC8-8E58-4A09D2659DED}.Debug|Any CPU.Build.0 = Debug|Any CPU
		{575C1FF1-8401-4EC8-8E58-4A09D2659DED}.Debug|Mixed Platforms.ActiveCfg = Debug|Any CPU
		{575C1FF1-8401-4EC8-8E58-4A09D2659DED}.Debug|Mixed Platforms.Build.0 = Debug|Any CPU
		{575C1FF1-8401-4EC8-8E58-4A09D2659DED}.Debug|Win32.ActiveCfg = Debug|Any CPU
		{575C1FF1-8401-4EC8-8E58-4A09D2659DED}.Debug|Win32.Build.0 = Debug|Any CPU
		{575C1FF1-8401-4EC8-8E58-4A09D2659DED}.Debug|x64.ActiveCfg = Debug|Any CPU
		{575C1FF1-8401-4EC8-8E58-4A09D2659DED}.Debug|x86.ActiveCfg = Debug|Any CPU
		{575C1FF1-8401-4EC8-8E58-4A09D2659DED}.Release|Any CPU.ActiveCfg = Release|Any CPU
		{575C1FF1-8401-4EC8-8E58-4A09D2659DED}.Release|Any CPU.Build.0 = Release|Any CPU
		{575C1FF1-8401-4EC8-8E58-4A09D2659DED}.Release|Mixed Platforms.ActiveCfg = Release|Any CPU
		{575C1FF1-8401-4EC8-8E58-4A09D2659DED}.Release|Mixed Platforms.Build.0 = Release|Any CPU
		{575C1FF1-8401-4EC8-8E58-4A09D2659DED}.Release|Win32.ActiveCfg = Release|Any CPU
		{575C1FF1-8401-4EC8-8E58-4A09D2659DED}.Release|x64.ActiveCfg = Release|Any CPU
		{575C1FF1-8401-4EC8-8E58-4A09D2659DED}.Release|x86.ActiveCfg = Release|Any CPU
		{764CDB80-F8B0-47EF-8733-022DD51BE931}.Debug|Any CPU.ActiveCfg = Debug|Win32
		{764CDB80-F8B0-47EF-8733-022DD51BE931}.Debug|Mixed Platforms.ActiveCfg = Debug|Win32
		{764CDB80-F8B0-47EF-8733-022DD51BE931}.Debug|Mixed Platforms.Build.0 = Debug|Win32
		{764CDB80-F8B0-47EF-8733-022DD51BE931}.Debug|Win32.ActiveCfg = Debug|Win32
		{764CDB80-F8B0-47EF-8733-022DD51BE931}.Debug|x64.ActiveCfg = Debug|Win32
		{764CDB80-F8B0-47EF-8733-022DD51BE931}.Debug|x86.ActiveCfg = Debug|Win32
		{764CDB80-F8B0-47EF-8733-022DD51BE931}.Debug|x86.Build.0 = Debug|Win32
		{764CDB80-F8B0-47EF-8733-022DD51BE931}.Release|Any CPU.ActiveCfg = Release|Win32
		{764CDB80-F8B0-47EF-8733-022DD51BE931}.Release|Mixed Platforms.ActiveCfg = Release|Win32
		{764CDB80-F8B0-47EF-8733-022DD51BE931}.Release|Mixed Platforms.Build.0 = Release|Win32
		{764CDB80-F8B0-47EF-8733-022DD51BE931}.Release|Win32.ActiveCfg = Release|Win32
		{764CDB80-F8B0-47EF-8733-022DD51BE931}.Release|Win32.Build.0 = Release|Win32
		{764CDB80-F8B0-47EF-8733-022DD51BE931}.Release|x64.ActiveCfg = Release|Win32
		{764CDB80-F8B0-47EF-8733-022DD51BE931}.Release|x86.ActiveCfg = Release|Win32
		{764CDB80-F8B0-47EF-8733-022DD51BE931}.Release|x86.Build.0 = Release|Win32
		{75640896-F22E-4295-BB90-560CB48BB2B2}.Debug|Any CPU.ActiveCfg = Debug|Any CPU
		{75640896-F22E-4295-BB90-560CB48BB2B2}.Debug|Any CPU.Build.0 = Debug|Any CPU
		{75640896-F22E-4295-BB90-560CB48BB2B2}.Debug|Mixed Platforms.ActiveCfg = Debug|Any CPU
		{75640896-F22E-4295-BB90-560CB48BB2B2}.Debug|Mixed Platforms.Build.0 = Debug|Any CPU
		{75640896-F22E-4295-BB90-560CB48BB2B2}.Debug|Win32.ActiveCfg = Debug|Any CPU
		{75640896-F22E-4295-BB90-560CB48BB2B2}.Debug|Win32.Build.0 = Debug|Any CPU
		{75640896-F22E-4295-BB90-560CB48BB2B2}.Debug|x64.ActiveCfg = Debug|Any CPU
		{75640896-F22E-4295-BB90-560CB48BB2B2}.Debug|x64.Build.0 = Debug|Any CPU
		{75640896-F22E-4295-BB90-560CB48BB2B2}.Debug|x86.ActiveCfg = Debug|Any CPU
		{75640896-F22E-4295-BB90-560CB48BB2B2}.Debug|x86.Build.0 = Debug|Any CPU
		{75640896-F22E-4295-BB90-560CB48BB2B2}.Release|Any CPU.ActiveCfg = Release|Any CPU
		{75640896-F22E-4295-BB90-560CB48BB2B2}.Release|Any CPU.Build.0 = Release|Any CPU
		{75640896-F22E-4295-BB90-560CB48BB2B2}.Release|Mixed Platforms.ActiveCfg = Release|Any CPU
		{75640896-F22E-4295-BB90-560CB48BB2B2}.Release|Mixed Platforms.Build.0 = Release|Any CPU
		{75640896-F22E-4295-BB90-560CB48BB2B2}.Release|Win32.ActiveCfg = Release|Any CPU
		{75640896-F22E-4295-BB90-560CB48BB2B2}.Release|Win32.Build.0 = Release|Any CPU
		{75640896-F22E-4295-BB90-560CB48BB2B2}.Release|x64.ActiveCfg = Release|Any CPU
		{75640896-F22E-4295-BB90-560CB48BB2B2}.Release|x64.Build.0 = Release|Any CPU
		{75640896-F22E-4295-BB90-560CB48BB2B2}.Release|x86.ActiveCfg = Release|Any CPU
		{75640896-F22E-4295-BB90-560CB48BB2B2}.Release|x86.Build.0 = Release|Any CPU
		{BA24F453-E770-410D-B644-1BE1A12CD3CF}.Debug|Any CPU.ActiveCfg = Debug
		{BA24F453-E770-410D-B644-1BE1A12CD3CF}.Debug|Any CPU.Build.0 = Debug
		{BA24F453-E770-410D-B644-1BE1A12CD3CF}.Debug|Mixed Platforms.ActiveCfg = Debug
		{BA24F453-E770-410D-B644-1BE1A12CD3CF}.Debug|Mixed Platforms.Build.0 = Debug
		{BA24F453-E770-410D-B644-1BE1A12CD3CF}.Debug|Win32.ActiveCfg = Debug
		{BA24F453-E770-410D-B644-1BE1A12CD3CF}.Debug|x64.ActiveCfg = Debug
		{BA24F453-E770-410D-B644-1BE1A12CD3CF}.Debug|x64.Build.0 = Debug
		{BA24F453-E770-410D-B644-1BE1A12CD3CF}.Debug|x86.ActiveCfg = Debug
		{BA24F453-E770-410D-B644-1BE1A12CD3CF}.Debug|x86.Build.0 = Debug
		{BA24F453-E770-410D-B644-1BE1A12CD3CF}.Release|Any CPU.ActiveCfg = Release
		{BA24F453-E770-410D-B644-1BE1A12CD3CF}.Release|Any CPU.Build.0 = Release
		{BA24F453-E770-410D-B644-1BE1A12CD3CF}.Release|Mixed Platforms.ActiveCfg = Release
		{BA24F453-E770-410D-B644-1BE1A12CD3CF}.Release|Mixed Platforms.Build.0 = Release
		{BA24F453-E770-410D-B644-1BE1A12CD3CF}.Release|Win32.ActiveCfg = Release
		{BA24F453-E770-410D-B644-1BE1A12CD3CF}.Release|Win32.Build.0 = Release
		{BA24F453-E770-410D-B644-1BE1A12CD3CF}.Release|x64.ActiveCfg = Release
		{BA24F453-E770-410D-B644-1BE1A12CD3CF}.Release|x64.Build.0 = Release
		{BA24F453-E770-410D-B644-1BE1A12CD3CF}.Release|x86.ActiveCfg = Release
		{BA24F453-E770-410D-B644-1BE1A12CD3CF}.Release|x86.Build.0 = Release
		{0EF01CE6-5F4F-493A-AC77-0CA8526F1764}.Debug|Any CPU.ActiveCfg = Debug
		{0EF01CE6-5F4F-493A-AC77-0CA8526F1764}.Debug|Any CPU.Build.0 = Debug
		{0EF01CE6-5F4F-493A-AC77-0CA8526F1764}.Debug|Mixed Platforms.ActiveCfg = Debug
		{0EF01CE6-5F4F-493A-AC77-0CA8526F1764}.Debug|Mixed Platforms.Build.0 = Debug
		{0EF01CE6-5F4F-493A-AC77-0CA8526F1764}.Debug|Win32.ActiveCfg = Debug
		{0EF01CE6-5F4F-493A-AC77-0CA8526F1764}.Debug|x64.ActiveCfg = Debug
		{0EF01CE6-5F4F-493A-AC77-0CA8526F1764}.Debug|x64.Build.0 = Debug
		{0EF01CE6-5F4F-493A-AC77-0CA8526F1764}.Debug|x86.ActiveCfg = Debug
		{0EF01CE6-5F4F-493A-AC77-0CA8526F1764}.Debug|x86.Build.0 = Debug
		{0EF01CE6-5F4F-493A-AC77-0CA8526F1764}.Release|Any CPU.ActiveCfg = Release
		{0EF01CE6-5F4F-493A-AC77-0CA8526F1764}.Release|Any CPU.Build.0 = Release
		{0EF01CE6-5F4F-493A-AC77-0CA8526F1764}.Release|Mixed Platforms.ActiveCfg = Release
		{0EF01CE6-5F4F-493A-AC77-0CA8526F1764}.Release|Mixed Platforms.Build.0 = Release
		{0EF01CE6-5F4F-493A-AC77-0CA8526F1764}.Release|Win32.ActiveCfg = Release
		{0EF01CE6-5F4F-493A-AC77-0CA8526F1764}.Release|Win32.Build.0 = Release
		{0EF01CE6-5F4F-493A-AC77-0CA8526F1764}.Release|x64.ActiveCfg = Release
		{0EF01CE6-5F4F-493A-AC77-0CA8526F1764}.Release|x64.Build.0 = Release
		{0EF01CE6-5F4F-493A-AC77-0CA8526F1764}.Release|x86.ActiveCfg = Release
		{0EF01CE6-5F4F-493A-AC77-0CA8526F1764}.Release|x86.Build.0 = Release
	EndGlobalSection
	GlobalSection(SolutionProperties) = preSolution
		HideSolutionNode = FALSE
	EndGlobalSection
	GlobalSection(NestedProjects) = preSolution
		{D1C528B6-AA02-4D29-9D61-DC08E317A70D} = {099CD7F1-5991-4071-BE1E-9CA7EA840AA1}
		{16DD90A9-0519-4AEC-9F57-B13C9DFD46FB} = {78D64C99-9407-468F-9581-D5C97CBDF7C7}
		{FD9AE56D-DF2C-4B8E-B0FE-4787DEA87BC8} = {78D64C99-9407-468F-9581-D5C97CBDF7C7}
		{3917EF51-812D-40C0-A742-DB73CAFC0918} = {78D64C99-9407-468F-9581-D5C97CBDF7C7}
		{E19A21A4-12E4-4BE4-9DAB-B56B609E5BC4} = {78D64C99-9407-468F-9581-D5C97CBDF7C7}
		{1ADDBF7A-4064-42FB-846F-7D22E8BB9B5B} = {78D64C99-9407-468F-9581-D5C97CBDF7C7}
		{052D07D1-0F65-484A-AA8E-E4F9F627C631} = {78D64C99-9407-468F-9581-D5C97CBDF7C7}
		{999476DA-4E8A-407C-98DF-419994F7330D} = {78D64C99-9407-468F-9581-D5C97CBDF7C7}
		{BE337CEC-19C8-4D23-8F41-F8E3355A4A28} = {78D64C99-9407-468F-9581-D5C97CBDF7C7}
		{764CDB80-F8B0-47EF-8733-022DD51BE931} = {78D64C99-9407-468F-9581-D5C97CBDF7C7}
		{75640896-F22E-4295-BB90-560CB48BB2B2} = {78D64C99-9407-468F-9581-D5C97CBDF7C7}
		{BA24F453-E770-410D-B644-1BE1A12CD3CF} = {66BE88CA-FAA4-469D-B16D-3FA641E7FB73}
		{0EF01CE6-5F4F-493A-AC77-0CA8526F1764} = {66BE88CA-FAA4-469D-B16D-3FA641E7FB73}
	EndGlobalSection
EndGlobal
