
Microsoft Visual Studio Solution File, Format Version 12.00
# Visual Studio 15
VisualStudioVersion = 15.0.27130.2036
MinimumVisualStudioVersion = 10.0.40219.1
Project("{2150E333-8FDC-42A3-9474-1A3956D46DE8}") = "tools", "tools", "{78D64C99-9407-468F-9581-D5C97CBDF7C7}"
EndProject
Project("{2150E333-8FDC-42A3-9474-1A3956D46DE8}") = "3rd-party", "3rd-party", "{099CD7F1-5991-4071-BE1E-9CA7EA840AA1}"
EndProject
Project("{FAE04EC0-301F-11D3-BF4B-00C04F79EFBC}") = "HerdAgent", "tools\HerdAgent\HerdAgent.csproj", "{3917EF51-812D-40C0-A742-DB73CAFC0918}"
EndProject
Project("{FAE04EC0-301F-11D3-BF4B-00C04F79EFBC}") = "examplesBatchUpdater", "tools\examplesBatchUpdater\examplesBatchUpdater.csproj", "{BE337CEC-19C8-4D23-8F41-F8E3355A4A28}"
EndProject
Project("{FAE04EC0-301F-11D3-BF4B-00C04F79EFBC}") = "Badger", "Badger\Badger.csproj", "{575C1FF1-8401-4EC8-8E58-4A09D2659DED}"
EndProject
Project("{FAE04EC0-301F-11D3-BF4B-00C04F79EFBC}") = "Herd", "tools\Herd\Herd.csproj", "{75640896-F22E-4295-BB90-560CB48BB2B2}"
EndProject
Project("{2150E333-8FDC-42A3-9474-1A3956D46DE8}") = "installers", "installers", "{66BE88CA-FAA4-469D-B16D-3FA641E7FB73}"
EndProject
Project("{54435603-DBB4-11D2-8724-00A0C9A8B90C}") = "HerdAgent Installer Project", "installers\HerdAgent\HerdAgent Installer Project.vdproj", "{BA24F453-E770-410D-B644-1BE1A12CD3CF}"
EndProject
Project("{FAE04EC0-301F-11D3-BF4B-00C04F79EFBC}") = "SimionSrcParser", "tools\SimionSrcParser\SimionSrcParser.csproj", "{B0E022B0-0A52-4BBE-B6FB-44B78003C510}"
EndProject
Project("{2150E333-8FDC-42A3-9474-1A3956D46DE8}") = "tests", "tests", "{009D9677-0544-429B-9B50-B314A34CA972}"
EndProject
Project("{2150E333-8FDC-42A3-9474-1A3956D46DE8}") = "RLSimion", "RLSimion", "{BF490352-B518-4726-BA16-BC447F2D7A37}"
EndProject
Project("{8BC9CEB8-8B4A-11D0-8D11-00A0C91BC942}") = "StateActionVFA", "tests\RLSimion\StateActionVFA\StateActionVFA.vcxproj", "{F5E3244F-9272-469B-8176-5B1940FB2806}"
EndProject
Project("{2150E333-8FDC-42A3-9474-1A3956D46DE8}") = "FAST", "FAST", "{29A69066-0F79-44B7-BBED-13C73A1A1494}"
EndProject
Project("{8BC9CEB8-8B4A-11D0-8D11-00A0C91BC942}") = "tinyxml2", "3rd-party\tinyxml2\tinyxml2.vcxproj", "{D1C528B6-AA02-4D29-9D61-DC08E317A70D}"
EndProject
Project("{2150E333-8FDC-42A3-9474-1A3956D46DE8}") = "tinyxml2", "tinyxml2", "{F32084D3-945B-408B-8491-85D7055C6D6B}"
EndProject
Project("{2150E333-8FDC-42A3-9474-1A3956D46DE8}") = "FAST", "FAST", "{777B2C37-B5AE-4030-BB7F-5BBABC4AEA99}"
EndProject
Project("{8BC9CEB8-8B4A-11D0-8D11-00A0C91BC942}") = "PortalDimensionLoadTest", "3rd-party\FAST\PortalDimensionLoadTest\PortalDimensionLoadTest.vcxproj", "{B7440D4E-C1F0-4780-8D7F-C05302F663A2}"
EndProject
Project("{2150E333-8FDC-42A3-9474-1A3956D46DE8}") = "Bullet", "Bullet", "{7398CB58-8521-4F9F-9E77-E697358E7636}"
EndProject
Project("{8BC9CEB8-8B4A-11D0-8D11-00A0C91BC942}") = "MemPoolTest", "tests\RLSimion\memPoolTest\memPoolTest.vcxproj", "{DD4B013F-354F-4FEB-9B50-ECD843765A25}"
EndProject
Project("{8BC9CEB8-8B4A-11D0-8D11-00A0C91BC942}") = "MemManager", "tests\RLSimion\MemManager\MemManager.vcxproj", "{CC18928F-0699-45B7-85AE-3A9AC1AC58AE}"
EndProject
Project("{8BC9CEB8-8B4A-11D0-8D11-00A0C91BC942}") = "NamedVarSets", "tests\RLSimion\CNamedVarSets\CNamedVarSets.vcxproj", "{F00CE5C3-621D-4677-9228-6ED6BDF18EEB}"
EndProject
Project("{8BC9CEB8-8B4A-11D0-8D11-00A0C91BC942}") = "ExperimentEpisodesSteps", "tests\RLSimion\ExperimentEpisodesSteps\ExperimentEpisodesSteps.vcxproj", "{B9CAE020-B273-4BB8-8369-B51DE976893A}"
EndProject
Project("{8BC9CEB8-8B4A-11D0-8D11-00A0C91BC942}") = "freeglut3", "3rd-party\freeglut3\freeglut3.vcxproj", "{5A98782E-7027-46F9-91E1-E1EDE1E14BF4}"
EndProject
Project("{2150E333-8FDC-42A3-9474-1A3956D46DE8}") = "OpenGL", "OpenGL", "{012CB7EA-8141-4E34-83C2-A85B6DC0E603}"
EndProject
Project("{2150E333-8FDC-42A3-9474-1A3956D46DE8}") = "OpenGLRenderer", "OpenGLRenderer", "{77FC5F8E-C5B8-4C23-9F2B-DEB74DBD214D}"
EndProject
Project("{8BC9CEB8-8B4A-11D0-8D11-00A0C91BC942}") = "OpenGLRenderer", "tools\OpenGLRenderer\OpenGLRenderer.vcxproj", "{B16284D9-E609-4914-9459-0B65EE749489}"
EndProject
Project("{8BC9CEB8-8B4A-11D0-8D11-00A0C91BC942}") = "SimionLogViewer", "tools\SimionLogViewer\SimionLogViewer.vcxproj", "{A1BC7018-1BA7-40DA-8A00-FE662A775577}"
EndProject
Project("{FAE04EC0-301F-11D3-BF4B-00C04F79EFBC}") = "Utilities", "tests\Badger\Utilities\Utilities.csproj", "{59D22F4F-DEA6-4DA8-9771-E86F0E2CBCFF}"
EndProject
Project("{2150E333-8FDC-42A3-9474-1A3956D46DE8}") = "Badger", "Badger", "{4CE3179C-81EA-4334-A339-3DFBB4A975C4}"
EndProject
Project("{8BC9CEB8-8B4A-11D0-8D11-00A0C91BC942}") = "Utilities", "tests\RLSimion\Utilities\Utilities.vcxproj", "{177C0CC0-A392-4667-895E-BE8D5CFBC20B}"
EndProject
Project("{8BC9CEB8-8B4A-11D0-8D11-00A0C91BC942}") = "GeometryLib", "tools\GeometryLib\GeometryLib.vcxproj", "{AABAE018-C8F6-4865-A0F9-E8E46DA55A2D}"
EndProject
Project("{8BC9CEB8-8B4A-11D0-8D11-00A0C91BC942}") = "TestInsideFrustum", "tests\OpenGLRenderer\insideFrustum\insideFrustum.vcxproj", "{C7B7E8E6-E9AF-4E93-B8B2-D951FADC1E85}"
EndProject
Project("{FAE04EC0-301F-11D3-BF4B-00C04F79EFBC}") = "RegExpressions", "tests\Badger\RegExpressions\RegExpressions.csproj", "{E7C3B94C-81D8-4096-AEB4-1B52DCE5C79A}"
EndProject
Project("{8BC9CEB8-8B4A-11D0-8D11-00A0C91BC942}") = "BasicGeometryChecks", "tests\GeometryLib\BasicGeometryChecks\BasicGeometryChecks.vcxproj", "{140D7EFF-4616-4639-BCFA-2F8FDEC0582D}"
EndProject
Project("{2150E333-8FDC-42A3-9474-1A3956D46DE8}") = "GeometryLib", "GeometryLib", "{9B3DDECF-C5BF-4523-BA59-C471EDB98BBB}"
EndProject
Project("{8BC9CEB8-8B4A-11D0-8D11-00A0C91BC942}") = "CNTK-Test", "tests\RLSimion\CNTK-Test\CNTK-Test.vcxproj", "{F9AC2430-D1A0-4AE3-9AD9-77BDF172B6A7}"
EndProject
Project("{FAE04EC0-301F-11D3-BF4B-00C04F79EFBC}") = "AssignExperiments", "tests\Badger\AssignExperiments\AssignExperiments.csproj", "{18972F02-DD58-4B32-A48A-ABEE2EB3B7DF}"
EndProject
Project("{8BC9CEB8-8B4A-11D0-8D11-00A0C91BC942}") = "FeatureMapsTests", "tests\RLSimion\FeatureMapsTests\FeatureMapsTests.vcxproj", "{93EDA956-9633-4149-9E4A-E84F35573A99}"
EndProject
Project("{8BC9CEB8-8B4A-11D0-8D11-00A0C91BC942}") = "FASTDimensionalPortal", "3rd-party\FAST\FASTDimensionalPortal\FASTDimensionalPortal.vcxproj", "{53399A66-B859-4CB6-BCAC-A9A15B80DFD4}"
EndProject
Project("{FAE04EC0-301F-11D3-BF4B-00C04F79EFBC}") = "FunctionLogTest", "tests\Badger\FunctionLogTest\FunctionLogTest.csproj", "{6BFEC8A7-ABEB-4736-A164-DA4AC769A1A6}"
EndProject
Project("{FAE04EC0-301F-11D3-BF4B-00C04F79EFBC}") = "TrackBeauty", "tests\Badger\TrackBeauty\TrackBeauty.csproj", "{8D815BB6-9E99-47EC-891F-FA752CF12388}"
EndProject
Project("{FAE04EC0-301F-11D3-BF4B-00C04F79EFBC}") = "LogQueryCopyTest", "tests\Badger\LogQueryCopyTest\LogQueryCopyTest.csproj", "{7E769838-3158-4696-8423-62CB5BEEAB5F}"
EndProject
Project("{8BC9CEB8-8B4A-11D0-8D11-00A0C91BC942}") = "freeglut3-linux", "3rd-party\freeglut3\freeglut3-linux.vcxproj", "{61D2AC28-EB09-4DAA-B717-CEA7BA358077}"
EndProject
Project("{8BC9CEB8-8B4A-11D0-8D11-00A0C91BC942}") = "glew2", "3rd-party\glew2\glew2.vcxproj", "{C474717F-F37A-4201-AE32-871219C77803}"
EndProject
Project("{8BC9CEB8-8B4A-11D0-8D11-00A0C91BC942}") = "glew2-linux", "3rd-party\glew2\glew2-linux.vcxproj", "{5A78B024-AC4B-444C-95E3-6E3F15D84DBA}"
EndProject
Project("{8BC9CEB8-8B4A-11D0-8D11-00A0C91BC942}") = "GeometryLib-linux", "tools\GeometryLib\GeometryLib-linux.vcxproj", "{5D2A0A84-AC67-4700-8934-A38C01966AD4}"
EndProject
Project("{8BC9CEB8-8B4A-11D0-8D11-00A0C91BC942}") = "OpenGLRenderer-linux", "tools\OpenGLRenderer\OpenGLRenderer-linux.vcxproj", "{6561176D-8E7C-4399-A133-CA9C36C143C5}"
EndProject
Project("{8BC9CEB8-8B4A-11D0-8D11-00A0C91BC942}") = "System", "tools\System\System.vcxproj", "{F32419BF-F083-4552-AA39-610898F34DBB}"
EndProject
Project("{8BC9CEB8-8B4A-11D0-8D11-00A0C91BC942}") = "System-linux", "tools\System\System-linux.vcxproj", "{11EFDD7D-A557-4CC7-AB52-46D850F67A1E}"
EndProject
Project("{2150E333-8FDC-42A3-9474-1A3956D46DE8}") = "System", "System", "{A31D4F19-526E-4365-A7AA-35509F756763}"
EndProject
Project("{8BC9CEB8-8B4A-11D0-8D11-00A0C91BC942}") = "NamedPipesTest", "tests\System\NamedPipesTest\NamedPipesTest.vcxproj", "{105470B1-8256-4A66-A35E-2D7D5745B853}"
EndProject
Project("{8BC9CEB8-8B4A-11D0-8D11-00A0C91BC942}") = "NamedPipesTest-linux", "tests\System\NamedPipesTest\NamedPipesTest-linux.vcxproj", "{91BD863B-4BFF-4783-9F3C-1D3C138787B7}"
EndProject
Project("{8BC9CEB8-8B4A-11D0-8D11-00A0C91BC942}") = "ProcessTest", "tests\System\ProcessTest\ProcessTest.vcxproj", "{77AF1C15-9862-4774-86D6-08E542B159C4}"
EndProject
Project("{8BC9CEB8-8B4A-11D0-8D11-00A0C91BC942}") = "ProcessTest-linux", "tests\System\ProcessTest\ProcessTest-linux.vcxproj", "{6D41EEBC-F715-4DFE-B6C2-41AD65723324}"
EndProject
Project("{8BC9CEB8-8B4A-11D0-8D11-00A0C91BC942}") = "Renderer-test", "tests\OpenGLRenderer\Renderer\Renderer-test.vcxproj", "{588EA9F4-F816-4950-9E68-777D875E86E8}"
EndProject
Project("{8BC9CEB8-8B4A-11D0-8D11-00A0C91BC942}") = "Renderer-test-linux", "tests\OpenGLRenderer\Renderer\Renderer-test-linux.vcxproj", "{C64FA860-E38A-48B0-9D6F-C6391FC9539A}"
EndProject
Project("{FAE04EC0-301F-11D3-BF4B-00C04F79EFBC}") = "StandaloneHerdAgent", "tools\StandaloneHerdAgent\StandaloneHerdAgent.csproj", "{1ADDBF7A-4064-42FB-846F-7D22E8BB9B5B}"
EndProject
Project("{FAE04EC0-301F-11D3-BF4B-00C04F79EFBC}") = "NamedPipeEchoServer", "tests\Badger\NamedPipeEchoServer\NamedPipeEchoServer.csproj", "{C4EB6ED3-4B28-4134-955F-731E74DFDA83}"
EndProject
Project("{FAE04EC0-301F-11D3-BF4B-00C04F79EFBC}") = "NamedPipeConsoleClient", "tests\Badger\NamedPipeConsoleClient\NamedPipeConsoleClient.csproj", "{FECED4ED-43C4-4378-92E7-9B0DF72DD2C5}"
EndProject
Project("{FAE04EC0-301F-11D3-BF4B-00C04F79EFBC}") = "HerdAgentInfo", "tests\Badger\Herd\HerdAgentInfo.csproj", "{176442D2-6B49-484A-B076-126DCDFE3450}"
EndProject
Project("{FAE04EC0-301F-11D3-BF4B-00C04F79EFBC}") = "SimionZooBundle", "installers\SimionZooBundle\SimionZooBundle.csproj", "{7D509B33-B297-4C5E-BDE8-F47C2BDF6EA4}"
EndProject
Project("{FAE04EC0-301F-11D3-BF4B-00C04F79EFBC}") = "SimionZooBundle-linux", "installers\SimionZooBundle-Linux\SimionZooBundle-linux.csproj", "{A21CB180-6521-4F34-9841-E1E9DF1C0734}"
EndProject
Project("{FAE04EC0-301F-11D3-BF4B-00C04F79EFBC}") = "BadgerConsole", "BadgerConsole\BadgerConsole.csproj", "{4A0A4634-66FC-47A3-A6B7-C1A53158E9C7}"
EndProject
Project("{8BC9CEB8-8B4A-11D0-8D11-00A0C91BC942}") = "tinyxml2-linux", "3rd-party\tinyxml2\tinyxml2-linux.vcxproj", "{0407C160-B25C-4A40-ACF8-F8CEC04ADD6B}"
EndProject
Project("{8BC9CEB8-8B4A-11D0-8D11-00A0C91BC942}") = "SOIL", "3rd-party\SOIL\SOIL.vcxproj", "{C32FB2B4-500C-43CD-A099-EECCE079D3F1}"
EndProject
Project("{8BC9CEB8-8B4A-11D0-8D11-00A0C91BC942}") = "SOIL-linux", "3rd-party\SOIL\SOIL-linux.vcxproj", "{FC7BEC9B-7C66-4AD3-A2DE-8441046DBE08}"
EndProject
Project("{8BC9CEB8-8B4A-11D0-8D11-00A0C91BC942}") = "Bullet3", "3rd-party\bullet3-2.86\Bullet3.vcxproj", "{E70C61BB-6B5C-4D0C-A203-9E2C04995BEF}"
EndProject
Project("{8BC9CEB8-8B4A-11D0-8D11-00A0C91BC942}") = "Bullet3-linux", "3rd-party\bullet3-2.86\Bullet3-linux.vcxproj", "{C83DBC2A-7D20-492E-AA68-AB054F00D793}"
EndProject
Project("{2150E333-8FDC-42A3-9474-1A3956D46DE8}") = "RLSimion-projects", "RLSimion-projects", "{07BFD972-1A94-4D92-96E3-2C3AFF4C41FE}"
EndProject
Project("{2150E333-8FDC-42A3-9474-1A3956D46DE8}") = "Badger-projects", "Badger-projects", "{BFF7084A-E51E-4B83-A62A-343B8680EFF0}"
EndProject
Project("{2150E333-8FDC-42A3-9474-1A3956D46DE8}") = "HerdAgent-projects", "HerdAgent-projects", "{27952F70-553F-4C14-9345-9CFBC2272423}"
EndProject
Project("{8BC9CEB8-8B4A-11D0-8D11-00A0C91BC942}") = "RLSimion-Common", "RLSimion\Common\RLSimion-Common.vcxproj", "{E62AAC98-A3AA-4F77-BEB3-3D6E4B3C6EA5}"
EndProject
Project("{8BC9CEB8-8B4A-11D0-8D11-00A0C91BC942}") = "RLSimion-Common-linux", "RLSimion\Common\RLSimion-Common-linux.vcxproj", "{1999E3BF-D76E-4347-802D-B9C0B1E014D5}"
EndProject
Project("{8BC9CEB8-8B4A-11D0-8D11-00A0C91BC942}") = "RLSimion-Lib", "RLSimion\Lib\RLSimion-Lib.vcxproj", "{A97CFEAC-DBE2-433C-9454-6D1D2749C591}"
	ProjectSection(ProjectDependencies) = postProject
		{B0E022B0-0A52-4BBE-B6FB-44B78003C510} = {B0E022B0-0A52-4BBE-B6FB-44B78003C510}
	EndProjectSection
EndProject
Project("{8BC9CEB8-8B4A-11D0-8D11-00A0C91BC942}") = "RLSimion-Lib-linux", "RLSimion\Lib\RLSimion-Lib-linux.vcxproj", "{193A615A-B241-47A3-A144-A095679ED2B1}"
EndProject
Project("{8BC9CEB8-8B4A-11D0-8D11-00A0C91BC942}") = "CNTKWrapper", "RLSimion\CNTKWrapper\CNTKWrapper.vcxproj", "{3341003C-95AB-48CC-9AF0-EFA05A9D905E}"
EndProject
Project("{8BC9CEB8-8B4A-11D0-8D11-00A0C91BC942}") = "CNTKWrapper-linux", "RLSimion\CNTKWrapper\CNTKWrapper-linux.vcxproj", "{A16E7EEE-9C81-4966-B58F-DA1268F00CFE}"
EndProject
Project("{8BC9CEB8-8B4A-11D0-8D11-00A0C91BC942}") = "RLSimion", "RLSimion\App\RLSimion.vcxproj", "{55258748-663F-49F6-A6B8-125D6D80A444}"
EndProject
Project("{8BC9CEB8-8B4A-11D0-8D11-00A0C91BC942}") = "RLSimion-linux", "RLSimion\App\RLSimion-linux.vcxproj", "{E89BFD36-B3E0-4361-B4AE-59C68FB7A124}"
EndProject
Global
	GlobalSection(SolutionConfigurationPlatforms) = preSolution
		Debug|Any CPU = Debug|Any CPU
		Debug|x64 = Debug|x64
		Debug|x86 = Debug|x86
		Release|Any CPU = Release|Any CPU
		Release|x64 = Release|x64
		Release|x86 = Release|x86
	EndGlobalSection
	GlobalSection(ProjectConfigurationPlatforms) = postSolution
		{3917EF51-812D-40C0-A742-DB73CAFC0918}.Debug|Any CPU.ActiveCfg = Debug|Win32
		{3917EF51-812D-40C0-A742-DB73CAFC0918}.Debug|x64.ActiveCfg = Debug|Win32
		{3917EF51-812D-40C0-A742-DB73CAFC0918}.Debug|x64.Build.0 = Debug|Win32
		{3917EF51-812D-40C0-A742-DB73CAFC0918}.Debug|x86.ActiveCfg = Debug|Win32
		{3917EF51-812D-40C0-A742-DB73CAFC0918}.Debug|x86.Build.0 = Debug|Win32
		{3917EF51-812D-40C0-A742-DB73CAFC0918}.Release|Any CPU.ActiveCfg = Release|Win32
		{3917EF51-812D-40C0-A742-DB73CAFC0918}.Release|x64.ActiveCfg = Release|Win32
		{3917EF51-812D-40C0-A742-DB73CAFC0918}.Release|x86.ActiveCfg = Release|Win32
		{3917EF51-812D-40C0-A742-DB73CAFC0918}.Release|x86.Build.0 = Release|Win32
		{BE337CEC-19C8-4D23-8F41-F8E3355A4A28}.Debug|Any CPU.ActiveCfg = Debug|Win32
		{BE337CEC-19C8-4D23-8F41-F8E3355A4A28}.Debug|x64.ActiveCfg = Debug|Win32
		{BE337CEC-19C8-4D23-8F41-F8E3355A4A28}.Debug|x64.Build.0 = Debug|Win32
		{BE337CEC-19C8-4D23-8F41-F8E3355A4A28}.Debug|x86.ActiveCfg = Debug|Win32
		{BE337CEC-19C8-4D23-8F41-F8E3355A4A28}.Debug|x86.Build.0 = Debug|Win32
		{BE337CEC-19C8-4D23-8F41-F8E3355A4A28}.Release|Any CPU.ActiveCfg = Release|Win32
		{BE337CEC-19C8-4D23-8F41-F8E3355A4A28}.Release|x64.ActiveCfg = Release|Win32
		{BE337CEC-19C8-4D23-8F41-F8E3355A4A28}.Release|x86.ActiveCfg = Release|Win32
		{BE337CEC-19C8-4D23-8F41-F8E3355A4A28}.Release|x86.Build.0 = Release|Win32
		{575C1FF1-8401-4EC8-8E58-4A09D2659DED}.Debug|Any CPU.ActiveCfg = Debug|Win32
		{575C1FF1-8401-4EC8-8E58-4A09D2659DED}.Debug|x64.ActiveCfg = Debug|Win32
		{575C1FF1-8401-4EC8-8E58-4A09D2659DED}.Debug|x64.Build.0 = Debug|Win32
		{575C1FF1-8401-4EC8-8E58-4A09D2659DED}.Debug|x86.ActiveCfg = Debug|Win32
		{575C1FF1-8401-4EC8-8E58-4A09D2659DED}.Debug|x86.Build.0 = Debug|Win32
		{575C1FF1-8401-4EC8-8E58-4A09D2659DED}.Release|Any CPU.ActiveCfg = Release|Win32
		{575C1FF1-8401-4EC8-8E58-4A09D2659DED}.Release|x64.ActiveCfg = Release|Win32
		{575C1FF1-8401-4EC8-8E58-4A09D2659DED}.Release|x86.ActiveCfg = Release|Win32
		{575C1FF1-8401-4EC8-8E58-4A09D2659DED}.Release|x86.Build.0 = Release|Win32
		{75640896-F22E-4295-BB90-560CB48BB2B2}.Debug|Any CPU.ActiveCfg = Debug|Win32
		{75640896-F22E-4295-BB90-560CB48BB2B2}.Debug|x64.ActiveCfg = Debug|Win32
		{75640896-F22E-4295-BB90-560CB48BB2B2}.Debug|x64.Build.0 = Debug|Win32
		{75640896-F22E-4295-BB90-560CB48BB2B2}.Debug|x86.ActiveCfg = Debug|Win32
		{75640896-F22E-4295-BB90-560CB48BB2B2}.Debug|x86.Build.0 = Debug|Win32
		{75640896-F22E-4295-BB90-560CB48BB2B2}.Release|Any CPU.ActiveCfg = Release|Win32
		{75640896-F22E-4295-BB90-560CB48BB2B2}.Release|x64.ActiveCfg = Release|Win32
		{75640896-F22E-4295-BB90-560CB48BB2B2}.Release|x86.ActiveCfg = Release|Win32
		{75640896-F22E-4295-BB90-560CB48BB2B2}.Release|x86.Build.0 = Release|Win32
		{BA24F453-E770-410D-B644-1BE1A12CD3CF}.Debug|Any CPU.ActiveCfg = Release
		{BA24F453-E770-410D-B644-1BE1A12CD3CF}.Debug|Any CPU.Build.0 = Release
		{BA24F453-E770-410D-B644-1BE1A12CD3CF}.Debug|x64.ActiveCfg = Release
		{BA24F453-E770-410D-B644-1BE1A12CD3CF}.Debug|x64.Build.0 = Release
		{BA24F453-E770-410D-B644-1BE1A12CD3CF}.Debug|x86.ActiveCfg = Release
		{BA24F453-E770-410D-B644-1BE1A12CD3CF}.Debug|x86.Build.0 = Release
		{BA24F453-E770-410D-B644-1BE1A12CD3CF}.Release|Any CPU.ActiveCfg = Release
		{BA24F453-E770-410D-B644-1BE1A12CD3CF}.Release|Any CPU.Build.0 = Release
		{BA24F453-E770-410D-B644-1BE1A12CD3CF}.Release|x64.ActiveCfg = Release
		{BA24F453-E770-410D-B644-1BE1A12CD3CF}.Release|x64.Build.0 = Release
		{BA24F453-E770-410D-B644-1BE1A12CD3CF}.Release|x86.ActiveCfg = Release
		{BA24F453-E770-410D-B644-1BE1A12CD3CF}.Release|x86.Build.0 = Release
		{B0E022B0-0A52-4BBE-B6FB-44B78003C510}.Debug|Any CPU.ActiveCfg = Debug|Win32
		{B0E022B0-0A52-4BBE-B6FB-44B78003C510}.Debug|x64.ActiveCfg = Debug|Win32
		{B0E022B0-0A52-4BBE-B6FB-44B78003C510}.Debug|x86.ActiveCfg = Debug|Win32
		{B0E022B0-0A52-4BBE-B6FB-44B78003C510}.Debug|x86.Build.0 = Debug|Win32
		{B0E022B0-0A52-4BBE-B6FB-44B78003C510}.Release|Any CPU.ActiveCfg = Release|Win32
		{B0E022B0-0A52-4BBE-B6FB-44B78003C510}.Release|x64.ActiveCfg = Release|Win32
		{B0E022B0-0A52-4BBE-B6FB-44B78003C510}.Release|x86.ActiveCfg = Release|Win32
		{B0E022B0-0A52-4BBE-B6FB-44B78003C510}.Release|x86.Build.0 = Release|Win32
		{F5E3244F-9272-469B-8176-5B1940FB2806}.Debug|Any CPU.ActiveCfg = Debug|Win32
		{F5E3244F-9272-469B-8176-5B1940FB2806}.Debug|x64.ActiveCfg = Debug|x64
		{F5E3244F-9272-469B-8176-5B1940FB2806}.Debug|x64.Build.0 = Debug|x64
		{F5E3244F-9272-469B-8176-5B1940FB2806}.Debug|x86.ActiveCfg = Debug|Win32
		{F5E3244F-9272-469B-8176-5B1940FB2806}.Debug|x86.Build.0 = Debug|Win32
		{F5E3244F-9272-469B-8176-5B1940FB2806}.Release|Any CPU.ActiveCfg = Release|Win32
		{F5E3244F-9272-469B-8176-5B1940FB2806}.Release|x64.ActiveCfg = Release|x64
		{F5E3244F-9272-469B-8176-5B1940FB2806}.Release|x64.Build.0 = Release|x64
		{F5E3244F-9272-469B-8176-5B1940FB2806}.Release|x86.ActiveCfg = Release|Win32
		{F5E3244F-9272-469B-8176-5B1940FB2806}.Release|x86.Build.0 = Release|Win32
		{D1C528B6-AA02-4D29-9D61-DC08E317A70D}.Debug|Any CPU.ActiveCfg = Debug|Win32
		{D1C528B6-AA02-4D29-9D61-DC08E317A70D}.Debug|x64.ActiveCfg = Debug|x64
		{D1C528B6-AA02-4D29-9D61-DC08E317A70D}.Debug|x64.Build.0 = Debug|x64
		{D1C528B6-AA02-4D29-9D61-DC08E317A70D}.Debug|x86.ActiveCfg = Debug|Win32
		{D1C528B6-AA02-4D29-9D61-DC08E317A70D}.Debug|x86.Build.0 = Debug|Win32
		{D1C528B6-AA02-4D29-9D61-DC08E317A70D}.Release|Any CPU.ActiveCfg = Release|Win32
		{D1C528B6-AA02-4D29-9D61-DC08E317A70D}.Release|x64.ActiveCfg = Release|x64
		{D1C528B6-AA02-4D29-9D61-DC08E317A70D}.Release|x64.Build.0 = Release|x64
		{D1C528B6-AA02-4D29-9D61-DC08E317A70D}.Release|x86.ActiveCfg = Release|Win32
		{D1C528B6-AA02-4D29-9D61-DC08E317A70D}.Release|x86.Build.0 = Release|Win32
		{B7440D4E-C1F0-4780-8D7F-C05302F663A2}.Debug|Any CPU.ActiveCfg = Debug|Win32
		{B7440D4E-C1F0-4780-8D7F-C05302F663A2}.Debug|x64.ActiveCfg = Debug|x64
		{B7440D4E-C1F0-4780-8D7F-C05302F663A2}.Debug|x64.Build.0 = Debug|x64
		{B7440D4E-C1F0-4780-8D7F-C05302F663A2}.Debug|x86.ActiveCfg = Debug|Win32
		{B7440D4E-C1F0-4780-8D7F-C05302F663A2}.Debug|x86.Build.0 = Debug|Win32
		{B7440D4E-C1F0-4780-8D7F-C05302F663A2}.Release|Any CPU.ActiveCfg = Release|Win32
		{B7440D4E-C1F0-4780-8D7F-C05302F663A2}.Release|x64.ActiveCfg = Release|x64
		{B7440D4E-C1F0-4780-8D7F-C05302F663A2}.Release|x64.Build.0 = Release|x64
		{B7440D4E-C1F0-4780-8D7F-C05302F663A2}.Release|x86.ActiveCfg = Release|Win32
		{B7440D4E-C1F0-4780-8D7F-C05302F663A2}.Release|x86.Build.0 = Release|Win32
		{DD4B013F-354F-4FEB-9B50-ECD843765A25}.Debug|Any CPU.ActiveCfg = Debug|Win32
		{DD4B013F-354F-4FEB-9B50-ECD843765A25}.Debug|x64.ActiveCfg = Debug|x64
		{DD4B013F-354F-4FEB-9B50-ECD843765A25}.Debug|x64.Build.0 = Debug|x64
		{DD4B013F-354F-4FEB-9B50-ECD843765A25}.Debug|x86.ActiveCfg = Debug|Win32
		{DD4B013F-354F-4FEB-9B50-ECD843765A25}.Debug|x86.Build.0 = Debug|Win32
		{DD4B013F-354F-4FEB-9B50-ECD843765A25}.Release|Any CPU.ActiveCfg = Release|Win32
		{DD4B013F-354F-4FEB-9B50-ECD843765A25}.Release|x64.ActiveCfg = Release|x64
		{DD4B013F-354F-4FEB-9B50-ECD843765A25}.Release|x64.Build.0 = Release|x64
		{DD4B013F-354F-4FEB-9B50-ECD843765A25}.Release|x86.ActiveCfg = Release|Win32
		{DD4B013F-354F-4FEB-9B50-ECD843765A25}.Release|x86.Build.0 = Release|Win32
		{CC18928F-0699-45B7-85AE-3A9AC1AC58AE}.Debug|Any CPU.ActiveCfg = Debug|Win32
		{CC18928F-0699-45B7-85AE-3A9AC1AC58AE}.Debug|x64.ActiveCfg = Debug|x64
		{CC18928F-0699-45B7-85AE-3A9AC1AC58AE}.Debug|x64.Build.0 = Debug|x64
		{CC18928F-0699-45B7-85AE-3A9AC1AC58AE}.Debug|x86.ActiveCfg = Debug|Win32
		{CC18928F-0699-45B7-85AE-3A9AC1AC58AE}.Debug|x86.Build.0 = Debug|Win32
		{CC18928F-0699-45B7-85AE-3A9AC1AC58AE}.Release|Any CPU.ActiveCfg = Release|Win32
		{CC18928F-0699-45B7-85AE-3A9AC1AC58AE}.Release|x64.ActiveCfg = Release|x64
		{CC18928F-0699-45B7-85AE-3A9AC1AC58AE}.Release|x64.Build.0 = Release|x64
		{CC18928F-0699-45B7-85AE-3A9AC1AC58AE}.Release|x86.ActiveCfg = Release|Win32
		{CC18928F-0699-45B7-85AE-3A9AC1AC58AE}.Release|x86.Build.0 = Release|Win32
		{F00CE5C3-621D-4677-9228-6ED6BDF18EEB}.Debug|Any CPU.ActiveCfg = Debug|Win32
		{F00CE5C3-621D-4677-9228-6ED6BDF18EEB}.Debug|x64.ActiveCfg = Debug|x64
		{F00CE5C3-621D-4677-9228-6ED6BDF18EEB}.Debug|x64.Build.0 = Debug|x64
		{F00CE5C3-621D-4677-9228-6ED6BDF18EEB}.Debug|x86.ActiveCfg = Debug|Win32
		{F00CE5C3-621D-4677-9228-6ED6BDF18EEB}.Debug|x86.Build.0 = Debug|Win32
		{F00CE5C3-621D-4677-9228-6ED6BDF18EEB}.Release|Any CPU.ActiveCfg = Release|Win32
		{F00CE5C3-621D-4677-9228-6ED6BDF18EEB}.Release|x64.ActiveCfg = Release|x64
		{F00CE5C3-621D-4677-9228-6ED6BDF18EEB}.Release|x64.Build.0 = Release|x64
		{F00CE5C3-621D-4677-9228-6ED6BDF18EEB}.Release|x86.ActiveCfg = Release|Win32
		{F00CE5C3-621D-4677-9228-6ED6BDF18EEB}.Release|x86.Build.0 = Release|Win32
		{B9CAE020-B273-4BB8-8369-B51DE976893A}.Debug|Any CPU.ActiveCfg = Debug|Win32
		{B9CAE020-B273-4BB8-8369-B51DE976893A}.Debug|x64.ActiveCfg = Debug|x64
		{B9CAE020-B273-4BB8-8369-B51DE976893A}.Debug|x64.Build.0 = Debug|x64
		{B9CAE020-B273-4BB8-8369-B51DE976893A}.Debug|x86.ActiveCfg = Debug|Win32
		{B9CAE020-B273-4BB8-8369-B51DE976893A}.Debug|x86.Build.0 = Debug|Win32
		{B9CAE020-B273-4BB8-8369-B51DE976893A}.Release|Any CPU.ActiveCfg = Release|Win32
		{B9CAE020-B273-4BB8-8369-B51DE976893A}.Release|x64.ActiveCfg = Release|x64
		{B9CAE020-B273-4BB8-8369-B51DE976893A}.Release|x64.Build.0 = Release|x64
		{B9CAE020-B273-4BB8-8369-B51DE976893A}.Release|x86.ActiveCfg = Release|Win32
		{B9CAE020-B273-4BB8-8369-B51DE976893A}.Release|x86.Build.0 = Release|Win32
		{5A98782E-7027-46F9-91E1-E1EDE1E14BF4}.Debug|Any CPU.ActiveCfg = Debug|Win32
		{5A98782E-7027-46F9-91E1-E1EDE1E14BF4}.Debug|x64.ActiveCfg = Debug|x64
		{5A98782E-7027-46F9-91E1-E1EDE1E14BF4}.Debug|x64.Build.0 = Debug|x64
		{5A98782E-7027-46F9-91E1-E1EDE1E14BF4}.Debug|x86.ActiveCfg = Debug|Win32
		{5A98782E-7027-46F9-91E1-E1EDE1E14BF4}.Debug|x86.Build.0 = Debug|Win32
		{5A98782E-7027-46F9-91E1-E1EDE1E14BF4}.Release|Any CPU.ActiveCfg = Release|Win32
		{5A98782E-7027-46F9-91E1-E1EDE1E14BF4}.Release|x64.ActiveCfg = Release|x64
		{5A98782E-7027-46F9-91E1-E1EDE1E14BF4}.Release|x64.Build.0 = Release|x64
		{5A98782E-7027-46F9-91E1-E1EDE1E14BF4}.Release|x86.ActiveCfg = Release|Win32
		{5A98782E-7027-46F9-91E1-E1EDE1E14BF4}.Release|x86.Build.0 = Release|Win32
		{B16284D9-E609-4914-9459-0B65EE749489}.Debug|Any CPU.ActiveCfg = Debug|Win32
		{B16284D9-E609-4914-9459-0B65EE749489}.Debug|x64.ActiveCfg = Debug|x64
		{B16284D9-E609-4914-9459-0B65EE749489}.Debug|x64.Build.0 = Debug|x64
		{B16284D9-E609-4914-9459-0B65EE749489}.Debug|x86.ActiveCfg = Debug|Win32
		{B16284D9-E609-4914-9459-0B65EE749489}.Debug|x86.Build.0 = Debug|Win32
		{B16284D9-E609-4914-9459-0B65EE749489}.Release|Any CPU.ActiveCfg = Release|Win32
		{B16284D9-E609-4914-9459-0B65EE749489}.Release|x64.ActiveCfg = Release|x64
		{B16284D9-E609-4914-9459-0B65EE749489}.Release|x64.Build.0 = Release|x64
		{B16284D9-E609-4914-9459-0B65EE749489}.Release|x86.ActiveCfg = Release|Win32
		{B16284D9-E609-4914-9459-0B65EE749489}.Release|x86.Build.0 = Release|Win32
		{A1BC7018-1BA7-40DA-8A00-FE662A775577}.Debug|Any CPU.ActiveCfg = Debug|Win32
		{A1BC7018-1BA7-40DA-8A00-FE662A775577}.Debug|x64.ActiveCfg = Debug|x64
		{A1BC7018-1BA7-40DA-8A00-FE662A775577}.Debug|x64.Build.0 = Debug|x64
		{A1BC7018-1BA7-40DA-8A00-FE662A775577}.Debug|x86.ActiveCfg = Debug|Win32
		{A1BC7018-1BA7-40DA-8A00-FE662A775577}.Debug|x86.Build.0 = Debug|Win32
		{A1BC7018-1BA7-40DA-8A00-FE662A775577}.Release|Any CPU.ActiveCfg = Release|Win32
		{A1BC7018-1BA7-40DA-8A00-FE662A775577}.Release|x64.ActiveCfg = Release|x64
		{A1BC7018-1BA7-40DA-8A00-FE662A775577}.Release|x64.Build.0 = Release|x64
		{A1BC7018-1BA7-40DA-8A00-FE662A775577}.Release|x86.ActiveCfg = Release|Win32
		{A1BC7018-1BA7-40DA-8A00-FE662A775577}.Release|x86.Build.0 = Release|Win32
		{59D22F4F-DEA6-4DA8-9771-E86F0E2CBCFF}.Debug|Any CPU.ActiveCfg = Debug|Win32
		{59D22F4F-DEA6-4DA8-9771-E86F0E2CBCFF}.Debug|x64.ActiveCfg = Debug|Win32
		{59D22F4F-DEA6-4DA8-9771-E86F0E2CBCFF}.Debug|x64.Build.0 = Debug|Win32
		{59D22F4F-DEA6-4DA8-9771-E86F0E2CBCFF}.Debug|x86.ActiveCfg = Debug|Win32
		{59D22F4F-DEA6-4DA8-9771-E86F0E2CBCFF}.Debug|x86.Build.0 = Debug|Win32
		{59D22F4F-DEA6-4DA8-9771-E86F0E2CBCFF}.Release|Any CPU.ActiveCfg = Release|Win32
		{59D22F4F-DEA6-4DA8-9771-E86F0E2CBCFF}.Release|x64.ActiveCfg = Release|Win32
		{59D22F4F-DEA6-4DA8-9771-E86F0E2CBCFF}.Release|x86.ActiveCfg = Release|Win32
		{59D22F4F-DEA6-4DA8-9771-E86F0E2CBCFF}.Release|x86.Build.0 = Release|Win32
		{177C0CC0-A392-4667-895E-BE8D5CFBC20B}.Debug|Any CPU.ActiveCfg = Debug|Win32
		{177C0CC0-A392-4667-895E-BE8D5CFBC20B}.Debug|x64.ActiveCfg = Debug|x64
		{177C0CC0-A392-4667-895E-BE8D5CFBC20B}.Debug|x64.Build.0 = Debug|x64
		{177C0CC0-A392-4667-895E-BE8D5CFBC20B}.Debug|x86.ActiveCfg = Debug|Win32
		{177C0CC0-A392-4667-895E-BE8D5CFBC20B}.Debug|x86.Build.0 = Debug|Win32
		{177C0CC0-A392-4667-895E-BE8D5CFBC20B}.Release|Any CPU.ActiveCfg = Release|Win32
		{177C0CC0-A392-4667-895E-BE8D5CFBC20B}.Release|x64.ActiveCfg = Release|x64
		{177C0CC0-A392-4667-895E-BE8D5CFBC20B}.Release|x64.Build.0 = Release|x64
		{177C0CC0-A392-4667-895E-BE8D5CFBC20B}.Release|x86.ActiveCfg = Release|Win32
		{177C0CC0-A392-4667-895E-BE8D5CFBC20B}.Release|x86.Build.0 = Release|Win32
		{AABAE018-C8F6-4865-A0F9-E8E46DA55A2D}.Debug|Any CPU.ActiveCfg = Debug|Win32
		{AABAE018-C8F6-4865-A0F9-E8E46DA55A2D}.Debug|x64.ActiveCfg = Debug|x64
		{AABAE018-C8F6-4865-A0F9-E8E46DA55A2D}.Debug|x64.Build.0 = Debug|x64
		{AABAE018-C8F6-4865-A0F9-E8E46DA55A2D}.Debug|x86.ActiveCfg = Debug|Win32
		{AABAE018-C8F6-4865-A0F9-E8E46DA55A2D}.Debug|x86.Build.0 = Debug|Win32
		{AABAE018-C8F6-4865-A0F9-E8E46DA55A2D}.Release|Any CPU.ActiveCfg = Release|Win32
		{AABAE018-C8F6-4865-A0F9-E8E46DA55A2D}.Release|x64.ActiveCfg = Release|x64
		{AABAE018-C8F6-4865-A0F9-E8E46DA55A2D}.Release|x64.Build.0 = Release|x64
		{AABAE018-C8F6-4865-A0F9-E8E46DA55A2D}.Release|x86.ActiveCfg = Release|Win32
		{AABAE018-C8F6-4865-A0F9-E8E46DA55A2D}.Release|x86.Build.0 = Release|Win32
		{C7B7E8E6-E9AF-4E93-B8B2-D951FADC1E85}.Debug|Any CPU.ActiveCfg = Debug|Win32
		{C7B7E8E6-E9AF-4E93-B8B2-D951FADC1E85}.Debug|x64.ActiveCfg = Debug|x64
		{C7B7E8E6-E9AF-4E93-B8B2-D951FADC1E85}.Debug|x64.Build.0 = Debug|x64
		{C7B7E8E6-E9AF-4E93-B8B2-D951FADC1E85}.Debug|x86.ActiveCfg = Debug|Win32
		{C7B7E8E6-E9AF-4E93-B8B2-D951FADC1E85}.Debug|x86.Build.0 = Debug|Win32
		{C7B7E8E6-E9AF-4E93-B8B2-D951FADC1E85}.Release|Any CPU.ActiveCfg = Release|Win32
		{C7B7E8E6-E9AF-4E93-B8B2-D951FADC1E85}.Release|x64.ActiveCfg = Release|x64
		{C7B7E8E6-E9AF-4E93-B8B2-D951FADC1E85}.Release|x64.Build.0 = Release|x64
		{C7B7E8E6-E9AF-4E93-B8B2-D951FADC1E85}.Release|x86.ActiveCfg = Release|Win32
		{C7B7E8E6-E9AF-4E93-B8B2-D951FADC1E85}.Release|x86.Build.0 = Release|Win32
		{E7C3B94C-81D8-4096-AEB4-1B52DCE5C79A}.Debug|Any CPU.ActiveCfg = Debug|Win32
		{E7C3B94C-81D8-4096-AEB4-1B52DCE5C79A}.Debug|x64.ActiveCfg = Debug|Win32
		{E7C3B94C-81D8-4096-AEB4-1B52DCE5C79A}.Debug|x64.Build.0 = Debug|Win32
		{E7C3B94C-81D8-4096-AEB4-1B52DCE5C79A}.Debug|x86.ActiveCfg = Debug|Win32
		{E7C3B94C-81D8-4096-AEB4-1B52DCE5C79A}.Debug|x86.Build.0 = Debug|Win32
		{E7C3B94C-81D8-4096-AEB4-1B52DCE5C79A}.Release|Any CPU.ActiveCfg = Release|Win32
		{E7C3B94C-81D8-4096-AEB4-1B52DCE5C79A}.Release|x64.ActiveCfg = Release|Win32
		{E7C3B94C-81D8-4096-AEB4-1B52DCE5C79A}.Release|x86.ActiveCfg = Release|Win32
		{E7C3B94C-81D8-4096-AEB4-1B52DCE5C79A}.Release|x86.Build.0 = Release|Win32
		{140D7EFF-4616-4639-BCFA-2F8FDEC0582D}.Debug|Any CPU.ActiveCfg = Debug|Win32
		{140D7EFF-4616-4639-BCFA-2F8FDEC0582D}.Debug|x64.ActiveCfg = Debug|x64
		{140D7EFF-4616-4639-BCFA-2F8FDEC0582D}.Debug|x64.Build.0 = Debug|x64
		{140D7EFF-4616-4639-BCFA-2F8FDEC0582D}.Debug|x86.ActiveCfg = Debug|Win32
		{140D7EFF-4616-4639-BCFA-2F8FDEC0582D}.Debug|x86.Build.0 = Debug|Win32
		{140D7EFF-4616-4639-BCFA-2F8FDEC0582D}.Release|Any CPU.ActiveCfg = Release|Win32
		{140D7EFF-4616-4639-BCFA-2F8FDEC0582D}.Release|x64.ActiveCfg = Release|x64
		{140D7EFF-4616-4639-BCFA-2F8FDEC0582D}.Release|x64.Build.0 = Release|x64
		{140D7EFF-4616-4639-BCFA-2F8FDEC0582D}.Release|x86.ActiveCfg = Release|Win32
		{140D7EFF-4616-4639-BCFA-2F8FDEC0582D}.Release|x86.Build.0 = Release|Win32
		{F9AC2430-D1A0-4AE3-9AD9-77BDF172B6A7}.Debug|Any CPU.ActiveCfg = Debug|Win32
		{F9AC2430-D1A0-4AE3-9AD9-77BDF172B6A7}.Debug|x64.ActiveCfg = Debug|x64
		{F9AC2430-D1A0-4AE3-9AD9-77BDF172B6A7}.Debug|x64.Build.0 = Debug|x64
		{F9AC2430-D1A0-4AE3-9AD9-77BDF172B6A7}.Debug|x86.ActiveCfg = Debug|Win32
		{F9AC2430-D1A0-4AE3-9AD9-77BDF172B6A7}.Debug|x86.Build.0 = Debug|Win32
		{F9AC2430-D1A0-4AE3-9AD9-77BDF172B6A7}.Release|Any CPU.ActiveCfg = Release|Win32
		{F9AC2430-D1A0-4AE3-9AD9-77BDF172B6A7}.Release|x64.ActiveCfg = Release|x64
		{F9AC2430-D1A0-4AE3-9AD9-77BDF172B6A7}.Release|x64.Build.0 = Release|x64
		{F9AC2430-D1A0-4AE3-9AD9-77BDF172B6A7}.Release|x86.ActiveCfg = Release|Win32
		{F9AC2430-D1A0-4AE3-9AD9-77BDF172B6A7}.Release|x86.Build.0 = Release|Win32
		{18972F02-DD58-4B32-A48A-ABEE2EB3B7DF}.Debug|Any CPU.ActiveCfg = Debug|Win32
		{18972F02-DD58-4B32-A48A-ABEE2EB3B7DF}.Debug|x64.ActiveCfg = Debug|Win32
		{18972F02-DD58-4B32-A48A-ABEE2EB3B7DF}.Debug|x64.Build.0 = Debug|Win32
		{18972F02-DD58-4B32-A48A-ABEE2EB3B7DF}.Debug|x86.ActiveCfg = Debug|Win32
		{18972F02-DD58-4B32-A48A-ABEE2EB3B7DF}.Debug|x86.Build.0 = Debug|Win32
		{18972F02-DD58-4B32-A48A-ABEE2EB3B7DF}.Release|Any CPU.ActiveCfg = Release|Win32
		{18972F02-DD58-4B32-A48A-ABEE2EB3B7DF}.Release|x64.ActiveCfg = Release|Win32
		{18972F02-DD58-4B32-A48A-ABEE2EB3B7DF}.Release|x86.ActiveCfg = Release|Win32
		{18972F02-DD58-4B32-A48A-ABEE2EB3B7DF}.Release|x86.Build.0 = Release|Win32
		{93EDA956-9633-4149-9E4A-E84F35573A99}.Debug|Any CPU.ActiveCfg = Debug|Win32
		{93EDA956-9633-4149-9E4A-E84F35573A99}.Debug|x64.ActiveCfg = Debug|x64
		{93EDA956-9633-4149-9E4A-E84F35573A99}.Debug|x64.Build.0 = Debug|x64
		{93EDA956-9633-4149-9E4A-E84F35573A99}.Debug|x86.ActiveCfg = Debug|Win32
		{93EDA956-9633-4149-9E4A-E84F35573A99}.Debug|x86.Build.0 = Debug|Win32
		{93EDA956-9633-4149-9E4A-E84F35573A99}.Release|Any CPU.ActiveCfg = Release|Win32
		{93EDA956-9633-4149-9E4A-E84F35573A99}.Release|x64.ActiveCfg = Release|x64
		{93EDA956-9633-4149-9E4A-E84F35573A99}.Release|x64.Build.0 = Release|x64
		{93EDA956-9633-4149-9E4A-E84F35573A99}.Release|x86.ActiveCfg = Release|Win32
		{93EDA956-9633-4149-9E4A-E84F35573A99}.Release|x86.Build.0 = Release|Win32
		{53399A66-B859-4CB6-BCAC-A9A15B80DFD4}.Debug|Any CPU.ActiveCfg = Debug|Win32
		{53399A66-B859-4CB6-BCAC-A9A15B80DFD4}.Debug|x64.ActiveCfg = Debug|x64
		{53399A66-B859-4CB6-BCAC-A9A15B80DFD4}.Debug|x64.Build.0 = Debug|x64
		{53399A66-B859-4CB6-BCAC-A9A15B80DFD4}.Debug|x86.ActiveCfg = Debug|Win32
		{53399A66-B859-4CB6-BCAC-A9A15B80DFD4}.Debug|x86.Build.0 = Debug|Win32
		{53399A66-B859-4CB6-BCAC-A9A15B80DFD4}.Release|Any CPU.ActiveCfg = Release|Win32
		{53399A66-B859-4CB6-BCAC-A9A15B80DFD4}.Release|x64.ActiveCfg = Release|x64
		{53399A66-B859-4CB6-BCAC-A9A15B80DFD4}.Release|x64.Build.0 = Release|x64
		{53399A66-B859-4CB6-BCAC-A9A15B80DFD4}.Release|x86.ActiveCfg = Release|Win32
		{53399A66-B859-4CB6-BCAC-A9A15B80DFD4}.Release|x86.Build.0 = Release|Win32
		{6BFEC8A7-ABEB-4736-A164-DA4AC769A1A6}.Debug|Any CPU.ActiveCfg = Debug|Win32
		{6BFEC8A7-ABEB-4736-A164-DA4AC769A1A6}.Debug|x64.ActiveCfg = Debug|Win32
		{6BFEC8A7-ABEB-4736-A164-DA4AC769A1A6}.Debug|x64.Build.0 = Debug|Win32
		{6BFEC8A7-ABEB-4736-A164-DA4AC769A1A6}.Debug|x86.ActiveCfg = Debug|Win32
		{6BFEC8A7-ABEB-4736-A164-DA4AC769A1A6}.Debug|x86.Build.0 = Debug|Win32
		{6BFEC8A7-ABEB-4736-A164-DA4AC769A1A6}.Release|Any CPU.ActiveCfg = Release|Win32
		{6BFEC8A7-ABEB-4736-A164-DA4AC769A1A6}.Release|x64.ActiveCfg = Release|Win32
		{6BFEC8A7-ABEB-4736-A164-DA4AC769A1A6}.Release|x86.ActiveCfg = Release|Win32
		{6BFEC8A7-ABEB-4736-A164-DA4AC769A1A6}.Release|x86.Build.0 = Release|Win32
		{8D815BB6-9E99-47EC-891F-FA752CF12388}.Debug|Any CPU.ActiveCfg = Debug|Win32
		{8D815BB6-9E99-47EC-891F-FA752CF12388}.Debug|x64.ActiveCfg = Debug|Win32
		{8D815BB6-9E99-47EC-891F-FA752CF12388}.Debug|x64.Build.0 = Debug|Win32
		{8D815BB6-9E99-47EC-891F-FA752CF12388}.Debug|x86.ActiveCfg = Debug|Win32
		{8D815BB6-9E99-47EC-891F-FA752CF12388}.Debug|x86.Build.0 = Debug|Win32
		{8D815BB6-9E99-47EC-891F-FA752CF12388}.Release|Any CPU.ActiveCfg = Release|Win32
		{8D815BB6-9E99-47EC-891F-FA752CF12388}.Release|x64.ActiveCfg = Release|Win32
		{8D815BB6-9E99-47EC-891F-FA752CF12388}.Release|x86.ActiveCfg = Release|Win32
		{8D815BB6-9E99-47EC-891F-FA752CF12388}.Release|x86.Build.0 = Release|Win32
		{7E769838-3158-4696-8423-62CB5BEEAB5F}.Debug|Any CPU.ActiveCfg = Debug|Any CPU
		{7E769838-3158-4696-8423-62CB5BEEAB5F}.Debug|Any CPU.Build.0 = Debug|Any CPU
		{7E769838-3158-4696-8423-62CB5BEEAB5F}.Debug|x64.ActiveCfg = Debug|Any CPU
		{7E769838-3158-4696-8423-62CB5BEEAB5F}.Debug|x64.Build.0 = Debug|Any CPU
		{7E769838-3158-4696-8423-62CB5BEEAB5F}.Debug|x86.ActiveCfg = Debug|Any CPU
		{7E769838-3158-4696-8423-62CB5BEEAB5F}.Debug|x86.Build.0 = Debug|Any CPU
		{7E769838-3158-4696-8423-62CB5BEEAB5F}.Release|Any CPU.ActiveCfg = Release|Any CPU
		{7E769838-3158-4696-8423-62CB5BEEAB5F}.Release|Any CPU.Build.0 = Release|Any CPU
		{7E769838-3158-4696-8423-62CB5BEEAB5F}.Release|x64.ActiveCfg = Release|Any CPU
		{7E769838-3158-4696-8423-62CB5BEEAB5F}.Release|x64.Build.0 = Release|Any CPU
		{7E769838-3158-4696-8423-62CB5BEEAB5F}.Release|x86.ActiveCfg = Release|Any CPU
		{7E769838-3158-4696-8423-62CB5BEEAB5F}.Release|x86.Build.0 = Release|Any CPU
		{61D2AC28-EB09-4DAA-B717-CEA7BA358077}.Debug|Any CPU.ActiveCfg = Debug|x64
		{61D2AC28-EB09-4DAA-B717-CEA7BA358077}.Debug|x64.ActiveCfg = Debug|x64
		{61D2AC28-EB09-4DAA-B717-CEA7BA358077}.Debug|x64.Build.0 = Debug|x64
		{61D2AC28-EB09-4DAA-B717-CEA7BA358077}.Debug|x86.ActiveCfg = Debug|x64
		{61D2AC28-EB09-4DAA-B717-CEA7BA358077}.Release|Any CPU.ActiveCfg = Release|x64
		{61D2AC28-EB09-4DAA-B717-CEA7BA358077}.Release|x64.ActiveCfg = Release|x64
		{61D2AC28-EB09-4DAA-B717-CEA7BA358077}.Release|x64.Build.0 = Release|x64
		{61D2AC28-EB09-4DAA-B717-CEA7BA358077}.Release|x86.ActiveCfg = Release|x64
		{C474717F-F37A-4201-AE32-871219C77803}.Debug|Any CPU.ActiveCfg = Debug|Win32
		{C474717F-F37A-4201-AE32-871219C77803}.Debug|x64.ActiveCfg = Debug|x64
		{C474717F-F37A-4201-AE32-871219C77803}.Debug|x64.Build.0 = Debug|x64
		{C474717F-F37A-4201-AE32-871219C77803}.Debug|x86.ActiveCfg = Debug|Win32
		{C474717F-F37A-4201-AE32-871219C77803}.Debug|x86.Build.0 = Debug|Win32
		{C474717F-F37A-4201-AE32-871219C77803}.Release|Any CPU.ActiveCfg = Release|Win32
		{C474717F-F37A-4201-AE32-871219C77803}.Release|x64.ActiveCfg = Release|x64
		{C474717F-F37A-4201-AE32-871219C77803}.Release|x64.Build.0 = Release|x64
		{C474717F-F37A-4201-AE32-871219C77803}.Release|x86.ActiveCfg = Release|Win32
		{C474717F-F37A-4201-AE32-871219C77803}.Release|x86.Build.0 = Release|Win32
		{5A78B024-AC4B-444C-95E3-6E3F15D84DBA}.Debug|Any CPU.ActiveCfg = Debug|x64
		{5A78B024-AC4B-444C-95E3-6E3F15D84DBA}.Debug|x64.ActiveCfg = Debug|x64
		{5A78B024-AC4B-444C-95E3-6E3F15D84DBA}.Debug|x64.Build.0 = Debug|x64
		{5A78B024-AC4B-444C-95E3-6E3F15D84DBA}.Debug|x86.ActiveCfg = Debug|x64
		{5A78B024-AC4B-444C-95E3-6E3F15D84DBA}.Release|Any CPU.ActiveCfg = Release|x64
		{5A78B024-AC4B-444C-95E3-6E3F15D84DBA}.Release|x64.ActiveCfg = Release|x64
		{5A78B024-AC4B-444C-95E3-6E3F15D84DBA}.Release|x64.Build.0 = Release|x64
		{5A78B024-AC4B-444C-95E3-6E3F15D84DBA}.Release|x86.ActiveCfg = Release|x64
		{5D2A0A84-AC67-4700-8934-A38C01966AD4}.Debug|Any CPU.ActiveCfg = Debug|x64
		{5D2A0A84-AC67-4700-8934-A38C01966AD4}.Debug|x64.ActiveCfg = Debug|x64
		{5D2A0A84-AC67-4700-8934-A38C01966AD4}.Debug|x64.Build.0 = Debug|x64
		{5D2A0A84-AC67-4700-8934-A38C01966AD4}.Debug|x86.ActiveCfg = Debug|x64
		{5D2A0A84-AC67-4700-8934-A38C01966AD4}.Release|Any CPU.ActiveCfg = Release|x64
		{5D2A0A84-AC67-4700-8934-A38C01966AD4}.Release|x64.ActiveCfg = Release|x64
		{5D2A0A84-AC67-4700-8934-A38C01966AD4}.Release|x64.Build.0 = Release|x64
		{5D2A0A84-AC67-4700-8934-A38C01966AD4}.Release|x86.ActiveCfg = Release|x64
		{6561176D-8E7C-4399-A133-CA9C36C143C5}.Debug|Any CPU.ActiveCfg = Debug|x64
		{6561176D-8E7C-4399-A133-CA9C36C143C5}.Debug|x64.ActiveCfg = Debug|x64
		{6561176D-8E7C-4399-A133-CA9C36C143C5}.Debug|x64.Build.0 = Debug|x64
		{6561176D-8E7C-4399-A133-CA9C36C143C5}.Debug|x86.ActiveCfg = Debug|x64
		{6561176D-8E7C-4399-A133-CA9C36C143C5}.Release|Any CPU.ActiveCfg = Release|x64
		{6561176D-8E7C-4399-A133-CA9C36C143C5}.Release|x64.ActiveCfg = Release|x64
		{6561176D-8E7C-4399-A133-CA9C36C143C5}.Release|x64.Build.0 = Release|x64
		{6561176D-8E7C-4399-A133-CA9C36C143C5}.Release|x86.ActiveCfg = Release|x64
		{F32419BF-F083-4552-AA39-610898F34DBB}.Debug|Any CPU.ActiveCfg = Debug|Win32
		{F32419BF-F083-4552-AA39-610898F34DBB}.Debug|x64.ActiveCfg = Debug|x64
		{F32419BF-F083-4552-AA39-610898F34DBB}.Debug|x64.Build.0 = Debug|x64
		{F32419BF-F083-4552-AA39-610898F34DBB}.Debug|x86.ActiveCfg = Debug|Win32
		{F32419BF-F083-4552-AA39-610898F34DBB}.Debug|x86.Build.0 = Debug|Win32
		{F32419BF-F083-4552-AA39-610898F34DBB}.Release|Any CPU.ActiveCfg = Release|Win32
		{F32419BF-F083-4552-AA39-610898F34DBB}.Release|x64.ActiveCfg = Release|x64
		{F32419BF-F083-4552-AA39-610898F34DBB}.Release|x64.Build.0 = Release|x64
		{F32419BF-F083-4552-AA39-610898F34DBB}.Release|x86.ActiveCfg = Release|Win32
		{F32419BF-F083-4552-AA39-610898F34DBB}.Release|x86.Build.0 = Release|Win32
		{11EFDD7D-A557-4CC7-AB52-46D850F67A1E}.Debug|Any CPU.ActiveCfg = Debug|x64
		{11EFDD7D-A557-4CC7-AB52-46D850F67A1E}.Debug|x64.ActiveCfg = Debug|x64
		{11EFDD7D-A557-4CC7-AB52-46D850F67A1E}.Debug|x64.Build.0 = Debug|x64
		{11EFDD7D-A557-4CC7-AB52-46D850F67A1E}.Debug|x86.ActiveCfg = Debug|x64
		{11EFDD7D-A557-4CC7-AB52-46D850F67A1E}.Release|Any CPU.ActiveCfg = Release|x64
		{11EFDD7D-A557-4CC7-AB52-46D850F67A1E}.Release|x64.ActiveCfg = Release|x64
		{11EFDD7D-A557-4CC7-AB52-46D850F67A1E}.Release|x64.Build.0 = Release|x64
		{11EFDD7D-A557-4CC7-AB52-46D850F67A1E}.Release|x86.ActiveCfg = Release|x64
		{105470B1-8256-4A66-A35E-2D7D5745B853}.Debug|Any CPU.ActiveCfg = Debug|Win32
		{105470B1-8256-4A66-A35E-2D7D5745B853}.Debug|x64.ActiveCfg = Debug|x64
		{105470B1-8256-4A66-A35E-2D7D5745B853}.Debug|x64.Build.0 = Debug|x64
		{105470B1-8256-4A66-A35E-2D7D5745B853}.Debug|x86.ActiveCfg = Debug|Win32
		{105470B1-8256-4A66-A35E-2D7D5745B853}.Debug|x86.Build.0 = Debug|Win32
		{105470B1-8256-4A66-A35E-2D7D5745B853}.Release|Any CPU.ActiveCfg = Release|Win32
		{105470B1-8256-4A66-A35E-2D7D5745B853}.Release|x64.ActiveCfg = Release|x64
		{105470B1-8256-4A66-A35E-2D7D5745B853}.Release|x64.Build.0 = Release|x64
		{105470B1-8256-4A66-A35E-2D7D5745B853}.Release|x86.ActiveCfg = Release|Win32
		{105470B1-8256-4A66-A35E-2D7D5745B853}.Release|x86.Build.0 = Release|Win32
		{91BD863B-4BFF-4783-9F3C-1D3C138787B7}.Debug|Any CPU.ActiveCfg = Debug|x64
		{91BD863B-4BFF-4783-9F3C-1D3C138787B7}.Debug|x64.ActiveCfg = Debug|x64
		{91BD863B-4BFF-4783-9F3C-1D3C138787B7}.Debug|x64.Build.0 = Debug|x64
		{91BD863B-4BFF-4783-9F3C-1D3C138787B7}.Debug|x86.ActiveCfg = Debug|x64
		{91BD863B-4BFF-4783-9F3C-1D3C138787B7}.Release|Any CPU.ActiveCfg = Release|x64
		{91BD863B-4BFF-4783-9F3C-1D3C138787B7}.Release|x64.ActiveCfg = Release|x64
		{91BD863B-4BFF-4783-9F3C-1D3C138787B7}.Release|x64.Build.0 = Release|x64
		{91BD863B-4BFF-4783-9F3C-1D3C138787B7}.Release|x86.ActiveCfg = Release|x64
		{77AF1C15-9862-4774-86D6-08E542B159C4}.Debug|Any CPU.ActiveCfg = Debug|Win32
		{77AF1C15-9862-4774-86D6-08E542B159C4}.Debug|x64.ActiveCfg = Debug|x64
		{77AF1C15-9862-4774-86D6-08E542B159C4}.Debug|x64.Build.0 = Debug|x64
		{77AF1C15-9862-4774-86D6-08E542B159C4}.Debug|x86.ActiveCfg = Debug|Win32
		{77AF1C15-9862-4774-86D6-08E542B159C4}.Debug|x86.Build.0 = Debug|Win32
		{77AF1C15-9862-4774-86D6-08E542B159C4}.Release|Any CPU.ActiveCfg = Release|Win32
		{77AF1C15-9862-4774-86D6-08E542B159C4}.Release|x64.ActiveCfg = Release|x64
		{77AF1C15-9862-4774-86D6-08E542B159C4}.Release|x64.Build.0 = Release|x64
		{77AF1C15-9862-4774-86D6-08E542B159C4}.Release|x86.ActiveCfg = Release|Win32
		{77AF1C15-9862-4774-86D6-08E542B159C4}.Release|x86.Build.0 = Release|Win32
		{6D41EEBC-F715-4DFE-B6C2-41AD65723324}.Debug|Any CPU.ActiveCfg = Debug|x64
		{6D41EEBC-F715-4DFE-B6C2-41AD65723324}.Debug|x64.ActiveCfg = Debug|x64
		{6D41EEBC-F715-4DFE-B6C2-41AD65723324}.Debug|x64.Build.0 = Debug|x64
		{6D41EEBC-F715-4DFE-B6C2-41AD65723324}.Debug|x86.ActiveCfg = Debug|x64
		{6D41EEBC-F715-4DFE-B6C2-41AD65723324}.Release|Any CPU.ActiveCfg = Release|x64
		{6D41EEBC-F715-4DFE-B6C2-41AD65723324}.Release|x64.ActiveCfg = Release|x64
		{6D41EEBC-F715-4DFE-B6C2-41AD65723324}.Release|x64.Build.0 = Release|x64
		{6D41EEBC-F715-4DFE-B6C2-41AD65723324}.Release|x86.ActiveCfg = Release|x64
		{588EA9F4-F816-4950-9E68-777D875E86E8}.Debug|Any CPU.ActiveCfg = Debug|Win32
		{588EA9F4-F816-4950-9E68-777D875E86E8}.Debug|x64.ActiveCfg = Debug|x64
		{588EA9F4-F816-4950-9E68-777D875E86E8}.Debug|x64.Build.0 = Debug|x64
		{588EA9F4-F816-4950-9E68-777D875E86E8}.Debug|x86.ActiveCfg = Debug|Win32
		{588EA9F4-F816-4950-9E68-777D875E86E8}.Debug|x86.Build.0 = Debug|Win32
		{588EA9F4-F816-4950-9E68-777D875E86E8}.Release|Any CPU.ActiveCfg = Release|Win32
		{588EA9F4-F816-4950-9E68-777D875E86E8}.Release|x64.ActiveCfg = Release|x64
		{588EA9F4-F816-4950-9E68-777D875E86E8}.Release|x64.Build.0 = Release|x64
		{588EA9F4-F816-4950-9E68-777D875E86E8}.Release|x86.ActiveCfg = Release|Win32
		{588EA9F4-F816-4950-9E68-777D875E86E8}.Release|x86.Build.0 = Release|Win32
		{C64FA860-E38A-48B0-9D6F-C6391FC9539A}.Debug|Any CPU.ActiveCfg = Debug|x64
		{C64FA860-E38A-48B0-9D6F-C6391FC9539A}.Debug|x64.ActiveCfg = Debug|x64
		{C64FA860-E38A-48B0-9D6F-C6391FC9539A}.Debug|x64.Build.0 = Debug|x64
		{C64FA860-E38A-48B0-9D6F-C6391FC9539A}.Debug|x86.ActiveCfg = Debug|x64
		{C64FA860-E38A-48B0-9D6F-C6391FC9539A}.Release|Any CPU.ActiveCfg = Release|x64
		{C64FA860-E38A-48B0-9D6F-C6391FC9539A}.Release|x64.ActiveCfg = Release|x64
		{C64FA860-E38A-48B0-9D6F-C6391FC9539A}.Release|x64.Build.0 = Release|x64
		{C64FA860-E38A-48B0-9D6F-C6391FC9539A}.Release|x86.ActiveCfg = Release|x64
		{1ADDBF7A-4064-42FB-846F-7D22E8BB9B5B}.Debug|Any CPU.ActiveCfg = Debug|Win32
		{1ADDBF7A-4064-42FB-846F-7D22E8BB9B5B}.Debug|x64.ActiveCfg = Debug|Win32
		{1ADDBF7A-4064-42FB-846F-7D22E8BB9B5B}.Debug|x64.Build.0 = Debug|Win32
		{1ADDBF7A-4064-42FB-846F-7D22E8BB9B5B}.Debug|x86.ActiveCfg = Debug|Win32
		{1ADDBF7A-4064-42FB-846F-7D22E8BB9B5B}.Debug|x86.Build.0 = Debug|Win32
		{1ADDBF7A-4064-42FB-846F-7D22E8BB9B5B}.Release|Any CPU.ActiveCfg = Release|Win32
		{1ADDBF7A-4064-42FB-846F-7D22E8BB9B5B}.Release|x64.ActiveCfg = Release|Win32
		{1ADDBF7A-4064-42FB-846F-7D22E8BB9B5B}.Release|x86.ActiveCfg = Release|Win32
		{1ADDBF7A-4064-42FB-846F-7D22E8BB9B5B}.Release|x86.Build.0 = Release|Win32
		{C4EB6ED3-4B28-4134-955F-731E74DFDA83}.Debug|Any CPU.ActiveCfg = Debug|Any CPU
		{C4EB6ED3-4B28-4134-955F-731E74DFDA83}.Debug|Any CPU.Build.0 = Debug|Any CPU
		{C4EB6ED3-4B28-4134-955F-731E74DFDA83}.Debug|x64.ActiveCfg = Debug|Any CPU
		{C4EB6ED3-4B28-4134-955F-731E74DFDA83}.Debug|x64.Build.0 = Debug|Any CPU
		{C4EB6ED3-4B28-4134-955F-731E74DFDA83}.Debug|x86.ActiveCfg = Debug|Any CPU
		{C4EB6ED3-4B28-4134-955F-731E74DFDA83}.Debug|x86.Build.0 = Debug|Any CPU
		{C4EB6ED3-4B28-4134-955F-731E74DFDA83}.Release|Any CPU.ActiveCfg = Release|Any CPU
		{C4EB6ED3-4B28-4134-955F-731E74DFDA83}.Release|Any CPU.Build.0 = Release|Any CPU
		{C4EB6ED3-4B28-4134-955F-731E74DFDA83}.Release|x64.ActiveCfg = Release|Any CPU
		{C4EB6ED3-4B28-4134-955F-731E74DFDA83}.Release|x64.Build.0 = Release|Any CPU
		{C4EB6ED3-4B28-4134-955F-731E74DFDA83}.Release|x86.ActiveCfg = Release|Any CPU
		{C4EB6ED3-4B28-4134-955F-731E74DFDA83}.Release|x86.Build.0 = Release|Any CPU
		{FECED4ED-43C4-4378-92E7-9B0DF72DD2C5}.Debug|Any CPU.ActiveCfg = Debug|Any CPU
		{FECED4ED-43C4-4378-92E7-9B0DF72DD2C5}.Debug|Any CPU.Build.0 = Debug|Any CPU
		{FECED4ED-43C4-4378-92E7-9B0DF72DD2C5}.Debug|x64.ActiveCfg = Debug|Any CPU
		{FECED4ED-43C4-4378-92E7-9B0DF72DD2C5}.Debug|x64.Build.0 = Debug|Any CPU
		{FECED4ED-43C4-4378-92E7-9B0DF72DD2C5}.Debug|x86.ActiveCfg = Debug|Any CPU
		{FECED4ED-43C4-4378-92E7-9B0DF72DD2C5}.Debug|x86.Build.0 = Debug|Any CPU
		{FECED4ED-43C4-4378-92E7-9B0DF72DD2C5}.Release|Any CPU.ActiveCfg = Release|Any CPU
		{FECED4ED-43C4-4378-92E7-9B0DF72DD2C5}.Release|Any CPU.Build.0 = Release|Any CPU
		{FECED4ED-43C4-4378-92E7-9B0DF72DD2C5}.Release|x64.ActiveCfg = Release|Any CPU
		{FECED4ED-43C4-4378-92E7-9B0DF72DD2C5}.Release|x64.Build.0 = Release|Any CPU
		{FECED4ED-43C4-4378-92E7-9B0DF72DD2C5}.Release|x86.ActiveCfg = Release|Any CPU
		{FECED4ED-43C4-4378-92E7-9B0DF72DD2C5}.Release|x86.Build.0 = Release|Any CPU
		{176442D2-6B49-484A-B076-126DCDFE3450}.Debug|Any CPU.ActiveCfg = Debug|Any CPU
		{176442D2-6B49-484A-B076-126DCDFE3450}.Debug|Any CPU.Build.0 = Debug|Any CPU
		{176442D2-6B49-484A-B076-126DCDFE3450}.Debug|x64.ActiveCfg = Debug|Any CPU
		{176442D2-6B49-484A-B076-126DCDFE3450}.Debug|x64.Build.0 = Debug|Any CPU
		{176442D2-6B49-484A-B076-126DCDFE3450}.Debug|x86.ActiveCfg = Debug|Any CPU
		{176442D2-6B49-484A-B076-126DCDFE3450}.Debug|x86.Build.0 = Debug|Any CPU
		{176442D2-6B49-484A-B076-126DCDFE3450}.Release|Any CPU.ActiveCfg = Release|Any CPU
		{176442D2-6B49-484A-B076-126DCDFE3450}.Release|Any CPU.Build.0 = Release|Any CPU
		{176442D2-6B49-484A-B076-126DCDFE3450}.Release|x64.ActiveCfg = Release|Any CPU
		{176442D2-6B49-484A-B076-126DCDFE3450}.Release|x64.Build.0 = Release|Any CPU
		{176442D2-6B49-484A-B076-126DCDFE3450}.Release|x86.ActiveCfg = Release|Any CPU
		{176442D2-6B49-484A-B076-126DCDFE3450}.Release|x86.Build.0 = Release|Any CPU
		{7D509B33-B297-4C5E-BDE8-F47C2BDF6EA4}.Debug|Any CPU.ActiveCfg = Debug|Win32
		{7D509B33-B297-4C5E-BDE8-F47C2BDF6EA4}.Debug|x64.ActiveCfg = Debug|Win32
		{7D509B33-B297-4C5E-BDE8-F47C2BDF6EA4}.Debug|x64.Build.0 = Debug|Win32
		{7D509B33-B297-4C5E-BDE8-F47C2BDF6EA4}.Debug|x86.ActiveCfg = Debug|Win32
		{7D509B33-B297-4C5E-BDE8-F47C2BDF6EA4}.Debug|x86.Build.0 = Debug|Win32
		{7D509B33-B297-4C5E-BDE8-F47C2BDF6EA4}.Release|Any CPU.ActiveCfg = Release|Win32
		{7D509B33-B297-4C5E-BDE8-F47C2BDF6EA4}.Release|x64.ActiveCfg = Release|Win32
		{7D509B33-B297-4C5E-BDE8-F47C2BDF6EA4}.Release|x86.ActiveCfg = Release|Win32
		{7D509B33-B297-4C5E-BDE8-F47C2BDF6EA4}.Release|x86.Build.0 = Release|Win32
		{A21CB180-6521-4F34-9841-E1E9DF1C0734}.Debug|Any CPU.ActiveCfg = Debug|Win32
		{A21CB180-6521-4F34-9841-E1E9DF1C0734}.Debug|x64.ActiveCfg = Debug|Win32
		{A21CB180-6521-4F34-9841-E1E9DF1C0734}.Debug|x64.Build.0 = Debug|Win32
		{A21CB180-6521-4F34-9841-E1E9DF1C0734}.Debug|x86.ActiveCfg = Debug|Win32
		{A21CB180-6521-4F34-9841-E1E9DF1C0734}.Debug|x86.Build.0 = Debug|Win32
		{A21CB180-6521-4F34-9841-E1E9DF1C0734}.Release|Any CPU.ActiveCfg = Release|Win32
		{A21CB180-6521-4F34-9841-E1E9DF1C0734}.Release|x64.ActiveCfg = Release|Win32
		{A21CB180-6521-4F34-9841-E1E9DF1C0734}.Release|x86.ActiveCfg = Release|Win32
		{A21CB180-6521-4F34-9841-E1E9DF1C0734}.Release|x86.Build.0 = Release|Win32
		{4A0A4634-66FC-47A3-A6B7-C1A53158E9C7}.Debug|Any CPU.ActiveCfg = Debug|Any CPU
		{4A0A4634-66FC-47A3-A6B7-C1A53158E9C7}.Debug|Any CPU.Build.0 = Debug|Any CPU
		{4A0A4634-66FC-47A3-A6B7-C1A53158E9C7}.Debug|x64.ActiveCfg = Debug|Any CPU
		{4A0A4634-66FC-47A3-A6B7-C1A53158E9C7}.Debug|x64.Build.0 = Debug|Any CPU
		{4A0A4634-66FC-47A3-A6B7-C1A53158E9C7}.Debug|x86.ActiveCfg = Debug|Any CPU
		{4A0A4634-66FC-47A3-A6B7-C1A53158E9C7}.Debug|x86.Build.0 = Debug|Any CPU
		{4A0A4634-66FC-47A3-A6B7-C1A53158E9C7}.Release|Any CPU.ActiveCfg = Release|Any CPU
		{4A0A4634-66FC-47A3-A6B7-C1A53158E9C7}.Release|Any CPU.Build.0 = Release|Any CPU
		{4A0A4634-66FC-47A3-A6B7-C1A53158E9C7}.Release|x64.ActiveCfg = Release|Any CPU
		{4A0A4634-66FC-47A3-A6B7-C1A53158E9C7}.Release|x64.Build.0 = Release|Any CPU
		{4A0A4634-66FC-47A3-A6B7-C1A53158E9C7}.Release|x86.ActiveCfg = Release|Any CPU
		{4A0A4634-66FC-47A3-A6B7-C1A53158E9C7}.Release|x86.Build.0 = Release|Any CPU
		{0407C160-B25C-4A40-ACF8-F8CEC04ADD6B}.Debug|Any CPU.ActiveCfg = Debug|x64
		{0407C160-B25C-4A40-ACF8-F8CEC04ADD6B}.Debug|x64.ActiveCfg = Debug|x64
		{0407C160-B25C-4A40-ACF8-F8CEC04ADD6B}.Debug|x64.Build.0 = Debug|x64
		{0407C160-B25C-4A40-ACF8-F8CEC04ADD6B}.Debug|x86.ActiveCfg = Debug|x64
		{0407C160-B25C-4A40-ACF8-F8CEC04ADD6B}.Release|Any CPU.ActiveCfg = Release|x64
		{0407C160-B25C-4A40-ACF8-F8CEC04ADD6B}.Release|x64.ActiveCfg = Release|x64
		{0407C160-B25C-4A40-ACF8-F8CEC04ADD6B}.Release|x64.Build.0 = Release|x64
		{0407C160-B25C-4A40-ACF8-F8CEC04ADD6B}.Release|x86.ActiveCfg = Release|x64
		{C32FB2B4-500C-43CD-A099-EECCE079D3F1}.Debug|Any CPU.ActiveCfg = Debug|Win32
		{C32FB2B4-500C-43CD-A099-EECCE079D3F1}.Debug|x64.ActiveCfg = Debug|x64
		{C32FB2B4-500C-43CD-A099-EECCE079D3F1}.Debug|x64.Build.0 = Debug|x64
		{C32FB2B4-500C-43CD-A099-EECCE079D3F1}.Debug|x86.ActiveCfg = Debug|Win32
		{C32FB2B4-500C-43CD-A099-EECCE079D3F1}.Debug|x86.Build.0 = Debug|Win32
		{C32FB2B4-500C-43CD-A099-EECCE079D3F1}.Release|Any CPU.ActiveCfg = Release|Win32
		{C32FB2B4-500C-43CD-A099-EECCE079D3F1}.Release|x64.ActiveCfg = Release|x64
		{C32FB2B4-500C-43CD-A099-EECCE079D3F1}.Release|x64.Build.0 = Release|x64
		{C32FB2B4-500C-43CD-A099-EECCE079D3F1}.Release|x86.ActiveCfg = Release|Win32
		{C32FB2B4-500C-43CD-A099-EECCE079D3F1}.Release|x86.Build.0 = Release|Win32
		{FC7BEC9B-7C66-4AD3-A2DE-8441046DBE08}.Debug|Any CPU.ActiveCfg = Debug|x64
		{FC7BEC9B-7C66-4AD3-A2DE-8441046DBE08}.Debug|x64.ActiveCfg = Debug|x64
		{FC7BEC9B-7C66-4AD3-A2DE-8441046DBE08}.Debug|x64.Build.0 = Debug|x64
		{FC7BEC9B-7C66-4AD3-A2DE-8441046DBE08}.Debug|x86.ActiveCfg = Debug|x64
		{FC7BEC9B-7C66-4AD3-A2DE-8441046DBE08}.Release|Any CPU.ActiveCfg = Release|x64
		{FC7BEC9B-7C66-4AD3-A2DE-8441046DBE08}.Release|x64.ActiveCfg = Release|x64
		{FC7BEC9B-7C66-4AD3-A2DE-8441046DBE08}.Release|x64.Build.0 = Release|x64
		{FC7BEC9B-7C66-4AD3-A2DE-8441046DBE08}.Release|x86.ActiveCfg = Release|x64
		{E70C61BB-6B5C-4D0C-A203-9E2C04995BEF}.Debug|Any CPU.ActiveCfg = Debug|Win32
		{E70C61BB-6B5C-4D0C-A203-9E2C04995BEF}.Debug|x64.ActiveCfg = Debug|x64
		{E70C61BB-6B5C-4D0C-A203-9E2C04995BEF}.Debug|x64.Build.0 = Debug|x64
		{E70C61BB-6B5C-4D0C-A203-9E2C04995BEF}.Debug|x86.ActiveCfg = Debug|Win32
		{E70C61BB-6B5C-4D0C-A203-9E2C04995BEF}.Debug|x86.Build.0 = Debug|Win32
		{E70C61BB-6B5C-4D0C-A203-9E2C04995BEF}.Release|Any CPU.ActiveCfg = Release|Win32
		{E70C61BB-6B5C-4D0C-A203-9E2C04995BEF}.Release|x64.ActiveCfg = Release|x64
		{E70C61BB-6B5C-4D0C-A203-9E2C04995BEF}.Release|x64.Build.0 = Release|x64
		{E70C61BB-6B5C-4D0C-A203-9E2C04995BEF}.Release|x86.ActiveCfg = Release|Win32
		{E70C61BB-6B5C-4D0C-A203-9E2C04995BEF}.Release|x86.Build.0 = Release|Win32
		{C83DBC2A-7D20-492E-AA68-AB054F00D793}.Debug|Any CPU.ActiveCfg = Debug|x64
		{C83DBC2A-7D20-492E-AA68-AB054F00D793}.Debug|x64.ActiveCfg = Debug|x64
		{C83DBC2A-7D20-492E-AA68-AB054F00D793}.Debug|x64.Build.0 = Debug|x64
		{C83DBC2A-7D20-492E-AA68-AB054F00D793}.Debug|x86.ActiveCfg = Debug|x64
		{C83DBC2A-7D20-492E-AA68-AB054F00D793}.Release|Any CPU.ActiveCfg = Release|x64
		{C83DBC2A-7D20-492E-AA68-AB054F00D793}.Release|x64.ActiveCfg = Release|x64
		{C83DBC2A-7D20-492E-AA68-AB054F00D793}.Release|x64.Build.0 = Release|x64
		{C83DBC2A-7D20-492E-AA68-AB054F00D793}.Release|x86.ActiveCfg = Release|x64
		{E62AAC98-A3AA-4F77-BEB3-3D6E4B3C6EA5}.Debug|Any CPU.ActiveCfg = Debug|Win32
		{E62AAC98-A3AA-4F77-BEB3-3D6E4B3C6EA5}.Debug|x64.ActiveCfg = Debug|x64
		{E62AAC98-A3AA-4F77-BEB3-3D6E4B3C6EA5}.Debug|x64.Build.0 = Debug|x64
		{E62AAC98-A3AA-4F77-BEB3-3D6E4B3C6EA5}.Debug|x86.ActiveCfg = Debug|Win32
		{E62AAC98-A3AA-4F77-BEB3-3D6E4B3C6EA5}.Debug|x86.Build.0 = Debug|Win32
		{E62AAC98-A3AA-4F77-BEB3-3D6E4B3C6EA5}.Release|Any CPU.ActiveCfg = Release|Win32
		{E62AAC98-A3AA-4F77-BEB3-3D6E4B3C6EA5}.Release|x64.ActiveCfg = Release|x64
		{E62AAC98-A3AA-4F77-BEB3-3D6E4B3C6EA5}.Release|x64.Build.0 = Release|x64
		{E62AAC98-A3AA-4F77-BEB3-3D6E4B3C6EA5}.Release|x86.ActiveCfg = Release|Win32
		{E62AAC98-A3AA-4F77-BEB3-3D6E4B3C6EA5}.Release|x86.Build.0 = Release|Win32
		{1999E3BF-D76E-4347-802D-B9C0B1E014D5}.Debug|Any CPU.ActiveCfg = Debug|x64
		{1999E3BF-D76E-4347-802D-B9C0B1E014D5}.Debug|x64.ActiveCfg = Debug|x64
		{1999E3BF-D76E-4347-802D-B9C0B1E014D5}.Debug|x64.Build.0 = Debug|x64
		{1999E3BF-D76E-4347-802D-B9C0B1E014D5}.Debug|x86.ActiveCfg = Debug|x64
		{1999E3BF-D76E-4347-802D-B9C0B1E014D5}.Release|Any CPU.ActiveCfg = Release|x64
		{1999E3BF-D76E-4347-802D-B9C0B1E014D5}.Release|x64.ActiveCfg = Release|x64
		{1999E3BF-D76E-4347-802D-B9C0B1E014D5}.Release|x64.Build.0 = Release|x64
		{1999E3BF-D76E-4347-802D-B9C0B1E014D5}.Release|x86.ActiveCfg = Release|x64
		{A97CFEAC-DBE2-433C-9454-6D1D2749C591}.Debug|Any CPU.ActiveCfg = Debug|Win32
		{A97CFEAC-DBE2-433C-9454-6D1D2749C591}.Debug|x64.ActiveCfg = Debug|x64
		{A97CFEAC-DBE2-433C-9454-6D1D2749C591}.Debug|x64.Build.0 = Debug|x64
		{A97CFEAC-DBE2-433C-9454-6D1D2749C591}.Debug|x86.ActiveCfg = Debug|Win32
		{A97CFEAC-DBE2-433C-9454-6D1D2749C591}.Debug|x86.Build.0 = Debug|Win32
		{A97CFEAC-DBE2-433C-9454-6D1D2749C591}.Release|Any CPU.ActiveCfg = Release|Win32
		{A97CFEAC-DBE2-433C-9454-6D1D2749C591}.Release|x64.ActiveCfg = Release|x64
		{A97CFEAC-DBE2-433C-9454-6D1D2749C591}.Release|x64.Build.0 = Release|x64
		{A97CFEAC-DBE2-433C-9454-6D1D2749C591}.Release|x86.ActiveCfg = Release|Win32
		{A97CFEAC-DBE2-433C-9454-6D1D2749C591}.Release|x86.Build.0 = Release|Win32
		{193A615A-B241-47A3-A144-A095679ED2B1}.Debug|Any CPU.ActiveCfg = Debug|x64
		{193A615A-B241-47A3-A144-A095679ED2B1}.Debug|x64.ActiveCfg = Debug|x64
		{193A615A-B241-47A3-A144-A095679ED2B1}.Debug|x64.Build.0 = Debug|x64
		{193A615A-B241-47A3-A144-A095679ED2B1}.Debug|x86.ActiveCfg = Debug|x64
		{193A615A-B241-47A3-A144-A095679ED2B1}.Release|Any CPU.ActiveCfg = Release|x64
		{193A615A-B241-47A3-A144-A095679ED2B1}.Release|x64.ActiveCfg = Release|x64
		{193A615A-B241-47A3-A144-A095679ED2B1}.Release|x64.Build.0 = Release|x64
		{193A615A-B241-47A3-A144-A095679ED2B1}.Release|x86.ActiveCfg = Release|x64
		{3341003C-95AB-48CC-9AF0-EFA05A9D905E}.Debug|Any CPU.ActiveCfg = Debug|x64
		{3341003C-95AB-48CC-9AF0-EFA05A9D905E}.Debug|x64.ActiveCfg = Debug|x64
		{3341003C-95AB-48CC-9AF0-EFA05A9D905E}.Debug|x64.Build.0 = Debug|x64
		{3341003C-95AB-48CC-9AF0-EFA05A9D905E}.Debug|x86.ActiveCfg = Debug|x64
		{3341003C-95AB-48CC-9AF0-EFA05A9D905E}.Release|Any CPU.ActiveCfg = Release|x64
		{3341003C-95AB-48CC-9AF0-EFA05A9D905E}.Release|x64.ActiveCfg = Release|x64
		{3341003C-95AB-48CC-9AF0-EFA05A9D905E}.Release|x64.Build.0 = Release|x64
		{3341003C-95AB-48CC-9AF0-EFA05A9D905E}.Release|x86.ActiveCfg = Release|x64
		{A16E7EEE-9C81-4966-B58F-DA1268F00CFE}.Debug|Any CPU.ActiveCfg = Debug|x64
		{A16E7EEE-9C81-4966-B58F-DA1268F00CFE}.Debug|x64.ActiveCfg = Debug|x64
		{A16E7EEE-9C81-4966-B58F-DA1268F00CFE}.Debug|x64.Build.0 = Debug|x64
		{A16E7EEE-9C81-4966-B58F-DA1268F00CFE}.Debug|x86.ActiveCfg = Debug|x64
		{A16E7EEE-9C81-4966-B58F-DA1268F00CFE}.Release|Any CPU.ActiveCfg = Release|x64
		{A16E7EEE-9C81-4966-B58F-DA1268F00CFE}.Release|x64.ActiveCfg = Release|x64
		{A16E7EEE-9C81-4966-B58F-DA1268F00CFE}.Release|x64.Build.0 = Release|x64
		{A16E7EEE-9C81-4966-B58F-DA1268F00CFE}.Release|x86.ActiveCfg = Release|x64
		{55258748-663F-49F6-A6B8-125D6D80A444}.Debug|Any CPU.ActiveCfg = Debug|Win32
		{55258748-663F-49F6-A6B8-125D6D80A444}.Debug|x64.ActiveCfg = Debug|x64
		{55258748-663F-49F6-A6B8-125D6D80A444}.Debug|x64.Build.0 = Debug|x64
		{55258748-663F-49F6-A6B8-125D6D80A444}.Debug|x86.ActiveCfg = Debug|Win32
		{55258748-663F-49F6-A6B8-125D6D80A444}.Debug|x86.Build.0 = Debug|Win32
		{55258748-663F-49F6-A6B8-125D6D80A444}.Release|Any CPU.ActiveCfg = Release|Win32
		{55258748-663F-49F6-A6B8-125D6D80A444}.Release|x64.ActiveCfg = Release|x64
		{55258748-663F-49F6-A6B8-125D6D80A444}.Release|x64.Build.0 = Release|x64
		{55258748-663F-49F6-A6B8-125D6D80A444}.Release|x86.ActiveCfg = Release|Win32
		{55258748-663F-49F6-A6B8-125D6D80A444}.Release|x86.Build.0 = Release|Win32
		{E89BFD36-B3E0-4361-B4AE-59C68FB7A124}.Debug|Any CPU.ActiveCfg = Debug|x64
		{E89BFD36-B3E0-4361-B4AE-59C68FB7A124}.Debug|x64.ActiveCfg = Debug|x64
		{E89BFD36-B3E0-4361-B4AE-59C68FB7A124}.Debug|x64.Build.0 = Debug|x64
		{E89BFD36-B3E0-4361-B4AE-59C68FB7A124}.Debug|x86.ActiveCfg = Debug|x64
		{E89BFD36-B3E0-4361-B4AE-59C68FB7A124}.Release|Any CPU.ActiveCfg = Release|x64
		{E89BFD36-B3E0-4361-B4AE-59C68FB7A124}.Release|x64.ActiveCfg = Release|x64
		{E89BFD36-B3E0-4361-B4AE-59C68FB7A124}.Release|x64.Build.0 = Release|x64
		{E89BFD36-B3E0-4361-B4AE-59C68FB7A124}.Release|x86.ActiveCfg = Release|x64
	EndGlobalSection
	GlobalSection(SolutionProperties) = preSolution
		HideSolutionNode = FALSE
	EndGlobalSection
	GlobalSection(NestedProjects) = preSolution
		{3917EF51-812D-40C0-A742-DB73CAFC0918} = {27952F70-553F-4C14-9345-9CFBC2272423}
		{BE337CEC-19C8-4D23-8F41-F8E3355A4A28} = {78D64C99-9407-468F-9581-D5C97CBDF7C7}
		{575C1FF1-8401-4EC8-8E58-4A09D2659DED} = {BFF7084A-E51E-4B83-A62A-343B8680EFF0}
		{75640896-F22E-4295-BB90-560CB48BB2B2} = {78D64C99-9407-468F-9581-D5C97CBDF7C7}
		{BA24F453-E770-410D-B644-1BE1A12CD3CF} = {66BE88CA-FAA4-469D-B16D-3FA641E7FB73}
		{B0E022B0-0A52-4BBE-B6FB-44B78003C510} = {78D64C99-9407-468F-9581-D5C97CBDF7C7}
		{BF490352-B518-4726-BA16-BC447F2D7A37} = {009D9677-0544-429B-9B50-B314A34CA972}
		{F5E3244F-9272-469B-8176-5B1940FB2806} = {BF490352-B518-4726-BA16-BC447F2D7A37}
		{29A69066-0F79-44B7-BBED-13C73A1A1494} = {009D9677-0544-429B-9B50-B314A34CA972}
		{D1C528B6-AA02-4D29-9D61-DC08E317A70D} = {F32084D3-945B-408B-8491-85D7055C6D6B}
		{F32084D3-945B-408B-8491-85D7055C6D6B} = {099CD7F1-5991-4071-BE1E-9CA7EA840AA1}
		{777B2C37-B5AE-4030-BB7F-5BBABC4AEA99} = {099CD7F1-5991-4071-BE1E-9CA7EA840AA1}
		{B7440D4E-C1F0-4780-8D7F-C05302F663A2} = {29A69066-0F79-44B7-BBED-13C73A1A1494}
		{7398CB58-8521-4F9F-9E77-E697358E7636} = {099CD7F1-5991-4071-BE1E-9CA7EA840AA1}
		{DD4B013F-354F-4FEB-9B50-ECD843765A25} = {BF490352-B518-4726-BA16-BC447F2D7A37}
		{CC18928F-0699-45B7-85AE-3A9AC1AC58AE} = {BF490352-B518-4726-BA16-BC447F2D7A37}
		{F00CE5C3-621D-4677-9228-6ED6BDF18EEB} = {BF490352-B518-4726-BA16-BC447F2D7A37}
		{B9CAE020-B273-4BB8-8369-B51DE976893A} = {BF490352-B518-4726-BA16-BC447F2D7A37}
		{5A98782E-7027-46F9-91E1-E1EDE1E14BF4} = {012CB7EA-8141-4E34-83C2-A85B6DC0E603}
		{012CB7EA-8141-4E34-83C2-A85B6DC0E603} = {099CD7F1-5991-4071-BE1E-9CA7EA840AA1}
		{77FC5F8E-C5B8-4C23-9F2B-DEB74DBD214D} = {009D9677-0544-429B-9B50-B314A34CA972}
		{B16284D9-E609-4914-9459-0B65EE749489} = {78D64C99-9407-468F-9581-D5C97CBDF7C7}
		{A1BC7018-1BA7-40DA-8A00-FE662A775577} = {78D64C99-9407-468F-9581-D5C97CBDF7C7}
		{59D22F4F-DEA6-4DA8-9771-E86F0E2CBCFF} = {4CE3179C-81EA-4334-A339-3DFBB4A975C4}
		{4CE3179C-81EA-4334-A339-3DFBB4A975C4} = {009D9677-0544-429B-9B50-B314A34CA972}
		{177C0CC0-A392-4667-895E-BE8D5CFBC20B} = {BF490352-B518-4726-BA16-BC447F2D7A37}
		{AABAE018-C8F6-4865-A0F9-E8E46DA55A2D} = {78D64C99-9407-468F-9581-D5C97CBDF7C7}
		{C7B7E8E6-E9AF-4E93-B8B2-D951FADC1E85} = {77FC5F8E-C5B8-4C23-9F2B-DEB74DBD214D}
		{E7C3B94C-81D8-4096-AEB4-1B52DCE5C79A} = {4CE3179C-81EA-4334-A339-3DFBB4A975C4}
		{140D7EFF-4616-4639-BCFA-2F8FDEC0582D} = {9B3DDECF-C5BF-4523-BA59-C471EDB98BBB}
		{9B3DDECF-C5BF-4523-BA59-C471EDB98BBB} = {009D9677-0544-429B-9B50-B314A34CA972}
		{F9AC2430-D1A0-4AE3-9AD9-77BDF172B6A7} = {BF490352-B518-4726-BA16-BC447F2D7A37}
		{18972F02-DD58-4B32-A48A-ABEE2EB3B7DF} = {4CE3179C-81EA-4334-A339-3DFBB4A975C4}
		{93EDA956-9633-4149-9E4A-E84F35573A99} = {BF490352-B518-4726-BA16-BC447F2D7A37}
		{53399A66-B859-4CB6-BCAC-A9A15B80DFD4} = {777B2C37-B5AE-4030-BB7F-5BBABC4AEA99}
		{6BFEC8A7-ABEB-4736-A164-DA4AC769A1A6} = {4CE3179C-81EA-4334-A339-3DFBB4A975C4}
		{8D815BB6-9E99-47EC-891F-FA752CF12388} = {4CE3179C-81EA-4334-A339-3DFBB4A975C4}
		{7E769838-3158-4696-8423-62CB5BEEAB5F} = {4CE3179C-81EA-4334-A339-3DFBB4A975C4}
		{61D2AC28-EB09-4DAA-B717-CEA7BA358077} = {012CB7EA-8141-4E34-83C2-A85B6DC0E603}
		{C474717F-F37A-4201-AE32-871219C77803} = {012CB7EA-8141-4E34-83C2-A85B6DC0E603}
		{5A78B024-AC4B-444C-95E3-6E3F15D84DBA} = {012CB7EA-8141-4E34-83C2-A85B6DC0E603}
		{5D2A0A84-AC67-4700-8934-A38C01966AD4} = {78D64C99-9407-468F-9581-D5C97CBDF7C7}
		{6561176D-8E7C-4399-A133-CA9C36C143C5} = {78D64C99-9407-468F-9581-D5C97CBDF7C7}
		{F32419BF-F083-4552-AA39-610898F34DBB} = {78D64C99-9407-468F-9581-D5C97CBDF7C7}
		{11EFDD7D-A557-4CC7-AB52-46D850F67A1E} = {78D64C99-9407-468F-9581-D5C97CBDF7C7}
		{A31D4F19-526E-4365-A7AA-35509F756763} = {009D9677-0544-429B-9B50-B314A34CA972}
		{105470B1-8256-4A66-A35E-2D7D5745B853} = {A31D4F19-526E-4365-A7AA-35509F756763}
		{91BD863B-4BFF-4783-9F3C-1D3C138787B7} = {A31D4F19-526E-4365-A7AA-35509F756763}
		{77AF1C15-9862-4774-86D6-08E542B159C4} = {A31D4F19-526E-4365-A7AA-35509F756763}
		{6D41EEBC-F715-4DFE-B6C2-41AD65723324} = {A31D4F19-526E-4365-A7AA-35509F756763}
		{588EA9F4-F816-4950-9E68-777D875E86E8} = {77FC5F8E-C5B8-4C23-9F2B-DEB74DBD214D}
		{C64FA860-E38A-48B0-9D6F-C6391FC9539A} = {77FC5F8E-C5B8-4C23-9F2B-DEB74DBD214D}
		{1ADDBF7A-4064-42FB-846F-7D22E8BB9B5B} = {78D64C99-9407-468F-9581-D5C97CBDF7C7}
		{C4EB6ED3-4B28-4134-955F-731E74DFDA83} = {A31D4F19-526E-4365-A7AA-35509F756763}
		{FECED4ED-43C4-4378-92E7-9B0DF72DD2C5} = {A31D4F19-526E-4365-A7AA-35509F756763}
		{176442D2-6B49-484A-B076-126DCDFE3450} = {4CE3179C-81EA-4334-A339-3DFBB4A975C4}
		{7D509B33-B297-4C5E-BDE8-F47C2BDF6EA4} = {66BE88CA-FAA4-469D-B16D-3FA641E7FB73}
		{A21CB180-6521-4F34-9841-E1E9DF1C0734} = {66BE88CA-FAA4-469D-B16D-3FA641E7FB73}
		{4A0A4634-66FC-47A3-A6B7-C1A53158E9C7} = {BFF7084A-E51E-4B83-A62A-343B8680EFF0}
		{0407C160-B25C-4A40-ACF8-F8CEC04ADD6B} = {F32084D3-945B-408B-8491-85D7055C6D6B}
		{C32FB2B4-500C-43CD-A099-EECCE079D3F1} = {012CB7EA-8141-4E34-83C2-A85B6DC0E603}
		{FC7BEC9B-7C66-4AD3-A2DE-8441046DBE08} = {012CB7EA-8141-4E34-83C2-A85B6DC0E603}
		{E70C61BB-6B5C-4D0C-A203-9E2C04995BEF} = {7398CB58-8521-4F9F-9E77-E697358E7636}
		{C83DBC2A-7D20-492E-AA68-AB054F00D793} = {7398CB58-8521-4F9F-9E77-E697358E7636}
		{E62AAC98-A3AA-4F77-BEB3-3D6E4B3C6EA5} = {07BFD972-1A94-4D92-96E3-2C3AFF4C41FE}
		{1999E3BF-D76E-4347-802D-B9C0B1E014D5} = {07BFD972-1A94-4D92-96E3-2C3AFF4C41FE}
		{A97CFEAC-DBE2-433C-9454-6D1D2749C591} = {07BFD972-1A94-4D92-96E3-2C3AFF4C41FE}
		{193A615A-B241-47A3-A144-A095679ED2B1} = {07BFD972-1A94-4D92-96E3-2C3AFF4C41FE}
		{3341003C-95AB-48CC-9AF0-EFA05A9D905E} = {07BFD972-1A94-4D92-96E3-2C3AFF4C41FE}
		{A16E7EEE-9C81-4966-B58F-DA1268F00CFE} = {07BFD972-1A94-4D92-96E3-2C3AFF4C41FE}
		{55258748-663F-49F6-A6B8-125D6D80A444} = {07BFD972-1A94-4D92-96E3-2C3AFF4C41FE}
		{E89BFD36-B3E0-4361-B4AE-59C68FB7A124} = {07BFD972-1A94-4D92-96E3-2C3AFF4C41FE}
	EndGlobalSection
	GlobalSection(ExtensibilityGlobals) = postSolution
		SolutionGuid = {F8F8B096-6BE4-44D0-B78E-2C39AD9519BA}
	EndGlobalSection
EndGlobal
