<?xml version="1.0" encoding="utf-8"?>
<Project ToolsVersion="4.0" xmlns="http://schemas.microsoft.com/developer/msbuild/2003">
  <ItemGroup>
    <ClCompile Include="renderer.cpp" />
    <ClCompile Include="stdafx.cpp" />
    <ClCompile Include="collada-model.cpp">
      <Filter>graphics</Filter>
    </ClCompile>
    <ClCompile Include="material.cpp">
      <Filter>graphics</Filter>
    </ClCompile>
    <ClCompile Include="color.cpp">
      <Filter>graphics</Filter>
    </ClCompile>
    <ClCompile Include="graphic-object-2d.cpp">
      <Filter>graphics</Filter>
    </ClCompile>
    <ClCompile Include="mesh.cpp">
      <Filter>graphics</Filter>
    </ClCompile>
    <ClCompile Include="camera.cpp">
      <Filter>graphics</Filter>
    </ClCompile>
    <ClCompile Include="light.cpp">
      <Filter>graphics</Filter>
    </ClCompile>
    <ClCompile Include="text.cpp">
      <Filter>graphics</Filter>
    </ClCompile>
    <ClCompile Include="texture-manager.cpp">
      <Filter>graphics</Filter>
    </ClCompile>
    <ClCompile Include="basic-shapes-2d.cpp">
      <Filter>graphics</Filter>
    </ClCompile>
    <ClCompile Include="scene-actor-2d.cpp">
      <Filter>graphics</Filter>
    </ClCompile>
    <ClCompile Include="scene-actor-3d.cpp">
      <Filter>graphics</Filter>
    </ClCompile>
    <ClCompile Include="graphic-object-3d.cpp">
      <Filter>graphics</Filter>
    </ClCompile>
    <ClCompile Include="basic-shapes-3d.cpp">
      <Filter>graphics</Filter>
    </ClCompile>
    <ClCompile Include="ogl-utils.cpp">
      <Filter>graphics</Filter>
    </ClCompile>
    <ClCompile Include="material-live-texture.cpp">
      <Filter>graphics</Filter>
    </ClCompile>
    <ClCompile Include="viewport.cpp">
      <Filter>graphics</Filter>
    </ClCompile>
    <ClCompile Include="input-handler.cpp">
      <Filter>aux</Filter>
    </ClCompile>
    <ClCompile Include="bindings.cpp">
      <Filter>aux</Filter>
    </ClCompile>
    <ClCompile Include="xml-load.cpp">
      <Filter>aux</Filter>
    </ClCompile>
    <ClCompile Include="arranger.cpp">
      <Filter>aux</Filter>
    </ClCompile>
  </ItemGroup>
  <ItemGroup>
    <ClInclude Include="renderer.h" />
    <ClInclude Include="stdafx.h" />
    <ClInclude Include="targetver.h" />
    <ClInclude Include="collada-model.h">
      <Filter>graphics</Filter>
    </ClInclude>
    <ClInclude Include="material.h">
      <Filter>graphics</Filter>
    </ClInclude>
    <ClInclude Include="color.h">
      <Filter>graphics</Filter>
    </ClInclude>
    <ClInclude Include="graphic-object-2d.h">
      <Filter>graphics</Filter>
    </ClInclude>
    <ClInclude Include="mesh.h">
      <Filter>graphics</Filter>
    </ClInclude>
    <ClInclude Include="light.h">
      <Filter>graphics</Filter>
    </ClInclude>
    <ClInclude Include="text.h">
      <Filter>graphics</Filter>
    </ClInclude>
    <ClInclude Include="texture-manager.h">
      <Filter>graphics</Filter>
    </ClInclude>
    <ClInclude Include="basic-shapes-2d.h">
      <Filter>graphics</Filter>
    </ClInclude>
    <ClInclude Include="scene-actor-2d.h">
      <Filter>graphics</Filter>
    </ClInclude>
    <ClInclude Include="scene-actor-3d.h">
      <Filter>graphics</Filter>
    </ClInclude>
    <ClInclude Include="graphic-object-3d.h">
      <Filter>graphics</Filter>
    </ClInclude>
    <ClInclude Include="basic-shapes-3d.h">
      <Filter>graphics</Filter>
    </ClInclude>
    <ClInclude Include="ogl-utils.h">
      <Filter>graphics</Filter>
    </ClInclude>
    <ClInclude Include="viewport.h">
      <Filter>graphics</Filter>
    </ClInclude>
    <ClInclude Include="input-handler.h">
      <Filter>aux</Filter>
    </ClInclude>
    <ClInclude Include="bindings.h">
      <Filter>aux</Filter>
    </ClInclude>
    <ClInclude Include="xml-load.h">
      <Filter>aux</Filter>
    </ClInclude>
    <ClInclude Include="arranger.h">
      <Filter>aux</Filter>
    </ClInclude>
    <ClInclude Include="resource.h" />
    <ClInclude Include="xml-tags.h">
      <Filter>aux</Filter>
    </ClInclude>
    <ClInclude Include="camera.h">
      <Filter>graphics</Filter>
    </ClInclude>
  </ItemGroup>
  <ItemGroup>
    <Filter Include="graphics">
      <UniqueIdentifier>{59f3d4e5-c225-49b2-9c12-9a0ea1d5288e}</UniqueIdentifier>
    </Filter>
    <Filter Include="aux">
      <UniqueIdentifier>{991225ed-fe25-4319-9eb8-bdc91def731f}</UniqueIdentifier>
    </Filter>
  </ItemGroup>
</Project>