<?xml version="1.0" encoding="utf-8"?>
<Project ToolsVersion="4.0" xmlns="http://schemas.microsoft.com/developer/msbuild/2003">
  <ItemGroup>
    <ClCompile Include="renderer.cpp" />
    <ClCompile Include="stdafx.cpp" />
    <ClCompile Include="basic-shapes.cpp">
      <Filter>graphics</Filter>
    </ClCompile>
    <ClCompile Include="graphic-object.cpp">
      <Filter>graphics</Filter>
    </ClCompile>
    <ClCompile Include="collada-model.cpp">
      <Filter>graphics</Filter>
    </ClCompile>
    <ClCompile Include="material.cpp">
      <Filter>graphics</Filter>
    </ClCompile>
    <ClCompile Include="color.cpp">
      <Filter>graphics</Filter>
    </ClCompile>
    <ClCompile Include="graphic-object-2d.cpp">
      <Filter>graphics</Filter>
    </ClCompile>
    <ClCompile Include="input-handler.cpp" />
    <ClCompile Include="mesh.cpp">
      <Filter>graphics</Filter>
    </ClCompile>
    <ClCompile Include="camera.cpp">
      <Filter>graphics</Filter>
    </ClCompile>
    <ClCompile Include="light.cpp">
      <Filter>graphics</Filter>
    </ClCompile>
    <ClCompile Include="text.cpp">
      <Filter>graphics</Filter>
    </ClCompile>
    <ClCompile Include="texture-manager.cpp">
      <Filter>graphics</Filter>
    </ClCompile>
    <ClCompile Include="bindings.cpp" />
    <ClCompile Include="xml-load.cpp" />
    <ClCompile Include="scene-actor.cpp">
      <Filter>graphics</Filter>
    </ClCompile>
  </ItemGroup>
  <ItemGroup>
    <ClInclude Include="renderer.h" />
    <ClInclude Include="stdafx.h" />
    <ClInclude Include="targetver.h" />
    <ClInclude Include="basic-shapes.h">
      <Filter>graphics</Filter>
    </ClInclude>
    <ClInclude Include="graphic-object.h">
      <Filter>graphics</Filter>
    </ClInclude>
    <ClInclude Include="collada-model.h">
      <Filter>graphics</Filter>
    </ClInclude>
    <ClInclude Include="material.h">
      <Filter>graphics</Filter>
    </ClInclude>
    <ClInclude Include="color.h">
      <Filter>graphics</Filter>
    </ClInclude>
    <ClInclude Include="graphic-object-2d.h">
      <Filter>graphics</Filter>
    </ClInclude>
    <ClInclude Include="input-handler.h" />
    <ClInclude Include="bindings.h" />
    <ClInclude Include="mesh.h">
      <Filter>graphics</Filter>
    </ClInclude>
    <ClInclude Include="camera.h">
      <Filter>graphics</Filter>
    </ClInclude>
    <ClInclude Include="light.h">
      <Filter>graphics</Filter>
    </ClInclude>
    <ClInclude Include="text.h">
      <Filter>graphics</Filter>
    </ClInclude>
    <ClInclude Include="texture-manager.h">
      <Filter>graphics</Filter>
    </ClInclude>
    <ClInclude Include="xml-load.h" />
    <ClInclude Include="scene-actor.h">
      <Filter>graphics</Filter>
    </ClInclude>
  </ItemGroup>
  <ItemGroup>
    <Text Include="ReadMe.txt" />
  </ItemGroup>
  <ItemGroup>
    <Filter Include="graphics">
      <UniqueIdentifier>{59f3d4e5-c225-49b2-9c12-9a0ea1d5288e}</UniqueIdentifier>
    </Filter>
  </ItemGroup>
</Project>