<?xml version="1.0" encoding="utf-8"?>
<Project ToolsVersion="4.0" xmlns="http://schemas.microsoft.com/developer/msbuild/2003">
  <ItemGroup>
    <ClCompile Include="app.cpp">
      <Filter>app</Filter>
    </ClCompile>
    <ClCompile Include="parameters.cpp">
      <Filter>parameters</Filter>
    </ClCompile>
    <ClCompile Include="parameters-numeric.cpp">
      <Filter>parameters</Filter>
    </ClCompile>
    <ClCompile Include="config.cpp">
      <Filter>parameters</Filter>
    </ClCompile>
    <ClCompile Include="actor.cpp">
      <Filter>learning</Filter>
    </ClCompile>
    <ClCompile Include="actor-cacla.cpp">
      <Filter>learning</Filter>
    </ClCompile>
    <ClCompile Include="actor-critic.cpp">
      <Filter>learning</Filter>
    </ClCompile>
    <ClCompile Include="actor-critic-inac.cpp">
      <Filter>learning</Filter>
    </ClCompile>
    <ClCompile Include="actor-critic-offpac.cpp">
      <Filter>learning</Filter>
    </ClCompile>
    <ClCompile Include="actor-critic-opdac.cpp">
      <Filter>learning</Filter>
    </ClCompile>
    <ClCompile Include="actor-regular.cpp">
      <Filter>learning</Filter>
    </ClCompile>
    <ClCompile Include="controller.cpp">
      <Filter>learning</Filter>
    </ClCompile>
    <ClCompile Include="critic.cpp">
      <Filter>learning</Filter>
    </ClCompile>
    <ClCompile Include="critic-tdc-lambda.cpp">
      <Filter>learning</Filter>
    </ClCompile>
    <ClCompile Include="critic-td-lambda.cpp">
      <Filter>learning</Filter>
    </ClCompile>
    <ClCompile Include="critic-true-online-td-lambda.cpp">
      <Filter>learning</Filter>
    </ClCompile>
    <ClCompile Include="deep-vfa-policy.cpp">
      <Filter>learning</Filter>
    </ClCompile>
    <ClCompile Include="deferred-load.cpp">
      <Filter>learning</Filter>
    </ClCompile>
    <ClCompile Include="etraces.cpp">
      <Filter>learning</Filter>
    </ClCompile>
    <ClCompile Include="experience-replay.cpp">
      <Filter>learning</Filter>
    </ClCompile>
    <ClCompile Include="experiment.cpp">
      <Filter>learning</Filter>
    </ClCompile>
    <ClCompile Include="noise.cpp">
      <Filter>learning</Filter>
    </ClCompile>
    <ClCompile Include="policy-learner.cpp">
      <Filter>learning</Filter>
    </ClCompile>
    <ClCompile Include="q-learners.cpp">
      <Filter>learning</Filter>
    </ClCompile>
    <ClCompile Include="reward.cpp">
      <Filter>learning</Filter>
    </ClCompile>
    <ClCompile Include="simgod.cpp">
      <Filter>learning</Filter>
    </ClCompile>
    <ClCompile Include="simion.cpp">
      <Filter>learning</Filter>
    </ClCompile>
    <ClCompile Include="vfa-policy.cpp">
      <Filter>learning</Filter>
    </ClCompile>
    <ClCompile Include="mem-block.cpp">
      <Filter>memory</Filter>
    </ClCompile>
    <ClCompile Include="mem-buffer.cpp">
      <Filter>memory</Filter>
    </ClCompile>
    <ClCompile Include="mem-pool.cpp">
      <Filter>memory</Filter>
    </ClCompile>
    <ClCompile Include="worlds\aux-rewards.cpp">
      <Filter>world</Filter>
    </ClCompile>
    <ClCompile Include="worlds\balancingpole.cpp">
      <Filter>world</Filter>
    </ClCompile>
    <ClCompile Include="worlds\FAST.cpp">
      <Filter>world</Filter>
    </ClCompile>
    <ClCompile Include="worlds\mountaincar.cpp">
      <Filter>world</Filter>
    </ClCompile>
    <ClCompile Include="worlds\pitchcontrol.cpp">
      <Filter>world</Filter>
    </ClCompile>
    <ClCompile Include="worlds\pull-box-1.cpp">
      <Filter>world</Filter>
    </ClCompile>
    <ClCompile Include="worlds\pull-box-2.cpp">
      <Filter>world</Filter>
    </ClCompile>
    <ClCompile Include="worlds\push-box-1.cpp">
      <Filter>world</Filter>
    </ClCompile>
    <ClCompile Include="worlds\push-box-2.cpp">
      <Filter>world</Filter>
    </ClCompile>
    <ClCompile Include="worlds\robot-control.cpp">
      <Filter>world</Filter>
    </ClCompile>
    <ClCompile Include="worlds\setpoint.cpp">
      <Filter>world</Filter>
    </ClCompile>
    <ClCompile Include="worlds\swinguppendulum.cpp">
      <Filter>world</Filter>
    </ClCompile>
    <ClCompile Include="worlds\templatedConfigFile.cpp">
      <Filter>world</Filter>
    </ClCompile>
    <ClCompile Include="worlds\underwatervehicle.cpp">
      <Filter>world</Filter>
    </ClCompile>
    <ClCompile Include="worlds\windturbine.cpp">
      <Filter>world</Filter>
    </ClCompile>
    <ClCompile Include="worlds\world.cpp">
      <Filter>world</Filter>
    </ClCompile>
    <ClCompile Include="worlds\BulletBody.cpp">
      <Filter>world\BulletPhysics</Filter>
    </ClCompile>
    <ClCompile Include="worlds\BulletPhysics.cpp">
      <Filter>world\BulletPhysics</Filter>
    </ClCompile>
    <ClCompile Include="worlds\Robot.cpp">
      <Filter>world\BulletPhysics</Filter>
    </ClCompile>
    <ClCompile Include="worlds\Rope.cpp">
      <Filter>world\BulletPhysics</Filter>
    </ClCompile>
    <ClCompile Include="async-deep-simion.cpp">
      <Filter>learning</Filter>
    </ClCompile>
    <ClCompile Include="app-main.cpp">
      <Filter>app</Filter>
    </ClCompile>
    <ClCompile Include="function-sampler.cpp">
      <Filter>logging</Filter>
    </ClCompile>
    <ClCompile Include="logger.cpp">
      <Filter>logging</Filter>
    </ClCompile>
    <ClCompile Include="logger-functions.cpp">
      <Filter>logging</Filter>
    </ClCompile>
    <ClCompile Include="stats.cpp">
      <Filter>logging</Filter>
    </ClCompile>
    <ClCompile Include="worlds\double-pendulum.cpp">
      <Filter>world</Filter>
    </ClCompile>
    <ClCompile Include="single-dimension-grid.cpp">
      <Filter>learning</Filter>
    </ClCompile>
    <ClCompile Include="vfa.cpp">
      <Filter>linear-vfa</Filter>
    </ClCompile>
    <ClCompile Include="featuremap.cpp">
      <Filter>linear-vfa</Filter>
    </ClCompile>
    <ClCompile Include="featuremap-discrete.cpp">
      <Filter>linear-vfa</Filter>
    </ClCompile>
    <ClCompile Include="featuremap-rbfgrid.cpp">
      <Filter>linear-vfa</Filter>
    </ClCompile>
    <ClCompile Include="featuremap-tilecoding.cpp">
      <Filter>linear-vfa</Filter>
    </ClCompile>
    <ClCompile Include="features.cpp">
      <Filter>linear-vfa</Filter>
    </ClCompile>
    <ClCompile Include="worlds\raincar.cpp">
      <Filter>world</Filter>
    </ClCompile>
    <ClCompile Include="DQN.cpp">
      <Filter>neural-networks</Filter>
    </ClCompile>
    <ClCompile Include="DDPG.cpp">
      <Filter>neural-networks</Filter>
    </ClCompile>
    <ClCompile Include="CNTKWrapperClient.cpp">
      <Filter>neural-networks</Filter>
    </ClCompile>
    <ClCompile Include="neural-network.cpp">
      <Filter>neural-networks</Filter>
    </ClCompile>
    <ClCompile Include="utils.cpp">
      <Filter>common</Filter>
    </ClCompile>
    <ClCompile Include="named-var-set.cpp">
      <Filter>common</Filter>
    </ClCompile>
    <ClCompile Include="wire.cpp">
      <Filter>wires</Filter>
    </ClCompile>
  </ItemGroup>
  <ItemGroup>
    <ClInclude Include="resource1.h" />
    <ClInclude Include="app.h">
      <Filter>app</Filter>
    </ClInclude>
    <ClInclude Include="parameters.h">
      <Filter>parameters</Filter>
    </ClInclude>
    <ClInclude Include="parameters-numeric.h">
      <Filter>parameters</Filter>
    </ClInclude>
    <ClInclude Include="config.h">
      <Filter>parameters</Filter>
    </ClInclude>
    <ClInclude Include="actor.h">
      <Filter>learning</Filter>
    </ClInclude>
    <ClInclude Include="actor-critic.h">
      <Filter>learning</Filter>
    </ClInclude>
    <ClInclude Include="controller.h">
      <Filter>learning</Filter>
    </ClInclude>
    <ClInclude Include="critic.h">
      <Filter>learning</Filter>
    </ClInclude>
    <ClInclude Include="deep-vfa-policy.h">
      <Filter>learning</Filter>
    </ClInclude>
    <ClInclude Include="deferred-load.h">
      <Filter>learning</Filter>
    </ClInclude>
    <ClInclude Include="etraces.h">
      <Filter>learning</Filter>
    </ClInclude>
    <ClInclude Include="experience-replay.h">
      <Filter>learning</Filter>
    </ClInclude>
    <ClInclude Include="experiment.h">
      <Filter>learning</Filter>
    </ClInclude>
    <ClInclude Include="noise.h">
      <Filter>learning</Filter>
    </ClInclude>
    <ClInclude Include="policy.h">
      <Filter>learning</Filter>
    </ClInclude>
    <ClInclude Include="policy-learner.h">
      <Filter>learning</Filter>
    </ClInclude>
    <ClInclude Include="q-learners.h">
      <Filter>learning</Filter>
    </ClInclude>
    <ClInclude Include="reward.h">
      <Filter>learning</Filter>
    </ClInclude>
    <ClInclude Include="simgod.h">
      <Filter>learning</Filter>
    </ClInclude>
    <ClInclude Include="simion.h">
      <Filter>learning</Filter>
    </ClInclude>
    <ClInclude Include="vfa-critic.h">
      <Filter>learning</Filter>
    </ClInclude>
    <ClInclude Include="mem-block.h">
      <Filter>memory</Filter>
    </ClInclude>
    <ClInclude Include="mem-buffer.h">
      <Filter>memory</Filter>
    </ClInclude>
    <ClInclude Include="mem-interfaces.h">
      <Filter>memory</Filter>
    </ClInclude>
    <ClInclude Include="mem-manager.h">
      <Filter>memory</Filter>
    </ClInclude>
    <ClInclude Include="mem-pool.h">
      <Filter>memory</Filter>
    </ClInclude>
    <ClInclude Include="worlds\aux-rewards.h">
      <Filter>world</Filter>
    </ClInclude>
    <ClInclude Include="worlds\balancingpole.h">
      <Filter>world</Filter>
    </ClInclude>
    <ClInclude Include="worlds\FAST.h">
      <Filter>world</Filter>
    </ClInclude>
    <ClInclude Include="worlds\mountaincar.h">
      <Filter>world</Filter>
    </ClInclude>
    <ClInclude Include="worlds\pitchcontrol.h">
      <Filter>world</Filter>
    </ClInclude>
    <ClInclude Include="worlds\pull-box-1.h">
      <Filter>world</Filter>
    </ClInclude>
    <ClInclude Include="worlds\pull-box-2.h">
      <Filter>world</Filter>
    </ClInclude>
    <ClInclude Include="worlds\push-box-1.h">
      <Filter>world</Filter>
    </ClInclude>
    <ClInclude Include="worlds\push-box-2.h">
      <Filter>world</Filter>
    </ClInclude>
    <ClInclude Include="worlds\robot-control.h">
      <Filter>world</Filter>
    </ClInclude>
    <ClInclude Include="worlds\setpoint.h">
      <Filter>world</Filter>
    </ClInclude>
    <ClInclude Include="worlds\swinguppendulum.h">
      <Filter>world</Filter>
    </ClInclude>
    <ClInclude Include="worlds\templatedConfigFile.h">
      <Filter>world</Filter>
    </ClInclude>
    <ClInclude Include="worlds\underwatervehicle.h">
      <Filter>world</Filter>
    </ClInclude>
    <ClInclude Include="worlds\windturbine.h">
      <Filter>world</Filter>
    </ClInclude>
    <ClInclude Include="worlds\world.h">
      <Filter>world</Filter>
    </ClInclude>
    <ClInclude Include="worlds\BulletBody.h">
      <Filter>world\BulletPhysics</Filter>
    </ClInclude>
    <ClInclude Include="worlds\bullet-common.h">
      <Filter>world\BulletPhysics</Filter>
    </ClInclude>
    <ClInclude Include="worlds\BulletCreationInterface.h">
      <Filter>world\BulletPhysics</Filter>
    </ClInclude>
    <ClInclude Include="worlds\BulletPhysics.h">
      <Filter>world\BulletPhysics</Filter>
    </ClInclude>
    <ClInclude Include="worlds\Robot.h">
      <Filter>world\BulletPhysics</Filter>
    </ClInclude>
    <ClInclude Include="worlds\Rope.h">
      <Filter>world\BulletPhysics</Filter>
    </ClInclude>
    <ClInclude Include="worlds\Box.h">
      <Filter>world\BulletPhysics</Filter>
    </ClInclude>
    <ClInclude Include="async-deep-simion.h">
      <Filter>learning</Filter>
    </ClInclude>
    <ClInclude Include="function-sampler.h">
      <Filter>logging</Filter>
    </ClInclude>
    <ClInclude Include="logger.h">
      <Filter>logging</Filter>
    </ClInclude>
    <ClInclude Include="stats.h">
      <Filter>logging</Filter>
    </ClInclude>
    <ClInclude Include="worlds\double-pendulum.h">
      <Filter>world</Filter>
    </ClInclude>
    <ClInclude Include="single-dimension-grid.h">
      <Filter>learning</Filter>
    </ClInclude>
    <ClInclude Include="vfa.h">
      <Filter>linear-vfa</Filter>
    </ClInclude>
    <ClInclude Include="featuremap.h">
      <Filter>linear-vfa</Filter>
    </ClInclude>
    <ClInclude Include="features.h">
      <Filter>linear-vfa</Filter>
    </ClInclude>
    <ClInclude Include="worlds\raincar.h">
      <Filter>world</Filter>
    </ClInclude>
    <ClInclude Include="DQN.h">
      <Filter>neural-networks</Filter>
    </ClInclude>
    <ClInclude Include="DDPG.h">
      <Filter>neural-networks</Filter>
    </ClInclude>
    <ClInclude Include="CNTKWrapperClient.h">
      <Filter>neural-networks</Filter>
    </ClInclude>
    <ClInclude Include="neural-network.h">
      <Filter>neural-networks</Filter>
    </ClInclude>
    <ClInclude Include="utils.h">
      <Filter>common</Filter>
    </ClInclude>
    <ClInclude Include="state-action-function.h">
      <Filter>logging</Filter>
    </ClInclude>
    <ClInclude Include="named-var-set.h">
      <Filter>common</Filter>
    </ClInclude>
    <ClInclude Include="wire.h">
      <Filter>wires</Filter>
    </ClInclude>
    <ClInclude Include="wire-handler.h">
      <Filter>wires</Filter>
    </ClInclude>
  </ItemGroup>
  <ItemGroup>
    <Text Include="ReadMe.txt" />
  </ItemGroup>
  <ItemGroup>
    <Filter Include="learning">
      <UniqueIdentifier>{6c756c83-4899-4773-8a80-43e8e4090859}</UniqueIdentifier>
    </Filter>
    <Filter Include="memory">
      <UniqueIdentifier>{aee4e7ad-f9ff-4b67-8786-bb71730c9ad3}</UniqueIdentifier>
    </Filter>
    <Filter Include="parameters">
      <UniqueIdentifier>{0447d1d9-32d3-44af-aa54-9742278bc9b3}</UniqueIdentifier>
    </Filter>
    <Filter Include="world">
      <UniqueIdentifier>{010c293e-4515-424f-bcbf-826101e45db7}</UniqueIdentifier>
    </Filter>
    <Filter Include="app">
      <UniqueIdentifier>{b0da59a6-2ec2-41d1-8cb0-c35bf4b8b163}</UniqueIdentifier>
    </Filter>
    <Filter Include="world\BulletPhysics">
      <UniqueIdentifier>{6f3f12ff-209c-45dd-9c9f-43f8ae29d242}</UniqueIdentifier>
    </Filter>
    <Filter Include="logging">
      <UniqueIdentifier>{076c7ada-b33f-4cb5-bc29-6e0f1d66ee2c}</UniqueIdentifier>
    </Filter>
    <Filter Include="linear-vfa">
      <UniqueIdentifier>{a2ec0f8c-b5e8-495e-88ee-9c03cc168241}</UniqueIdentifier>
    </Filter>
    <Filter Include="neural-networks">
      <UniqueIdentifier>{c1354103-a63d-4262-b610-659536cd812a}</UniqueIdentifier>
    </Filter>
    <Filter Include="common">
      <UniqueIdentifier>{7628fd4c-3e09-4c7b-9df7-5f3f3bcb3d6b}</UniqueIdentifier>
    </Filter>
    <Filter Include="wires">
      <UniqueIdentifier>{c6fac51a-9fe0-407c-af69-2156d6456e0b}</UniqueIdentifier>
    </Filter>
  </ItemGroup>
</Project>