<?xml version="1.0" encoding="utf-8"?>
<Project ToolsVersion="4.0" xmlns="http://schemas.microsoft.com/developer/msbuild/2003">
  <ItemGroup>
    <Filter Include="Source Files">
      <UniqueIdentifier>{4FC737F1-C7A5-4376-A066-2A32D752A2FF}</UniqueIdentifier>
      <Extensions>cpp;c;cc;cxx;def;odl;idl;hpj;bat;asm;asmx</Extensions>
    </Filter>
    <Filter Include="Resource Files">
      <UniqueIdentifier>{67DA6AB6-F800-4c08-8B7A-83BB121AAD01}</UniqueIdentifier>
      <Extensions>rc;ico;cur;bmp;dlg;rc2;rct;bin;rgs;gif;jpg;jpeg;jpe;resx;tiff;tif;png;wav</Extensions>
    </Filter>
    <Filter Include="world">
      <UniqueIdentifier>{9b7239a9-61c7-456b-882b-4bac6eda4432}</UniqueIdentifier>
    </Filter>
    <Filter Include="parameters">
      <UniqueIdentifier>{6a5fa884-f3e3-4de0-a675-65340642e183}</UniqueIdentifier>
    </Filter>
    <Filter Include="world\Move2RobotsUtils">
      <UniqueIdentifier>{f2676abb-8538-43d3-b448-7414a627e60e}</UniqueIdentifier>
    </Filter>
  </ItemGroup>
  <ItemGroup>
    <ClCompile Include="actor-cacla.cpp">
      <Filter>Source Files</Filter>
    </ClCompile>
    <ClCompile Include="actor.cpp">
      <Filter>Source Files</Filter>
    </ClCompile>
    <ClCompile Include="controller.cpp">
      <Filter>Source Files</Filter>
    </ClCompile>
    <ClCompile Include="critic-td-lambda.cpp">
      <Filter>Source Files</Filter>
    </ClCompile>
    <ClCompile Include="critic-true-online-td-lambda.cpp">
      <Filter>Source Files</Filter>
    </ClCompile>
    <ClCompile Include="critic.cpp">
      <Filter>Source Files</Filter>
    </ClCompile>
    <ClCompile Include="experiment.cpp">
      <Filter>Source Files</Filter>
    </ClCompile>
    <ClCompile Include="featuremap-rbfgrid.cpp">
      <Filter>Source Files</Filter>
    </ClCompile>
    <ClCompile Include="features.cpp">
      <Filter>Source Files</Filter>
    </ClCompile>
    <ClCompile Include="noise.cpp">
      <Filter>Source Files</Filter>
    </ClCompile>
    <ClCompile Include="reward.cpp">
      <Filter>Source Files</Filter>
    </ClCompile>
    <ClCompile Include="setpoint.cpp">
      <Filter>Source Files</Filter>
    </ClCompile>
    <ClCompile Include="stdafx.cpp">
      <Filter>Source Files</Filter>
    </ClCompile>
    <ClCompile Include="vfa.cpp">
      <Filter>Source Files</Filter>
    </ClCompile>
    <ClCompile Include="critic-tdc-lambda.cpp">
      <Filter>Source Files</Filter>
    </ClCompile>
    <ClCompile Include="actor-regular.cpp">
      <Filter>Source Files</Filter>
    </ClCompile>
    <ClCompile Include="featuremap.cpp">
      <Filter>Source Files</Filter>
    </ClCompile>
    <ClCompile Include="actor-critic-inac.cpp">
      <Filter>Source Files</Filter>
    </ClCompile>
    <ClCompile Include="etraces.cpp">
      <Filter>Source Files</Filter>
    </ClCompile>
    <ClCompile Include="vfa-policy.cpp">
      <Filter>Source Files</Filter>
    </ClCompile>
    <ClCompile Include="world-magneticlevitation.cpp">
      <Filter>world</Filter>
    </ClCompile>
    <ClCompile Include="world-pitchcontrol.cpp">
      <Filter>world</Filter>
    </ClCompile>
    <ClCompile Include="world-underwatervehicle.cpp">
      <Filter>world</Filter>
    </ClCompile>
    <ClCompile Include="world-windturbine.cpp">
      <Filter>world</Filter>
    </ClCompile>
    <ClCompile Include="stats.cpp">
      <Filter>Source Files</Filter>
    </ClCompile>
    <ClCompile Include="named-var-set.cpp">
      <Filter>Source Files</Filter>
    </ClCompile>
    <ClCompile Include="timer.cpp">
      <Filter>Source Files</Filter>
    </ClCompile>
    <ClCompile Include="single-dimension-grid.cpp">
      <Filter>Source Files</Filter>
    </ClCompile>
    <ClCompile Include="simgod.cpp">
      <Filter>Source Files</Filter>
    </ClCompile>
    <ClCompile Include="simion.cpp">
      <Filter>Source Files</Filter>
    </ClCompile>
    <ClCompile Include="actor-critic.cpp">
      <Filter>Source Files</Filter>
    </ClCompile>
    <ClCompile Include="policy-learner.cpp">
      <Filter>Source Files</Filter>
    </ClCompile>
    <ClCompile Include="utils.cpp">
      <Filter>Source Files</Filter>
    </ClCompile>
    <ClCompile Include="q-learners.cpp">
      <Filter>Source Files</Filter>
    </ClCompile>
    <ClCompile Include="app-rlsimion.cpp">
      <Filter>Source Files</Filter>
    </ClCompile>
    <ClCompile Include="app.cpp">
      <Filter>Source Files</Filter>
    </ClCompile>
    <ClCompile Include="delayed-load.cpp">
      <Filter>Source Files</Filter>
    </ClCompile>
    <ClCompile Include="logger.cpp">
      <Filter>Source Files</Filter>
    </ClCompile>
    <ClCompile Include="world-balancingpole.cpp">
      <Filter>world</Filter>
    </ClCompile>
    <ClCompile Include="world.cpp">
      <Filter>world</Filter>
    </ClCompile>
    <ClCompile Include="experience-replay.cpp">
      <Filter>Source Files</Filter>
    </ClCompile>
    <ClCompile Include="world-mountaincar.cpp">
      <Filter>world</Filter>
    </ClCompile>
    <ClCompile Include="parameters-numeric.cpp">
      <Filter>parameters</Filter>
    </ClCompile>
    <ClCompile Include="config.cpp">
      <Filter>parameters</Filter>
    </ClCompile>
    <ClCompile Include="parameters.cpp">
      <Filter>parameters</Filter>
    </ClCompile>
    <ClCompile Include="world-FAST.cpp">
      <Filter>world</Filter>
    </ClCompile>
    <ClCompile Include="templatedConfigFile.cpp">
      <Filter>world</Filter>
    </ClCompile>
    <ClCompile Include="controller-adaptive.cpp">
      <Filter>Source Files</Filter>
    </ClCompile>
    <ClCompile Include="world-movebox2robots.cpp">
      <Filter>world</Filter>
    </ClCompile>
    <ClCompile Include="Robot.cpp">
      <Filter>world\Move2RobotsUtils</Filter>
    </ClCompile>
    <ClCompile Include="Box.cpp">
      <Filter>world\Move2RobotsUtils</Filter>
    </ClCompile>
    <ClCompile Include="world-box1robot.cpp">
      <Filter>world</Filter>
    </ClCompile>
  </ItemGroup>
  <ItemGroup>
    <ClInclude Include="world-magneticlevitation.h">
      <Filter>world</Filter>
    </ClInclude>
    <ClInclude Include="world-pitchcontrol.h">
      <Filter>world</Filter>
    </ClInclude>
    <ClInclude Include="world-underwatervehicle.h">
      <Filter>world</Filter>
    </ClInclude>
    <ClInclude Include="world-windturbine.h">
      <Filter>world</Filter>
    </ClInclude>
    <ClInclude Include="world-balancingpole.h">
      <Filter>world</Filter>
    </ClInclude>
    <ClInclude Include="world.h">
      <Filter>world</Filter>
    </ClInclude>
    <ClInclude Include="world-mountaincar.h">
      <Filter>world</Filter>
    </ClInclude>
    <ClInclude Include="parameters-numeric.h">
      <Filter>parameters</Filter>
    </ClInclude>
    <ClInclude Include="config.h">
      <Filter>parameters</Filter>
    </ClInclude>
    <ClInclude Include="parameters.h">
      <Filter>parameters</Filter>
    </ClInclude>
    <ClInclude Include="vfa-critic.h">
      <Filter>Source Files</Filter>
    </ClInclude>
    <ClInclude Include="actor.h">
      <Filter>Source Files</Filter>
    </ClInclude>
    <ClInclude Include="actor-critic.h">
      <Filter>Source Files</Filter>
    </ClInclude>
    <ClInclude Include="app.h">
      <Filter>Source Files</Filter>
    </ClInclude>
    <ClInclude Include="app-rlsimion.h">
      <Filter>Source Files</Filter>
    </ClInclude>
    <ClInclude Include="controller.h">
      <Filter>Source Files</Filter>
    </ClInclude>
    <ClInclude Include="critic.h">
      <Filter>Source Files</Filter>
    </ClInclude>
    <ClInclude Include="delayed-load.h">
      <Filter>Source Files</Filter>
    </ClInclude>
    <ClInclude Include="etraces.h">
      <Filter>Source Files</Filter>
    </ClInclude>
    <ClInclude Include="experience-replay.h">
      <Filter>Source Files</Filter>
    </ClInclude>
    <ClInclude Include="experiment.h">
      <Filter>Source Files</Filter>
    </ClInclude>
    <ClInclude Include="featuremap.h">
      <Filter>Source Files</Filter>
    </ClInclude>
    <ClInclude Include="features.h">
      <Filter>Source Files</Filter>
    </ClInclude>
    <ClInclude Include="logger.h">
      <Filter>Source Files</Filter>
    </ClInclude>
    <ClInclude Include="named-var-set.h">
      <Filter>Source Files</Filter>
    </ClInclude>
    <ClInclude Include="noise.h">
      <Filter>Source Files</Filter>
    </ClInclude>
    <ClInclude Include="policy.h">
      <Filter>Source Files</Filter>
    </ClInclude>
    <ClInclude Include="policy-learner.h">
      <Filter>Source Files</Filter>
    </ClInclude>
    <ClInclude Include="q-learners.h">
      <Filter>Source Files</Filter>
    </ClInclude>
    <ClInclude Include="reward.h">
      <Filter>Source Files</Filter>
    </ClInclude>
    <ClInclude Include="setpoint.h">
      <Filter>Source Files</Filter>
    </ClInclude>
    <ClInclude Include="simgod.h">
      <Filter>Source Files</Filter>
    </ClInclude>
    <ClInclude Include="simion.h">
      <Filter>Source Files</Filter>
    </ClInclude>
    <ClInclude Include="single-dimension-grid.h">
      <Filter>Source Files</Filter>
    </ClInclude>
    <ClInclude Include="stats.h">
      <Filter>Source Files</Filter>
    </ClInclude>
    <ClInclude Include="stdafx.h">
      <Filter>Source Files</Filter>
    </ClInclude>
    <ClInclude Include="targetver.h">
      <Filter>Source Files</Filter>
    </ClInclude>
    <ClInclude Include="timer.h">
      <Filter>Source Files</Filter>
    </ClInclude>
    <ClInclude Include="utils.h">
      <Filter>Source Files</Filter>
    </ClInclude>
    <ClInclude Include="vfa.h">
      <Filter>Source Files</Filter>
    </ClInclude>
    <ClInclude Include="world-FAST.h">
      <Filter>world</Filter>
    </ClInclude>
    <ClInclude Include="templatedConfigFile.h">
      <Filter>world</Filter>
    </ClInclude>
    <ClInclude Include="controller-adaptive.h">
      <Filter>Source Files</Filter>
    </ClInclude>
    <ClInclude Include="world-movebox2robots.h">
      <Filter>world</Filter>
    </ClInclude>
    <ClInclude Include="Robot.h">
      <Filter>world\Move2RobotsUtils</Filter>
    </ClInclude>
    <ClInclude Include="Box.h">
      <Filter>world\Move2RobotsUtils</Filter>
    </ClInclude>
    <ClInclude Include="world-box1robot.h">
      <Filter>world</Filter>
    </ClInclude>
  </ItemGroup>
  <ItemGroup>
    <Text Include="ReadMe.txt" />
  </ItemGroup>
  <ItemGroup>
    <None Include="ClassDiagram.cd" />
  </ItemGroup>
</Project>