<?xml version="1.0" encoding="utf-8"?>
<Project ToolsVersion="4.0" xmlns="http://schemas.microsoft.com/developer/msbuild/2003">
  <ItemGroup>
    <ClInclude Include="targetver.h" />
    <ClInclude Include="..\RLSimion\app.h">
      <Filter>app</Filter>
    </ClInclude>
    <ClInclude Include="..\RLSimion\actor.h">
      <Filter>learning</Filter>
    </ClInclude>
    <ClInclude Include="..\RLSimion\actor-critic.h">
      <Filter>learning</Filter>
    </ClInclude>
    <ClInclude Include="..\RLSimion\CNTKWrapperLoader.h">
      <Filter>learning</Filter>
    </ClInclude>
    <ClInclude Include="..\RLSimion\controller.h">
      <Filter>learning</Filter>
    </ClInclude>
    <ClInclude Include="..\RLSimion\controller-adaptive.h">
      <Filter>learning</Filter>
    </ClInclude>
    <ClInclude Include="..\RLSimion\critic.h">
      <Filter>learning</Filter>
    </ClInclude>
    <ClInclude Include="..\RLSimion\deep-vfa-policy.h">
      <Filter>learning</Filter>
    </ClInclude>
    <ClInclude Include="..\RLSimion\deferred-load.h">
      <Filter>learning</Filter>
    </ClInclude>
    <ClInclude Include="..\RLSimion\DQN.h">
      <Filter>learning</Filter>
    </ClInclude>
    <ClInclude Include="..\RLSimion\features.h">
      <Filter>learning</Filter>
    </ClInclude>
    <ClInclude Include="..\RLSimion\logger.h">
      <Filter>learning</Filter>
    </ClInclude>
    <ClInclude Include="..\RLSimion\etraces.h">
      <Filter>learning</Filter>
    </ClInclude>
    <ClInclude Include="..\RLSimion\experience-replay.h">
      <Filter>learning</Filter>
    </ClInclude>
    <ClInclude Include="..\RLSimion\experiment.h">
      <Filter>learning</Filter>
    </ClInclude>
    <ClInclude Include="..\RLSimion\featuremap.h">
      <Filter>learning</Filter>
    </ClInclude>
    <ClInclude Include="..\RLSimion\named-var-set.h">
      <Filter>learning</Filter>
    </ClInclude>
    <ClInclude Include="..\RLSimion\noise.h">
      <Filter>learning</Filter>
    </ClInclude>
    <ClInclude Include="..\RLSimion\policy.h">
      <Filter>learning</Filter>
    </ClInclude>
    <ClInclude Include="..\RLSimion\policy-learner.h">
      <Filter>learning</Filter>
    </ClInclude>
    <ClInclude Include="..\RLSimion\q-learners.h">
      <Filter>learning</Filter>
    </ClInclude>
    <ClInclude Include="..\RLSimion\reward.h">
      <Filter>learning</Filter>
    </ClInclude>
    <ClInclude Include="..\RLSimion\simgod.h">
      <Filter>learning</Filter>
    </ClInclude>
    <ClInclude Include="..\RLSimion\simion.h">
      <Filter>learning</Filter>
    </ClInclude>
    <ClInclude Include="..\RLSimion\stats.h">
      <Filter>learning</Filter>
    </ClInclude>
    <ClInclude Include="..\RLSimion\single-dimension-grid.h">
      <Filter>learning</Filter>
    </ClInclude>
    <ClInclude Include="..\RLSimion\utils.h">
      <Filter>learning</Filter>
    </ClInclude>
    <ClInclude Include="..\RLSimion\vfa.h">
      <Filter>learning</Filter>
    </ClInclude>
    <ClInclude Include="..\RLSimion\vfa-critic.h">
      <Filter>learning</Filter>
    </ClInclude>
    <ClInclude Include="..\RLSimion\mem-block.h">
      <Filter>memory</Filter>
    </ClInclude>
    <ClInclude Include="..\RLSimion\mem-buffer.h">
      <Filter>memory</Filter>
    </ClInclude>
    <ClInclude Include="..\RLSimion\mem-interfaces.h">
      <Filter>memory</Filter>
    </ClInclude>
    <ClInclude Include="..\RLSimion\mem-manager.h">
      <Filter>memory</Filter>
    </ClInclude>
    <ClInclude Include="..\RLSimion\mem-pool.h">
      <Filter>memory</Filter>
    </ClInclude>
    <ClInclude Include="..\RLSimion\parameters.h">
      <Filter>parameters</Filter>
    </ClInclude>
    <ClInclude Include="..\RLSimion\parameters-numeric.h">
      <Filter>parameters</Filter>
    </ClInclude>
    <ClInclude Include="..\RLSimion\config.h">
      <Filter>parameters</Filter>
    </ClInclude>
    <ClInclude Include="..\RLSimion\worlds\aux-rewards.h">
      <Filter>world</Filter>
    </ClInclude>
    <ClInclude Include="..\RLSimion\worlds\balancingpole.h">
      <Filter>world</Filter>
    </ClInclude>
    <ClInclude Include="..\RLSimion\worlds\FAST.h">
      <Filter>world</Filter>
    </ClInclude>
    <ClInclude Include="..\RLSimion\worlds\mountaincar.h">
      <Filter>world</Filter>
    </ClInclude>
    <ClInclude Include="..\RLSimion\worlds\pitchcontrol.h">
      <Filter>world</Filter>
    </ClInclude>
    <ClInclude Include="..\RLSimion\worlds\pull-box-1.h">
      <Filter>world</Filter>
    </ClInclude>
    <ClInclude Include="..\RLSimion\worlds\pull-box-2.h">
      <Filter>world</Filter>
    </ClInclude>
    <ClInclude Include="..\RLSimion\worlds\push-box-1.h">
      <Filter>world</Filter>
    </ClInclude>
    <ClInclude Include="..\RLSimion\worlds\push-box-2.h">
      <Filter>world</Filter>
    </ClInclude>
    <ClInclude Include="..\RLSimion\worlds\robot-control.h">
      <Filter>world</Filter>
    </ClInclude>
    <ClInclude Include="..\RLSimion\worlds\setpoint.h">
      <Filter>world</Filter>
    </ClInclude>
    <ClInclude Include="..\RLSimion\worlds\swinguppendulum.h">
      <Filter>world</Filter>
    </ClInclude>
    <ClInclude Include="..\RLSimion\worlds\templatedConfigFile.h">
      <Filter>world</Filter>
    </ClInclude>
    <ClInclude Include="..\RLSimion\worlds\underwatervehicle.h">
      <Filter>world</Filter>
    </ClInclude>
    <ClInclude Include="..\RLSimion\worlds\windturbine.h">
      <Filter>world</Filter>
    </ClInclude>
    <ClInclude Include="..\RLSimion\worlds\world.h">
      <Filter>world</Filter>
    </ClInclude>
    <ClInclude Include="..\RLSimion\worlds\BulletBody.h">
      <Filter>world\BulletPhysics</Filter>
    </ClInclude>
    <ClInclude Include="..\RLSimion\worlds\bullet-common.h">
      <Filter>world\BulletPhysics</Filter>
    </ClInclude>
    <ClInclude Include="..\RLSimion\worlds\BulletCreationInterface.h">
      <Filter>world\BulletPhysics</Filter>
    </ClInclude>
    <ClInclude Include="..\RLSimion\worlds\BulletPhysics.h">
      <Filter>world\BulletPhysics</Filter>
    </ClInclude>
    <ClInclude Include="..\RLSimion\worlds\Robot.h">
      <Filter>world\BulletPhysics</Filter>
    </ClInclude>
    <ClInclude Include="..\RLSimion\worlds\Rope.h">
      <Filter>world\BulletPhysics</Filter>
    </ClInclude>
    <ClInclude Include="..\RLSimion\worlds\Box.h">
      <Filter>world\BulletPhysics</Filter>
    </ClInclude>
    <ClInclude Include="..\RLSimion\DDPG.h">
      <Filter>learning</Filter>
    </ClInclude>
    <ClInclude Include="..\RLSimion\function-sampler.h">
      <Filter>graphics</Filter>
    </ClInclude>
    <ClInclude Include="..\RLSimion\worlds\double-pendulum.h">
      <Filter>world</Filter>
    </ClInclude>
    <ClInclude Include="..\RLSimion\worlds\raincar.h">
      <Filter>world</Filter>
    </ClInclude>
  </ItemGroup>
  <ItemGroup>
    <Filter Include="app">
      <UniqueIdentifier>{ed78b287-5dcb-43b9-b2fd-0487597d1572}</UniqueIdentifier>
    </Filter>
    <Filter Include="learning">
      <UniqueIdentifier>{39c7172e-9266-4b22-a0cc-469c9f4d1427}</UniqueIdentifier>
    </Filter>
    <Filter Include="memory">
      <UniqueIdentifier>{0a720575-acc7-48ff-8c1f-3cd418be80d4}</UniqueIdentifier>
    </Filter>
    <Filter Include="parameters">
      <UniqueIdentifier>{0d641004-2e61-4908-bb66-0f0fd929f67b}</UniqueIdentifier>
    </Filter>
    <Filter Include="world">
      <UniqueIdentifier>{450fa952-c958-4e20-8b65-31a66400ccde}</UniqueIdentifier>
    </Filter>
    <Filter Include="world\BulletPhysics">
      <UniqueIdentifier>{362b2896-1db5-4f4a-bf93-02a716f6cc6a}</UniqueIdentifier>
    </Filter>
    <Filter Include="graphics">
      <UniqueIdentifier>{0725c52a-30e6-4c43-b68c-c5e5f0c5795c}</UniqueIdentifier>
    </Filter>
  </ItemGroup>
  <ItemGroup>
    <ClCompile Include="..\RLSimion\app.cpp">
      <Filter>app</Filter>
    </ClCompile>
    <ClCompile Include="..\RLSimion\actor.cpp">
      <Filter>learning</Filter>
    </ClCompile>
    <ClCompile Include="..\RLSimion\actor-cacla.cpp">
      <Filter>learning</Filter>
    </ClCompile>
    <ClCompile Include="..\RLSimion\actor-critic.cpp">
      <Filter>learning</Filter>
    </ClCompile>
    <ClCompile Include="..\RLSimion\actor-critic-inac.cpp">
      <Filter>learning</Filter>
    </ClCompile>
    <ClCompile Include="..\RLSimion\actor-critic-offpac.cpp">
      <Filter>learning</Filter>
    </ClCompile>
    <ClCompile Include="..\RLSimion\actor-critic-opdac.cpp">
      <Filter>learning</Filter>
    </ClCompile>
    <ClCompile Include="..\RLSimion\actor-regular.cpp">
      <Filter>learning</Filter>
    </ClCompile>
    <ClCompile Include="..\RLSimion\CNTKWrapperLoader.cpp">
      <Filter>learning</Filter>
    </ClCompile>
    <ClCompile Include="..\RLSimion\controller.cpp">
      <Filter>learning</Filter>
    </ClCompile>
    <ClCompile Include="..\RLSimion\controller-adaptive.cpp">
      <Filter>learning</Filter>
    </ClCompile>
    <ClCompile Include="..\RLSimion\critic.cpp">
      <Filter>learning</Filter>
    </ClCompile>
    <ClCompile Include="..\RLSimion\critic-tdc-lambda.cpp">
      <Filter>learning</Filter>
    </ClCompile>
    <ClCompile Include="..\RLSimion\critic-td-lambda.cpp">
      <Filter>learning</Filter>
    </ClCompile>
    <ClCompile Include="..\RLSimion\critic-true-online-td-lambda.cpp">
      <Filter>learning</Filter>
    </ClCompile>
    <ClCompile Include="..\RLSimion\deep-vfa-policy.cpp">
      <Filter>learning</Filter>
    </ClCompile>
    <ClCompile Include="..\RLSimion\deferred-load.cpp">
      <Filter>learning</Filter>
    </ClCompile>
    <ClCompile Include="..\RLSimion\DQN.cpp">
      <Filter>learning</Filter>
    </ClCompile>
    <ClCompile Include="..\RLSimion\logger.cpp">
      <Filter>learning</Filter>
    </ClCompile>
    <ClCompile Include="..\RLSimion\etraces.cpp">
      <Filter>learning</Filter>
    </ClCompile>
    <ClCompile Include="..\RLSimion\experience-replay.cpp">
      <Filter>learning</Filter>
    </ClCompile>
    <ClCompile Include="..\RLSimion\experiment.cpp">
      <Filter>learning</Filter>
    </ClCompile>
    <ClCompile Include="..\RLSimion\featuremap.cpp">
      <Filter>learning</Filter>
    </ClCompile>
    <ClCompile Include="..\RLSimion\featuremap-discrete.cpp">
      <Filter>learning</Filter>
    </ClCompile>
    <ClCompile Include="..\RLSimion\featuremap-rbfgrid.cpp">
      <Filter>learning</Filter>
    </ClCompile>
    <ClCompile Include="..\RLSimion\featuremap-tilecoding.cpp">
      <Filter>learning</Filter>
    </ClCompile>
    <ClCompile Include="..\RLSimion\features.cpp">
      <Filter>learning</Filter>
    </ClCompile>
    <ClCompile Include="..\RLSimion\named-var-set.cpp">
      <Filter>learning</Filter>
    </ClCompile>
    <ClCompile Include="..\RLSimion\noise.cpp">
      <Filter>learning</Filter>
    </ClCompile>
    <ClCompile Include="..\RLSimion\policy-learner.cpp">
      <Filter>learning</Filter>
    </ClCompile>
    <ClCompile Include="..\RLSimion\q-learners.cpp">
      <Filter>learning</Filter>
    </ClCompile>
    <ClCompile Include="..\RLSimion\reward.cpp">
      <Filter>learning</Filter>
    </ClCompile>
    <ClCompile Include="..\RLSimion\simgod.cpp">
      <Filter>learning</Filter>
    </ClCompile>
    <ClCompile Include="..\RLSimion\simion.cpp">
      <Filter>learning</Filter>
    </ClCompile>
    <ClCompile Include="..\RLSimion\stats.cpp">
      <Filter>learning</Filter>
    </ClCompile>
    <ClCompile Include="..\RLSimion\single-dimension-grid.cpp">
      <Filter>learning</Filter>
    </ClCompile>
    <ClCompile Include="..\RLSimion\utils.cpp">
      <Filter>learning</Filter>
    </ClCompile>
    <ClCompile Include="..\RLSimion\vfa.cpp">
      <Filter>learning</Filter>
    </ClCompile>
    <ClCompile Include="..\RLSimion\vfa-policy.cpp">
      <Filter>learning</Filter>
    </ClCompile>
    <ClCompile Include="..\RLSimion\mem-block.cpp">
      <Filter>memory</Filter>
    </ClCompile>
    <ClCompile Include="..\RLSimion\mem-buffer.cpp">
      <Filter>memory</Filter>
    </ClCompile>
    <ClCompile Include="..\RLSimion\mem-pool.cpp">
      <Filter>memory</Filter>
    </ClCompile>
    <ClCompile Include="..\RLSimion\parameters.cpp">
      <Filter>parameters</Filter>
    </ClCompile>
    <ClCompile Include="..\RLSimion\parameters-numeric.cpp">
      <Filter>parameters</Filter>
    </ClCompile>
    <ClCompile Include="..\RLSimion\config.cpp">
      <Filter>parameters</Filter>
    </ClCompile>
    <ClCompile Include="..\RLSimion\worlds\aux-rewards.cpp">
      <Filter>world</Filter>
    </ClCompile>
    <ClCompile Include="..\RLSimion\worlds\balancingpole.cpp">
      <Filter>world</Filter>
    </ClCompile>
    <ClCompile Include="..\RLSimion\worlds\FAST.cpp">
      <Filter>world</Filter>
    </ClCompile>
    <ClCompile Include="..\RLSimion\worlds\mountaincar.cpp">
      <Filter>world</Filter>
    </ClCompile>
    <ClCompile Include="..\RLSimion\worlds\pitchcontrol.cpp">
      <Filter>world</Filter>
    </ClCompile>
    <ClCompile Include="..\RLSimion\worlds\pull-box-1.cpp">
      <Filter>world</Filter>
    </ClCompile>
    <ClCompile Include="..\RLSimion\worlds\pull-box-2.cpp">
      <Filter>world</Filter>
    </ClCompile>
    <ClCompile Include="..\RLSimion\worlds\push-box-1.cpp">
      <Filter>world</Filter>
    </ClCompile>
    <ClCompile Include="..\RLSimion\worlds\push-box-2.cpp">
      <Filter>world</Filter>
    </ClCompile>
    <ClCompile Include="..\RLSimion\worlds\robot-control.cpp">
      <Filter>world</Filter>
    </ClCompile>
    <ClCompile Include="..\RLSimion\worlds\setpoint.cpp">
      <Filter>world</Filter>
    </ClCompile>
    <ClCompile Include="..\RLSimion\worlds\swinguppendulum.cpp">
      <Filter>world</Filter>
    </ClCompile>
    <ClCompile Include="..\RLSimion\worlds\templatedConfigFile.cpp">
      <Filter>world</Filter>
    </ClCompile>
    <ClCompile Include="..\RLSimion\worlds\underwatervehicle.cpp">
      <Filter>world</Filter>
    </ClCompile>
    <ClCompile Include="..\RLSimion\worlds\windturbine.cpp">
      <Filter>world</Filter>
    </ClCompile>
    <ClCompile Include="..\RLSimion\worlds\world.cpp">
      <Filter>world</Filter>
    </ClCompile>
    <ClCompile Include="..\RLSimion\worlds\BulletBody.cpp">
      <Filter>world\BulletPhysics</Filter>
    </ClCompile>
    <ClCompile Include="..\RLSimion\worlds\BulletPhysics.cpp">
      <Filter>world\BulletPhysics</Filter>
    </ClCompile>
    <ClCompile Include="..\RLSimion\worlds\Robot.cpp">
      <Filter>world\BulletPhysics</Filter>
    </ClCompile>
    <ClCompile Include="..\RLSimion\worlds\Rope.cpp">
      <Filter>world\BulletPhysics</Filter>
    </ClCompile>
    <ClCompile Include="..\RLSimion\DDPG.cpp">
      <Filter>learning</Filter>
    </ClCompile>
    <ClCompile Include="..\RLSimion\function-sampler.cpp">
      <Filter>graphics</Filter>
    </ClCompile>
    <ClCompile Include="..\RLSimion\logger-functions.cpp">
      <Filter>app</Filter>
    </ClCompile>
    <ClCompile Include="..\RLSimion\worlds\double-pendulum.cpp">
      <Filter>world</Filter>
    </ClCompile>
    <ClCompile Include="..\RLSimion\worlds\raincar.cpp">
      <Filter>world</Filter>
    </ClCompile>
  </ItemGroup>
</Project>